// !$*UTF8*$!
{
	archiveVersion = 1;
	classes = {
	};
	objectVersion = 50;
	objects = {

/* Begin PBXBuildFile section */
		0058BFBC24D2B3B30061B72A /* libc++.tbd in Frameworks */ = {isa = PBXBuildFile; fileRef = 0058BFBB24D2B3B30061B72A /* libc++.tbd */; };
		00DFC6CA24C83F95006A53EE /* XEngineContextTests.m in Sources */ = {isa = PBXBuildFile; fileRef = 00DFC6C924C83F95006A53EE /* XEngineContextTests.m */; };
		00DFC6D524C83F95006A53EE /* iOSUITests.m in Sources */ = {isa = PBXBuildFile; fileRef = 00DFC6D424C83F95006A53EE /* iOSUITests.m */; };
		00DFC6F024C84000006A53EE /* Assets.xcassets in Resources */ = {isa = PBXBuildFile; fileRef = 00DFC6E424C84000006A53EE /* Assets.xcassets */; };
		00DFC6F324C84000006A53EE /* LaunchScreen.storyboard in Resources */ = {isa = PBXBuildFile; fileRef = 00DFC6E724C84000006A53EE /* LaunchScreen.storyboard */; };
		00DFC6F524C84000006A53EE /* main.m in Sources */ = {isa = PBXBuildFile; fileRef = 00DFC6EB24C84000006A53EE /* main.m */; };
		00DFC6F624C84000006A53EE /* AppDelegate.m in Sources */ = {isa = PBXBuildFile; fileRef = 00DFC6EC24C84000006A53EE /* AppDelegate.m */; };
		3346DAE4FD478F462C183047 /* libPods-ModuleAppTests.a in Frameworks */ = {isa = PBXBuildFile; fileRef = 52784685DCF411FA837CF77C /* libPods-ModuleAppTests.a */; };
		5805B2E9260F9B8F0029F138 /* JSIDirectModule.m in Sources */ = {isa = PBXBuildFile; fileRef = 5805B2E8260F9B8F0029F138 /* JSIDirectModule.m */; };
		5805B2F0260F9C030029F138 /* xengine__jsi_direct.m in Sources */ = {isa = PBXBuildFile; fileRef = 5805B2EF260F9C030029F138 /* xengine__jsi_direct.m */; };
		5805B30D260FA30F0029F138 /* NSURL+QueryDictionaryTests.m in Sources */ = {isa = PBXBuildFile; fileRef = 5805B30C260FA30F0029F138 /* NSURL+QueryDictionaryTests.m */; };
		5805B31D260FA3DD0029F138 /* NSURL+QueryDictionary.m in Sources */ = {isa = PBXBuildFile; fileRef = 5805B31C260FA3DD0029F138 /* NSURL+QueryDictionary.m */; };
		5805B322260FAADB0029F138 /* NSString+QueryDictionaryTests.m in Sources */ = {isa = PBXBuildFile; fileRef = 5805B321260FAADB0029F138 /* NSString+QueryDictionaryTests.m */; };
		5805B328260FAC6D0029F138 /* NSString+Router+URLQuery.m in Sources */ = {isa = PBXBuildFile; fileRef = 5805B327260FAC6D0029F138 /* NSString+Router+URLQuery.m */; };
		580EB23C260A214900EE0694 /* CoreData.framework in Frameworks */ = {isa = PBXBuildFile; fileRef = 580EB23B260A214900EE0694 /* CoreData.framework */; };
		580EB28B260A247700EE0694 /* JSIContext.m in Sources */ = {isa = PBXBuildFile; fileRef = 580EB289260A247700EE0694 /* JSIContext.m */; };
		580EB2D3260B385200EE0694 /* JSIContextTests.m in Sources */ = {isa = PBXBuildFile; fileRef = 580EB2D2260B385200EE0694 /* JSIContextTests.m */; };
		58D208B32610E6820082ADC3 /* OmpDirectModule.m in Sources */ = {isa = PBXBuildFile; fileRef = 58D208B22610E6820082ADC3 /* OmpDirectModule.m */; };
		58D208C22610E83D0082ADC3 /* DirectManagerModule.m in Sources */ = {isa = PBXBuildFile; fileRef = 58D208C12610E83D0082ADC3 /* DirectManagerModule.m */; };
		58D208D02610F07B0082ADC3 /* H5DirectModule.m in Sources */ = {isa = PBXBuildFile; fileRef = 58D208CE2610F07B0082ADC3 /* H5DirectModule.m */; };
		58DF377E260DC942002C1236 /* XEOneWebViewPool.m in Sources */ = {isa = PBXBuildFile; fileRef = 58DF3777260DC942002C1236 /* XEOneWebViewPool.m */; };
		58DF377F260DC942002C1236 /* RecyleWebViewController.m in Sources */ = {isa = PBXBuildFile; fileRef = 58DF3778260DC942002C1236 /* RecyleWebViewController.m */; };
		58DF3781260DC942002C1236 /* XEOneWebViewPoolModel.m in Sources */ = {isa = PBXBuildFile; fileRef = 58DF377A260DC942002C1236 /* XEOneWebViewPoolModel.m */; };
		58DF3786260DCF36002C1236 /* com.gm.microapp.home.0 in Resources */ = {isa = PBXBuildFile; fileRef = 58DF3785260DCF36002C1236 /* com.gm.microapp.home.0 */; };
		58DF378B260DD339002C1236 /* com.gm.microapp.mine.0 in Resources */ = {isa = PBXBuildFile; fileRef = 58DF378A260DD339002C1236 /* com.gm.microapp.mine.0 */; };
		58DF37BC260DE552002C1236 /* WKWebView+Custome.m in Sources */ = {isa = PBXBuildFile; fileRef = 58DF37AC260DE552002C1236 /* WKWebView+Custome.m */; };
		58DF37BD260DE552002C1236 /* XEngineJSBUtil.m in Sources */ = {isa = PBXBuildFile; fileRef = 58DF37AE260DE552002C1236 /* XEngineJSBUtil.m */; };
		58DF37BE260DE552002C1236 /* CustomURLSchemeHandler.m in Sources */ = {isa = PBXBuildFile; fileRef = 58DF37AF260DE552002C1236 /* CustomURLSchemeHandler.m */; };
		58DF37BF260DE552002C1236 /* XEngineWebView.m in Sources */ = {isa = PBXBuildFile; fileRef = 58DF37B1260DE552002C1236 /* XEngineWebView.m */; };
		58DF37C0260DE552002C1236 /* XEngineInternalApis.m in Sources */ = {isa = PBXBuildFile; fileRef = 58DF37B2260DE552002C1236 /* XEngineInternalApis.m */; };
		58DF37C1260DE552002C1236 /* XEngineCallInfo.m in Sources */ = {isa = PBXBuildFile; fileRef = 58DF37B5260DE552002C1236 /* XEngineCallInfo.m */; };
		58DF37C2260DE552002C1236 /* Unity.m in Sources */ = {isa = PBXBuildFile; fileRef = 58DF37B9260DE552002C1236 /* Unity.m */; };
		58DF37C3260DE552002C1236 /* MicroAppLoader.m in Sources */ = {isa = PBXBuildFile; fileRef = 58DF37BA260DE552002C1236 /* MicroAppLoader.m */; };
		58DF37FD260DF843002C1236 /* JSIOldNavModule.m in Sources */ = {isa = PBXBuildFile; fileRef = 58DF37FB260DF843002C1236 /* JSIOldNavModule.m */; };
		58DF3807260DF95B002C1236 /* xengine__module_nav.m in Sources */ = {isa = PBXBuildFile; fileRef = 58DF3806260DF95B002C1236 /* xengine__module_nav.m */; };
		58DF3831260E3EE9002C1236 /* NavUtil.m in Sources */ = {isa = PBXBuildFile; fileRef = 58DF3830260E3EE9002C1236 /* NavUtil.m */; };
		58DF38D6260E7C91002C1236 /* GlobalState.m in Sources */ = {isa = PBXBuildFile; fileRef = 58DF38D5260E7C91002C1236 /* GlobalState.m */; };
		58DF38DC260F1C0A002C1236 /* HistoryModel.m in Sources */ = {isa = PBXBuildFile; fileRef = 58DF38DB260F1C09002C1236 /* HistoryModel.m */; };
		A4A695C62609DC3300074A24 /* NativeContext.m in Sources */ = {isa = PBXBuildFile; fileRef = A4A695B12609DC3300074A24 /* NativeContext.m */; };
		A4A695C72609DC3300074A24 /* NativeModule.m in Sources */ = {isa = PBXBuildFile; fileRef = A4A695B22609DC3300074A24 /* NativeModule.m */; };
		A4A695C82609DC3300074A24 /* JSIModule.m in Sources */ = {isa = PBXBuildFile; fileRef = A4A695B72609DC3300074A24 /* JSIModule.m */; };
		A4A695CA2609DC3300074A24 /* MicroappDirectModule.m in Sources */ = {isa = PBXBuildFile; fileRef = A4A695BA2609DC3300074A24 /* MicroappDirectModule.m */; };
		A4A695CB2609DC3300074A24 /* JSIOldRouterModule.m in Sources */ = {isa = PBXBuildFile; fileRef = A4A695BD2609DC3300074A24 /* JSIOldRouterModule.m */; };
		A4A696272609EA4D00074A24 /* MainTabbarController.m in Sources */ = {isa = PBXBuildFile; fileRef = A4A696242609EA4D00074A24 /* MainTabbarController.m */; };
		A4A696282609EA4D00074A24 /* MainNavigationController.m in Sources */ = {isa = PBXBuildFile; fileRef = A4A696252609EA4D00074A24 /* MainNavigationController.m */; };
		A4A696312609F47900074A24 /* TwoViewController.m in Sources */ = {isa = PBXBuildFile; fileRef = A4A696302609F47900074A24 /* TwoViewController.m */; };
		A4A696462609F80000074A24 /* OneViewController.m in Sources */ = {isa = PBXBuildFile; fileRef = A4A696452609F80000074A24 /* OneViewController.m */; };
		A4A6964C2609F81500074A24 /* ThreeViewController.m in Sources */ = {isa = PBXBuildFile; fileRef = A4A6964B2609F81500074A24 /* ThreeViewController.m */; };
		A4A696582609F8A700074A24 /* JumpViewController.m in Sources */ = {isa = PBXBuildFile; fileRef = A4A696572609F8A700074A24 /* JumpViewController.m */; };
		A4A696642609F96B00074A24 /* MainViewController.m in Sources */ = {isa = PBXBuildFile; fileRef = A4A696632609F96B00074A24 /* MainViewController.m */; };
		CE81469CEFF10F0824A2412D /* libPods-ModuleAppUITests.a in Frameworks */ = {isa = PBXBuildFile; fileRef = 343AD3EDD295F2D72B04E5D3 /* libPods-ModuleAppUITests.a */; };
		D83116A9FC52394BDE9544AB /* libPods-ModuleApp.a in Frameworks */ = {isa = PBXBuildFile; fileRef = B371A8283691795B1B748D89 /* libPods-ModuleApp.a */; };
/* End PBXBuildFile section */

/* Begin PBXContainerItemProxy section */
		00DFC6C624C83F95006A53EE /* PBXContainerItemProxy */ = {
			isa = PBXContainerItemProxy;
			containerPortal = 00DFC6A224C83F94006A53EE /* Project object */;
			proxyType = 1;
			remoteGlobalIDString = 00DFC6A924C83F94006A53EE;
			remoteInfo = iOS;
		};
		00DFC6D124C83F95006A53EE /* PBXContainerItemProxy */ = {
			isa = PBXContainerItemProxy;
			containerPortal = 00DFC6A224C83F94006A53EE /* Project object */;
			proxyType = 1;
			remoteGlobalIDString = 00DFC6A924C83F94006A53EE;
			remoteInfo = iOS;
		};
/* End PBXContainerItemProxy section */

/* Begin PBXFileReference section */
		0058BFBB24D2B3B30061B72A /* libc++.tbd */ = {isa = PBXFileReference; lastKnownFileType = "sourcecode.text-based-dylib-definition"; name = "libc++.tbd"; path = "usr/lib/libc++.tbd"; sourceTree = SDKROOT; };
		00DFC6AA24C83F94006A53EE /* ModuleApp.app */ = {isa = PBXFileReference; explicitFileType = wrapper.application; includeInIndex = 0; path = ModuleApp.app; sourceTree = BUILT_PRODUCTS_DIR; };
		00DFC6C524C83F95006A53EE /* ModuleAppTests.xctest */ = {isa = PBXFileReference; explicitFileType = wrapper.cfbundle; includeInIndex = 0; path = ModuleAppTests.xctest; sourceTree = BUILT_PRODUCTS_DIR; };
		00DFC6C924C83F95006A53EE /* XEngineContextTests.m */ = {isa = PBXFileReference; lastKnownFileType = sourcecode.c.objc; path = XEngineContextTests.m; sourceTree = "<group>"; };
		00DFC6CB24C83F95006A53EE /* Info.plist */ = {isa = PBXFileReference; lastKnownFileType = text.plist.xml; path = Info.plist; sourceTree = "<group>"; };
		00DFC6D024C83F95006A53EE /* ModuleAppUITests.xctest */ = {isa = PBXFileReference; explicitFileType = wrapper.cfbundle; includeInIndex = 0; path = ModuleAppUITests.xctest; sourceTree = BUILT_PRODUCTS_DIR; };
		00DFC6D424C83F95006A53EE /* iOSUITests.m */ = {isa = PBXFileReference; lastKnownFileType = sourcecode.c.objc; path = iOSUITests.m; sourceTree = "<group>"; };
		00DFC6D624C83F95006A53EE /* Info.plist */ = {isa = PBXFileReference; lastKnownFileType = text.plist.xml; path = Info.plist; sourceTree = "<group>"; };
		00DFC6E324C84000006A53EE /* AppDelegate.h */ = {isa = PBXFileReference; fileEncoding = 4; lastKnownFileType = sourcecode.c.h; path = AppDelegate.h; sourceTree = "<group>"; };
		00DFC6E424C84000006A53EE /* Assets.xcassets */ = {isa = PBXFileReference; lastKnownFileType = folder.assetcatalog; path = Assets.xcassets; sourceTree = "<group>"; };
		00DFC6E824C84000006A53EE /* Base */ = {isa = PBXFileReference; lastKnownFileType = file.storyboard; name = Base; path = Base.lproj/LaunchScreen.storyboard; sourceTree = "<group>"; };
		00DFC6EB24C84000006A53EE /* main.m */ = {isa = PBXFileReference; fileEncoding = 4; lastKnownFileType = sourcecode.c.objc; path = main.m; sourceTree = "<group>"; };
		00DFC6EC24C84000006A53EE /* AppDelegate.m */ = {isa = PBXFileReference; fileEncoding = 4; lastKnownFileType = sourcecode.c.objc; path = AppDelegate.m; sourceTree = "<group>"; };
		00DFC6ED24C84000006A53EE /* Info.plist */ = {isa = PBXFileReference; fileEncoding = 4; lastKnownFileType = text.plist.xml; path = Info.plist; sourceTree = "<group>"; };
		1192C7DE17F5AB93E35B08A2 /* Pods-ModuleApp-ModuleAppUITests.debug.xcconfig */ = {isa = PBXFileReference; includeInIndex = 1; lastKnownFileType = text.xcconfig; name = "Pods-ModuleApp-ModuleAppUITests.debug.xcconfig"; path = "Target Support Files/Pods-ModuleApp-ModuleAppUITests/Pods-ModuleApp-ModuleAppUITests.debug.xcconfig"; sourceTree = "<group>"; };
		217D06FE0D84220C418B75E6 /* Pods-ModuleAppUITests.release.xcconfig */ = {isa = PBXFileReference; includeInIndex = 1; lastKnownFileType = text.xcconfig; name = "Pods-ModuleAppUITests.release.xcconfig"; path = "Target Support Files/Pods-ModuleAppUITests/Pods-ModuleAppUITests.release.xcconfig"; sourceTree = "<group>"; };
		343AD3EDD295F2D72B04E5D3 /* libPods-ModuleAppUITests.a */ = {isa = PBXFileReference; explicitFileType = archive.ar; includeInIndex = 0; path = "libPods-ModuleAppUITests.a"; sourceTree = BUILT_PRODUCTS_DIR; };
		484AA2DB9663D6A0841C0481 /* Pods-ModuleApp-ModuleAppUITests.release.xcconfig */ = {isa = PBXFileReference; includeInIndex = 1; lastKnownFileType = text.xcconfig; name = "Pods-ModuleApp-ModuleAppUITests.release.xcconfig"; path = "Target Support Files/Pods-ModuleApp-ModuleAppUITests/Pods-ModuleApp-ModuleAppUITests.release.xcconfig"; sourceTree = "<group>"; };
		52784685DCF411FA837CF77C /* libPods-ModuleAppTests.a */ = {isa = PBXFileReference; explicitFileType = archive.ar; includeInIndex = 0; path = "libPods-ModuleAppTests.a"; sourceTree = BUILT_PRODUCTS_DIR; };
		5805B2E7260F9B8F0029F138 /* JSIDirectModule.h */ = {isa = PBXFileReference; fileEncoding = 4; lastKnownFileType = sourcecode.c.h; path = JSIDirectModule.h; sourceTree = "<group>"; };
		5805B2E8260F9B8F0029F138 /* JSIDirectModule.m */ = {isa = PBXFileReference; fileEncoding = 4; lastKnownFileType = sourcecode.c.objc; path = JSIDirectModule.m; sourceTree = "<group>"; };
		5805B2EE260F9C030029F138 /* xengine__jsi_direct.h */ = {isa = PBXFileReference; fileEncoding = 4; lastKnownFileType = sourcecode.c.h; path = xengine__jsi_direct.h; sourceTree = "<group>"; };
		5805B2EF260F9C030029F138 /* xengine__jsi_direct.m */ = {isa = PBXFileReference; fileEncoding = 4; lastKnownFileType = sourcecode.c.objc; path = xengine__jsi_direct.m; sourceTree = "<group>"; };
		5805B30C260FA30F0029F138 /* NSURL+QueryDictionaryTests.m */ = {isa = PBXFileReference; fileEncoding = 4; lastKnownFileType = sourcecode.c.objc; path = "NSURL+QueryDictionaryTests.m"; sourceTree = "<group>"; };
		5805B31B260FA3DD0029F138 /* NSURL+QueryDictionary.h */ = {isa = PBXFileReference; fileEncoding = 4; lastKnownFileType = sourcecode.c.h; path = "NSURL+QueryDictionary.h"; sourceTree = "<group>"; };
		5805B31C260FA3DD0029F138 /* NSURL+QueryDictionary.m */ = {isa = PBXFileReference; fileEncoding = 4; lastKnownFileType = sourcecode.c.objc; path = "NSURL+QueryDictionary.m"; sourceTree = "<group>"; };
		5805B321260FAADB0029F138 /* NSString+QueryDictionaryTests.m */ = {isa = PBXFileReference; fileEncoding = 4; lastKnownFileType = sourcecode.c.objc; path = "NSString+QueryDictionaryTests.m"; sourceTree = "<group>"; };
		5805B326260FAC6D0029F138 /* NSString+Router+URLQuery.h */ = {isa = PBXFileReference; lastKnownFileType = sourcecode.c.h; path = "NSString+Router+URLQuery.h"; sourceTree = "<group>"; };
		5805B327260FAC6D0029F138 /* NSString+Router+URLQuery.m */ = {isa = PBXFileReference; lastKnownFileType = sourcecode.c.objc; path = "NSString+Router+URLQuery.m"; sourceTree = "<group>"; };
		580EB23B260A214900EE0694 /* CoreData.framework */ = {isa = PBXFileReference; lastKnownFileType = wrapper.framework; name = CoreData.framework; path = System/Library/Frameworks/CoreData.framework; sourceTree = SDKROOT; };
		580EB289260A247700EE0694 /* JSIContext.m */ = {isa = PBXFileReference; fileEncoding = 4; lastKnownFileType = sourcecode.c.objc; path = JSIContext.m; sourceTree = "<group>"; };
		580EB28A260A247700EE0694 /* JSIContext.h */ = {isa = PBXFileReference; fileEncoding = 4; lastKnownFileType = sourcecode.c.h; path = JSIContext.h; sourceTree = "<group>"; };
		580EB2D2260B385200EE0694 /* JSIContextTests.m */ = {isa = PBXFileReference; lastKnownFileType = sourcecode.c.objc; path = JSIContextTests.m; sourceTree = "<group>"; };
		58D208B12610E6820082ADC3 /* OmpDirectModule.h */ = {isa = PBXFileReference; fileEncoding = 4; lastKnownFileType = sourcecode.c.h; path = OmpDirectModule.h; sourceTree = "<group>"; };
		58D208B22610E6820082ADC3 /* OmpDirectModule.m */ = {isa = PBXFileReference; fileEncoding = 4; lastKnownFileType = sourcecode.c.objc; path = OmpDirectModule.m; sourceTree = "<group>"; };
		58D208BA2610E6B10082ADC3 /* iDirect.h */ = {isa = PBXFileReference; fileEncoding = 4; lastKnownFileType = sourcecode.c.h; path = iDirect.h; sourceTree = "<group>"; };
		58D208BE2610E7F20082ADC3 /* iDirectManager.h */ = {isa = PBXFileReference; fileEncoding = 4; lastKnownFileType = sourcecode.c.h; path = iDirectManager.h; sourceTree = "<group>"; };
		58D208C02610E83D0082ADC3 /* DirectManagerModule.h */ = {isa = PBXFileReference; fileEncoding = 4; lastKnownFileType = sourcecode.c.h; path = DirectManagerModule.h; sourceTree = "<group>"; };
		58D208C12610E83D0082ADC3 /* DirectManagerModule.m */ = {isa = PBXFileReference; fileEncoding = 4; lastKnownFileType = sourcecode.c.objc; path = DirectManagerModule.m; sourceTree = "<group>"; };
		58D208CE2610F07B0082ADC3 /* H5DirectModule.m */ = {isa = PBXFileReference; fileEncoding = 4; lastKnownFileType = sourcecode.c.objc; path = H5DirectModule.m; sourceTree = "<group>"; };
		58D208CF2610F07B0082ADC3 /* H5DirectModule.h */ = {isa = PBXFileReference; fileEncoding = 4; lastKnownFileType = sourcecode.c.h; path = H5DirectModule.h; sourceTree = "<group>"; };
		58DF3776260DC942002C1236 /* XEOneWebViewPoolModel.h */ = {isa = PBXFileReference; fileEncoding = 4; lastKnownFileType = sourcecode.c.h; path = XEOneWebViewPoolModel.h; sourceTree = "<group>"; };
		58DF3777260DC942002C1236 /* XEOneWebViewPool.m */ = {isa = PBXFileReference; fileEncoding = 4; lastKnownFileType = sourcecode.c.objc; path = XEOneWebViewPool.m; sourceTree = "<group>"; };
		58DF3778260DC942002C1236 /* RecyleWebViewController.m */ = {isa = PBXFileReference; fileEncoding = 4; lastKnownFileType = sourcecode.c.objc; path = RecyleWebViewController.m; sourceTree = "<group>"; };
		58DF377A260DC942002C1236 /* XEOneWebViewPoolModel.m */ = {isa = PBXFileReference; fileEncoding = 4; lastKnownFileType = sourcecode.c.objc; path = XEOneWebViewPoolModel.m; sourceTree = "<group>"; };
		58DF377B260DC942002C1236 /* XEOneWebViewPool.h */ = {isa = PBXFileReference; fileEncoding = 4; lastKnownFileType = sourcecode.c.h; path = XEOneWebViewPool.h; sourceTree = "<group>"; };
		58DF377C260DC942002C1236 /* RecyleWebViewController.h */ = {isa = PBXFileReference; fileEncoding = 4; lastKnownFileType = sourcecode.c.h; path = RecyleWebViewController.h; sourceTree = "<group>"; };
		58DF3785260DCF36002C1236 /* com.gm.microapp.home.0 */ = {isa = PBXFileReference; lastKnownFileType = folder; path = com.gm.microapp.home.0; sourceTree = SOURCE_ROOT; };
		58DF378A260DD339002C1236 /* com.gm.microapp.mine.0 */ = {isa = PBXFileReference; lastKnownFileType = folder; path = com.gm.microapp.mine.0; sourceTree = SOURCE_ROOT; };
		58DF37AA260DE552002C1236 /* XEngineBridge.h */ = {isa = PBXFileReference; fileEncoding = 4; lastKnownFileType = sourcecode.c.h; path = XEngineBridge.h; sourceTree = "<group>"; };
		58DF37AB260DE552002C1236 /* XEngineWebView.h */ = {isa = PBXFileReference; fileEncoding = 4; lastKnownFileType = sourcecode.c.h; path = XEngineWebView.h; sourceTree = "<group>"; };
		58DF37AC260DE552002C1236 /* WKWebView+Custome.m */ = {isa = PBXFileReference; fileEncoding = 4; lastKnownFileType = sourcecode.c.objc; path = "WKWebView+Custome.m"; sourceTree = "<group>"; };
		58DF37AD260DE552002C1236 /* XEngineInternalApis.h */ = {isa = PBXFileReference; fileEncoding = 4; lastKnownFileType = sourcecode.c.h; path = XEngineInternalApis.h; sourceTree = "<group>"; };
		58DF37AE260DE552002C1236 /* XEngineJSBUtil.m */ = {isa = PBXFileReference; fileEncoding = 4; lastKnownFileType = sourcecode.c.objc; path = XEngineJSBUtil.m; sourceTree = "<group>"; };
		58DF37AF260DE552002C1236 /* CustomURLSchemeHandler.m */ = {isa = PBXFileReference; fileEncoding = 4; lastKnownFileType = sourcecode.c.objc; path = CustomURLSchemeHandler.m; sourceTree = "<group>"; };
		58DF37B0260DE552002C1236 /* XEngineCallInfo.h */ = {isa = PBXFileReference; fileEncoding = 4; lastKnownFileType = sourcecode.c.h; path = XEngineCallInfo.h; sourceTree = "<group>"; };
		58DF37B1260DE552002C1236 /* XEngineWebView.m */ = {isa = PBXFileReference; fileEncoding = 4; lastKnownFileType = sourcecode.c.objc; path = XEngineWebView.m; sourceTree = "<group>"; };
		58DF37B2260DE552002C1236 /* XEngineInternalApis.m */ = {isa = PBXFileReference; fileEncoding = 4; lastKnownFileType = sourcecode.c.objc; path = XEngineInternalApis.m; sourceTree = "<group>"; };
		58DF37B3260DE552002C1236 /* WKWebView+Custome.h */ = {isa = PBXFileReference; fileEncoding = 4; lastKnownFileType = sourcecode.c.h; path = "WKWebView+Custome.h"; sourceTree = "<group>"; };
		58DF37B4260DE552002C1236 /* XEngineJSBUtil.h */ = {isa = PBXFileReference; fileEncoding = 4; lastKnownFileType = sourcecode.c.h; path = XEngineJSBUtil.h; sourceTree = "<group>"; };
		58DF37B5260DE552002C1236 /* XEngineCallInfo.m */ = {isa = PBXFileReference; fileEncoding = 4; lastKnownFileType = sourcecode.c.objc; path = XEngineCallInfo.m; sourceTree = "<group>"; };
		58DF37B6260DE552002C1236 /* CustomURLSchemeHandler.h */ = {isa = PBXFileReference; fileEncoding = 4; lastKnownFileType = sourcecode.c.h; path = CustomURLSchemeHandler.h; sourceTree = "<group>"; };
		58DF37B8260DE552002C1236 /* MicroAppLoader.h */ = {isa = PBXFileReference; fileEncoding = 4; lastKnownFileType = sourcecode.c.h; path = MicroAppLoader.h; sourceTree = "<group>"; };
		58DF37B9260DE552002C1236 /* Unity.m */ = {isa = PBXFileReference; fileEncoding = 4; lastKnownFileType = sourcecode.c.objc; path = Unity.m; sourceTree = "<group>"; };
		58DF37BA260DE552002C1236 /* MicroAppLoader.m */ = {isa = PBXFileReference; fileEncoding = 4; lastKnownFileType = sourcecode.c.objc; path = MicroAppLoader.m; sourceTree = "<group>"; };
		58DF37BB260DE552002C1236 /* Unity.h */ = {isa = PBXFileReference; fileEncoding = 4; lastKnownFileType = sourcecode.c.h; path = Unity.h; sourceTree = "<group>"; };
		58DF37FB260DF843002C1236 /* JSIOldNavModule.m */ = {isa = PBXFileReference; fileEncoding = 4; lastKnownFileType = sourcecode.c.objc; path = JSIOldNavModule.m; sourceTree = "<group>"; };
		58DF37FC260DF843002C1236 /* JSIOldNavModule.h */ = {isa = PBXFileReference; fileEncoding = 4; lastKnownFileType = sourcecode.c.h; path = JSIOldNavModule.h; sourceTree = "<group>"; };
		58DF3805260DF95B002C1236 /* xengine__module_nav.h */ = {isa = PBXFileReference; fileEncoding = 4; lastKnownFileType = sourcecode.c.h; path = xengine__module_nav.h; sourceTree = "<group>"; };
		58DF3806260DF95B002C1236 /* xengine__module_nav.m */ = {isa = PBXFileReference; fileEncoding = 4; lastKnownFileType = sourcecode.c.objc; path = xengine__module_nav.m; sourceTree = "<group>"; };
		58DF382F260E3EE9002C1236 /* NavUtil.h */ = {isa = PBXFileReference; fileEncoding = 4; lastKnownFileType = sourcecode.c.h; path = NavUtil.h; sourceTree = "<group>"; };
		58DF3830260E3EE9002C1236 /* NavUtil.m */ = {isa = PBXFileReference; fileEncoding = 4; lastKnownFileType = sourcecode.c.objc; path = NavUtil.m; sourceTree = "<group>"; };
		58DF3835260E411E002C1236 /* micros.h */ = {isa = PBXFileReference; lastKnownFileType = sourcecode.c.h; path = micros.h; sourceTree = "<group>"; };
		58DF38AC260E6459002C1236 /* iStorage.h */ = {isa = PBXFileReference; lastKnownFileType = sourcecode.c.h; path = iStorage.h; sourceTree = "<group>"; };
		58DF38D4260E7C91002C1236 /* GlobalState.h */ = {isa = PBXFileReference; lastKnownFileType = sourcecode.c.h; path = GlobalState.h; sourceTree = "<group>"; };
		58DF38D5260E7C91002C1236 /* GlobalState.m */ = {isa = PBXFileReference; lastKnownFileType = sourcecode.c.objc; path = GlobalState.m; sourceTree = "<group>"; };
		58DF38DA260F1C09002C1236 /* HistoryModel.h */ = {isa = PBXFileReference; lastKnownFileType = sourcecode.c.h; path = HistoryModel.h; sourceTree = "<group>"; };
		58DF38DB260F1C09002C1236 /* HistoryModel.m */ = {isa = PBXFileReference; lastKnownFileType = sourcecode.c.objc; path = HistoryModel.m; sourceTree = "<group>"; };
		5BADAF100E4D8E7C05B5C5BB /* Pods-ModuleApp.release.xcconfig */ = {isa = PBXFileReference; includeInIndex = 1; lastKnownFileType = text.xcconfig; name = "Pods-ModuleApp.release.xcconfig"; path = "Target Support Files/Pods-ModuleApp/Pods-ModuleApp.release.xcconfig"; sourceTree = "<group>"; };
		708635941CC6319BBE1E5F27 /* Pods-ModuleAppUITests.debug.xcconfig */ = {isa = PBXFileReference; includeInIndex = 1; lastKnownFileType = text.xcconfig; name = "Pods-ModuleAppUITests.debug.xcconfig"; path = "Target Support Files/Pods-ModuleAppUITests/Pods-ModuleAppUITests.debug.xcconfig"; sourceTree = "<group>"; };
		A4A695B02609DC3300074A24 /* NativeModule.h */ = {isa = PBXFileReference; fileEncoding = 4; lastKnownFileType = sourcecode.c.h; path = NativeModule.h; sourceTree = "<group>"; };
		A4A695B12609DC3300074A24 /* NativeContext.m */ = {isa = PBXFileReference; fileEncoding = 4; lastKnownFileType = sourcecode.c.objc; path = NativeContext.m; sourceTree = "<group>"; };
		A4A695B22609DC3300074A24 /* NativeModule.m */ = {isa = PBXFileReference; fileEncoding = 4; lastKnownFileType = sourcecode.c.objc; path = NativeModule.m; sourceTree = "<group>"; };
		A4A695B32609DC3300074A24 /* NativeContext.h */ = {isa = PBXFileReference; fileEncoding = 4; lastKnownFileType = sourcecode.c.h; path = NativeContext.h; sourceTree = "<group>"; };
		A4A695B62609DC3300074A24 /* JSIModule.h */ = {isa = PBXFileReference; fileEncoding = 4; lastKnownFileType = sourcecode.c.h; path = JSIModule.h; sourceTree = "<group>"; };
		A4A695B72609DC3300074A24 /* JSIModule.m */ = {isa = PBXFileReference; fileEncoding = 4; lastKnownFileType = sourcecode.c.objc; path = JSIModule.m; sourceTree = "<group>"; };
		A4A695BA2609DC3300074A24 /* MicroappDirectModule.m */ = {isa = PBXFileReference; fileEncoding = 4; lastKnownFileType = sourcecode.c.objc; path = MicroappDirectModule.m; sourceTree = "<group>"; };
		A4A695BB2609DC3300074A24 /* MicroappDirectModule.h */ = {isa = PBXFileReference; fileEncoding = 4; lastKnownFileType = sourcecode.c.h; path = MicroappDirectModule.h; sourceTree = "<group>"; };
		A4A695BD2609DC3300074A24 /* JSIOldRouterModule.m */ = {isa = PBXFileReference; fileEncoding = 4; lastKnownFileType = sourcecode.c.objc; path = JSIOldRouterModule.m; sourceTree = "<group>"; };
		A4A695BE2609DC3300074A24 /* JSIOldRouterModule.h */ = {isa = PBXFileReference; fileEncoding = 4; lastKnownFileType = sourcecode.c.h; path = JSIOldRouterModule.h; sourceTree = "<group>"; };
		A4A696232609EA4D00074A24 /* MainNavigationController.h */ = {isa = PBXFileReference; fileEncoding = 4; lastKnownFileType = sourcecode.c.h; path = MainNavigationController.h; sourceTree = "<group>"; };
		A4A696242609EA4D00074A24 /* MainTabbarController.m */ = {isa = PBXFileReference; fileEncoding = 4; lastKnownFileType = sourcecode.c.objc; path = MainTabbarController.m; sourceTree = "<group>"; };
		A4A696252609EA4D00074A24 /* MainNavigationController.m */ = {isa = PBXFileReference; fileEncoding = 4; lastKnownFileType = sourcecode.c.objc; path = MainNavigationController.m; sourceTree = "<group>"; };
		A4A696262609EA4D00074A24 /* MainTabbarController.h */ = {isa = PBXFileReference; fileEncoding = 4; lastKnownFileType = sourcecode.c.h; path = MainTabbarController.h; sourceTree = "<group>"; };
		A4A6962F2609F47900074A24 /* TwoViewController.h */ = {isa = PBXFileReference; lastKnownFileType = sourcecode.c.h; path = TwoViewController.h; sourceTree = "<group>"; };
		A4A696302609F47900074A24 /* TwoViewController.m */ = {isa = PBXFileReference; lastKnownFileType = sourcecode.c.objc; path = TwoViewController.m; sourceTree = "<group>"; };
		A4A696442609F80000074A24 /* OneViewController.h */ = {isa = PBXFileReference; lastKnownFileType = sourcecode.c.h; path = OneViewController.h; sourceTree = "<group>"; };
		A4A696452609F80000074A24 /* OneViewController.m */ = {isa = PBXFileReference; lastKnownFileType = sourcecode.c.objc; path = OneViewController.m; sourceTree = "<group>"; };
		A4A6964A2609F81500074A24 /* ThreeViewController.h */ = {isa = PBXFileReference; lastKnownFileType = sourcecode.c.h; path = ThreeViewController.h; sourceTree = "<group>"; };
		A4A6964B2609F81500074A24 /* ThreeViewController.m */ = {isa = PBXFileReference; lastKnownFileType = sourcecode.c.objc; path = ThreeViewController.m; sourceTree = "<group>"; };
		A4A696562609F8A700074A24 /* JumpViewController.h */ = {isa = PBXFileReference; lastKnownFileType = sourcecode.c.h; path = JumpViewController.h; sourceTree = "<group>"; };
		A4A696572609F8A700074A24 /* JumpViewController.m */ = {isa = PBXFileReference; lastKnownFileType = sourcecode.c.objc; path = JumpViewController.m; sourceTree = "<group>"; };
		A4A696622609F96B00074A24 /* MainViewController.h */ = {isa = PBXFileReference; lastKnownFileType = sourcecode.c.h; path = MainViewController.h; sourceTree = "<group>"; };
		A4A696632609F96B00074A24 /* MainViewController.m */ = {isa = PBXFileReference; lastKnownFileType = sourcecode.c.objc; path = MainViewController.m; sourceTree = "<group>"; };
		B371A8283691795B1B748D89 /* libPods-ModuleApp.a */ = {isa = PBXFileReference; explicitFileType = archive.ar; includeInIndex = 0; path = "libPods-ModuleApp.a"; sourceTree = BUILT_PRODUCTS_DIR; };
		C41BD34806B6619ACBB99D5D /* Pods-ModuleApp.debug.xcconfig */ = {isa = PBXFileReference; includeInIndex = 1; lastKnownFileType = text.xcconfig; name = "Pods-ModuleApp.debug.xcconfig"; path = "Target Support Files/Pods-ModuleApp/Pods-ModuleApp.debug.xcconfig"; sourceTree = "<group>"; };
		EFE07C6D6391AAE68F4E89D3 /* Pods-ModuleAppTests.release.xcconfig */ = {isa = PBXFileReference; includeInIndex = 1; lastKnownFileType = text.xcconfig; name = "Pods-ModuleAppTests.release.xcconfig"; path = "Target Support Files/Pods-ModuleAppTests/Pods-ModuleAppTests.release.xcconfig"; sourceTree = "<group>"; };
		F360D25484DA0850C3E547A4 /* Pods-ModuleApp-ModuleAppTests.debug.xcconfig */ = {isa = PBXFileReference; includeInIndex = 1; lastKnownFileType = text.xcconfig; name = "Pods-ModuleApp-ModuleAppTests.debug.xcconfig"; path = "Target Support Files/Pods-ModuleApp-ModuleAppTests/Pods-ModuleApp-ModuleAppTests.debug.xcconfig"; sourceTree = "<group>"; };
		F9A3BC2B46BBF2CB2EAD73CC /* Pods-ModuleAppTests.debug.xcconfig */ = {isa = PBXFileReference; includeInIndex = 1; lastKnownFileType = text.xcconfig; name = "Pods-ModuleAppTests.debug.xcconfig"; path = "Target Support Files/Pods-ModuleAppTests/Pods-ModuleAppTests.debug.xcconfig"; sourceTree = "<group>"; };
		F9A92F9CAD6738949D991976 /* Pods-ModuleApp-ModuleAppTests.release.xcconfig */ = {isa = PBXFileReference; includeInIndex = 1; lastKnownFileType = text.xcconfig; name = "Pods-ModuleApp-ModuleAppTests.release.xcconfig"; path = "Target Support Files/Pods-ModuleApp-ModuleAppTests/Pods-ModuleApp-ModuleAppTests.release.xcconfig"; sourceTree = "<group>"; };
/* End PBXFileReference section */

/* Begin PBXFrameworksBuildPhase section */
		00DFC6A724C83F94006A53EE /* Frameworks */ = {
			isa = PBXFrameworksBuildPhase;
			buildActionMask = 2147483647;
			files = (
				580EB23C260A214900EE0694 /* CoreData.framework in Frameworks */,
				0058BFBC24D2B3B30061B72A /* libc++.tbd in Frameworks */,
				D83116A9FC52394BDE9544AB /* libPods-ModuleApp.a in Frameworks */,
			);
			runOnlyForDeploymentPostprocessing = 0;
		};
		00DFC6C224C83F95006A53EE /* Frameworks */ = {
			isa = PBXFrameworksBuildPhase;
			buildActionMask = 2147483647;
			files = (
				3346DAE4FD478F462C183047 /* libPods-ModuleAppTests.a in Frameworks */,
			);
			runOnlyForDeploymentPostprocessing = 0;
		};
		00DFC6CD24C83F95006A53EE /* Frameworks */ = {
			isa = PBXFrameworksBuildPhase;
			buildActionMask = 2147483647;
			files = (
				CE81469CEFF10F0824A2412D /* libPods-ModuleAppUITests.a in Frameworks */,
			);
			runOnlyForDeploymentPostprocessing = 0;
		};
/* End PBXFrameworksBuildPhase section */

/* Begin PBXGroup section */
		00DFC6A124C83F94006A53EE = {
			isa = PBXGroup;
			children = (
				00DFC6E224C84000006A53EE /* ModuleApp */,
				00DFC6C824C83F95006A53EE /* iOSTests */,
				00DFC6D324C83F95006A53EE /* iOSUITests */,
				00DFC6AB24C83F94006A53EE /* Products */,
				5566DC63F412C2C1E9076389 /* Pods */,
				B1C6B1D81743291D8E148429 /* Frameworks */,
			);
			sourceTree = "<group>";
		};
		00DFC6AB24C83F94006A53EE /* Products */ = {
			isa = PBXGroup;
			children = (
				00DFC6AA24C83F94006A53EE /* ModuleApp.app */,
				00DFC6C524C83F95006A53EE /* ModuleAppTests.xctest */,
				00DFC6D024C83F95006A53EE /* ModuleAppUITests.xctest */,
			);
			name = Products;
			sourceTree = "<group>";
		};
		00DFC6C824C83F95006A53EE /* iOSTests */ = {
			isa = PBXGroup;
			children = (
				580EB2D2260B385200EE0694 /* JSIContextTests.m */,
				5805B321260FAADB0029F138 /* NSString+QueryDictionaryTests.m */,
				5805B30C260FA30F0029F138 /* NSURL+QueryDictionaryTests.m */,
				00DFC6C924C83F95006A53EE /* XEngineContextTests.m */,
				00DFC6CB24C83F95006A53EE /* Info.plist */,
			);
			path = iOSTests;
			sourceTree = "<group>";
		};
		00DFC6D324C83F95006A53EE /* iOSUITests */ = {
			isa = PBXGroup;
			children = (
				00DFC6D424C83F95006A53EE /* iOSUITests.m */,
				00DFC6D624C83F95006A53EE /* Info.plist */,
			);
			path = iOSUITests;
			sourceTree = "<group>";
		};
		00DFC6E224C84000006A53EE /* ModuleApp */ = {
			isa = PBXGroup;
			children = (
				DD0A7B4625381FEC00107280 /* Class */,
				00DFC6E324C84000006A53EE /* AppDelegate.h */,
				00DFC6EC24C84000006A53EE /* AppDelegate.m */,
				00DFC6E424C84000006A53EE /* Assets.xcassets */,
				00DFC6ED24C84000006A53EE /* Info.plist */,
				00DFC6E724C84000006A53EE /* LaunchScreen.storyboard */,
				00DFC6EB24C84000006A53EE /* main.m */,
			);
			path = ModuleApp;
			sourceTree = "<group>";
		};
		5566DC63F412C2C1E9076389 /* Pods */ = {
			isa = PBXGroup;
			children = (
				C41BD34806B6619ACBB99D5D /* Pods-ModuleApp.debug.xcconfig */,
				5BADAF100E4D8E7C05B5C5BB /* Pods-ModuleApp.release.xcconfig */,
				1192C7DE17F5AB93E35B08A2 /* Pods-ModuleApp-ModuleAppUITests.debug.xcconfig */,
				484AA2DB9663D6A0841C0481 /* Pods-ModuleApp-ModuleAppUITests.release.xcconfig */,
				F9A3BC2B46BBF2CB2EAD73CC /* Pods-ModuleAppTests.debug.xcconfig */,
				EFE07C6D6391AAE68F4E89D3 /* Pods-ModuleAppTests.release.xcconfig */,
				F360D25484DA0850C3E547A4 /* Pods-ModuleApp-ModuleAppTests.debug.xcconfig */,
				F9A92F9CAD6738949D991976 /* Pods-ModuleApp-ModuleAppTests.release.xcconfig */,
				708635941CC6319BBE1E5F27 /* Pods-ModuleAppUITests.debug.xcconfig */,
				217D06FE0D84220C418B75E6 /* Pods-ModuleAppUITests.release.xcconfig */,
			);
			path = Pods;
			sourceTree = "<group>";
		};
		5805B2E2260F969A0029F138 /* legacy */ = {
			isa = PBXGroup;
			children = (
				58DF37FA260DF843002C1236 /* nav */,
				A4A695BC2609DC3300074A24 /* router */,
			);
			path = legacy;
			sourceTree = "<group>";
		};
		5805B2E6260F9B590029F138 /* direct */ = {
			isa = PBXGroup;
			children = (
				5805B2ED260F9C030029F138 /* gen */,
				5805B2E7260F9B8F0029F138 /* JSIDirectModule.h */,
				5805B2E8260F9B8F0029F138 /* JSIDirectModule.m */,
			);
			path = direct;
			sourceTree = "<group>";
		};
		5805B2ED260F9C030029F138 /* gen */ = {
			isa = PBXGroup;
			children = (
				5805B2EE260F9C030029F138 /* xengine__jsi_direct.h */,
				5805B2EF260F9C030029F138 /* xengine__jsi_direct.m */,
			);
			path = gen;
			sourceTree = "<group>";
		};
		5805B31A260FA3DD0029F138 /* NSURL+QueryDictionary */ = {
			isa = PBXGroup;
			children = (
				5805B31B260FA3DD0029F138 /* NSURL+QueryDictionary.h */,
				5805B31C260FA3DD0029F138 /* NSURL+QueryDictionary.m */,
				5805B326260FAC6D0029F138 /* NSString+Router+URLQuery.h */,
				5805B327260FAC6D0029F138 /* NSString+Router+URLQuery.m */,
			);
			path = "NSURL+QueryDictionary";
			sourceTree = "<group>";
		};
		58D208B02610E6620082ADC3 /* direct */ = {
			isa = PBXGroup;
			children = (
				58DF37DB260DF62C002C1236 /* microapp */,
				58D208CD2610F06D0082ADC3 /* h5 */,
				58D208C92610EA2B0082ADC3 /* omp */,
				58D208BF2610E83D0082ADC3 /* direct.manager */,
			);
			path = direct;
			sourceTree = "<group>";
		};
		58D208BF2610E83D0082ADC3 /* direct.manager */ = {
			isa = PBXGroup;
			children = (
				58D208C02610E83D0082ADC3 /* DirectManagerModule.h */,
				58D208C12610E83D0082ADC3 /* DirectManagerModule.m */,
			);
			path = direct.manager;
			sourceTree = "<group>";
		};
		58D208C92610EA2B0082ADC3 /* omp */ = {
			isa = PBXGroup;
			children = (
				58D208B12610E6820082ADC3 /* OmpDirectModule.h */,
				58D208B22610E6820082ADC3 /* OmpDirectModule.m */,
			);
			path = omp;
			sourceTree = "<group>";
		};
		58D208CD2610F06D0082ADC3 /* h5 */ = {
			isa = PBXGroup;
			children = (
				58D208CF2610F07B0082ADC3 /* H5DirectModule.h */,
				58D208CE2610F07B0082ADC3 /* H5DirectModule.m */,
			);
			path = h5;
			sourceTree = "<group>";
		};
		58DF3775260DC942002C1236 /* webview */ = {
			isa = PBXGroup;
			children = (
				58DF3776260DC942002C1236 /* XEOneWebViewPoolModel.h */,
				58DF377A260DC942002C1236 /* XEOneWebViewPoolModel.m */,
				58DF377B260DC942002C1236 /* XEOneWebViewPool.h */,
				58DF3777260DC942002C1236 /* XEOneWebViewPool.m */,
				58DF377C260DC942002C1236 /* RecyleWebViewController.h */,
				58DF3778260DC942002C1236 /* RecyleWebViewController.m */,
			);
			path = webview;
			sourceTree = "<group>";
		};
		58DF37A9260DE552002C1236 /* bridge */ = {
			isa = PBXGroup;
			children = (
				58DF37AA260DE552002C1236 /* XEngineBridge.h */,
				58DF37AB260DE552002C1236 /* XEngineWebView.h */,
				58DF37AC260DE552002C1236 /* WKWebView+Custome.m */,
				58DF37AD260DE552002C1236 /* XEngineInternalApis.h */,
				58DF37AE260DE552002C1236 /* XEngineJSBUtil.m */,
				58DF37AF260DE552002C1236 /* CustomURLSchemeHandler.m */,
				58DF37B0260DE552002C1236 /* XEngineCallInfo.h */,
				58DF37B1260DE552002C1236 /* XEngineWebView.m */,
				58DF37B2260DE552002C1236 /* XEngineInternalApis.m */,
				58DF37B3260DE552002C1236 /* WKWebView+Custome.h */,
				58DF37B4260DE552002C1236 /* XEngineJSBUtil.h */,
				58DF37B5260DE552002C1236 /* XEngineCallInfo.m */,
				58DF37B6260DE552002C1236 /* CustomURLSchemeHandler.h */,
			);
			path = bridge;
			sourceTree = "<group>";
		};
		58DF37B7260DE552002C1236 /* appManage */ = {
			isa = PBXGroup;
			children = (
				58DF37B8260DE552002C1236 /* MicroAppLoader.h */,
				58DF37BA260DE552002C1236 /* MicroAppLoader.m */,
			);
			path = appManage;
			sourceTree = "<group>";
		};
		58DF37CD260DE9F3002C1236 /* jsi */ = {
			isa = PBXGroup;
			children = (
				A4A695B62609DC3300074A24 /* JSIModule.h */,
				A4A695B72609DC3300074A24 /* JSIModule.m */,
				580EB28A260A247700EE0694 /* JSIContext.h */,
				580EB289260A247700EE0694 /* JSIContext.m */,
			);
			path = jsi;
			sourceTree = "<group>";
		};
		58DF37D1260DEA1F002C1236 /* jsi */ = {
			isa = PBXGroup;
			children = (
				5805B2E6260F9B590029F138 /* direct */,
				5805B2E2260F969A0029F138 /* legacy */,
			);
			path = jsi;
			sourceTree = "<group>";
		};
		58DF37DB260DF62C002C1236 /* microapp */ = {
			isa = PBXGroup;
			children = (
				58DF37B7260DE552002C1236 /* appManage */,
				58DF37A9260DE552002C1236 /* bridge */,
				58DF3775260DC942002C1236 /* webview */,
				A4A695BA2609DC3300074A24 /* MicroappDirectModule.m */,
				A4A695BB2609DC3300074A24 /* MicroappDirectModule.h */,
			);
			path = microapp;
			sourceTree = "<group>";
		};
		58DF37FA260DF843002C1236 /* nav */ = {
			isa = PBXGroup;
			children = (
				58DF3804260DF95B002C1236 /* gen */,
				58DF37FB260DF843002C1236 /* JSIOldNavModule.m */,
				58DF37FC260DF843002C1236 /* JSIOldNavModule.h */,
			);
			path = nav;
			sourceTree = "<group>";
		};
		58DF3804260DF95B002C1236 /* gen */ = {
			isa = PBXGroup;
			children = (
				58DF3805260DF95B002C1236 /* xengine__module_nav.h */,
				58DF3806260DF95B002C1236 /* xengine__module_nav.m */,
			);
			path = gen;
			sourceTree = "<group>";
		};
		58DF382D260E3EC2002C1236 /* ui */ = {
			isa = PBXGroup;
			children = (
				58DF382E260E3EDA002C1236 /* nav */,
			);
			path = ui;
			sourceTree = "<group>";
		};
		58DF382E260E3EDA002C1236 /* nav */ = {
			isa = PBXGroup;
			children = (
				58DF382F260E3EE9002C1236 /* NavUtil.h */,
				58DF3830260E3EE9002C1236 /* NavUtil.m */,
			);
			path = nav;
			sourceTree = "<group>";
		};
		A4A695AB2609DC3300074A24 /* iOS_Modules */ = {
			isa = PBXGroup;
			children = (
				58DF37D1260DEA1F002C1236 /* jsi */,
				A4A695B42609DC3300074A24 /* native */,
				A4A695AF2609DC3300074A24 /* core */,
				A4A695BF2609DC3300074A24 /* protocols */,
			);
			path = iOS_Modules;
			sourceTree = "<group>";
		};
		A4A695AF2609DC3300074A24 /* core */ = {
			isa = PBXGroup;
			children = (
				58DF38DA260F1C09002C1236 /* HistoryModel.h */,
				58DF38DB260F1C09002C1236 /* HistoryModel.m */,
				5805B31A260FA3DD0029F138 /* NSURL+QueryDictionary */,
				58DF37B9260DE552002C1236 /* Unity.m */,
				58DF37BB260DE552002C1236 /* Unity.h */,
				A4A695B32609DC3300074A24 /* NativeContext.h */,
				A4A695B12609DC3300074A24 /* NativeContext.m */,
				A4A695B02609DC3300074A24 /* NativeModule.h */,
				A4A695B22609DC3300074A24 /* NativeModule.m */,
				58DF3835260E411E002C1236 /* micros.h */,
				58DF38D4260E7C91002C1236 /* GlobalState.h */,
				58DF38D5260E7C91002C1236 /* GlobalState.m */,
			);
			path = core;
			sourceTree = "<group>";
		};
		A4A695B42609DC3300074A24 /* native */ = {
			isa = PBXGroup;
			children = (
				58D208B02610E6620082ADC3 /* direct */,
				58DF382D260E3EC2002C1236 /* ui */,
				58DF37CD260DE9F3002C1236 /* jsi */,
			);
			path = native;
			sourceTree = "<group>";
		};
		A4A695BC2609DC3300074A24 /* router */ = {
			isa = PBXGroup;
			children = (
				A4A695BD2609DC3300074A24 /* JSIOldRouterModule.m */,
				A4A695BE2609DC3300074A24 /* JSIOldRouterModule.h */,
			);
			path = router;
			sourceTree = "<group>";
		};
		A4A695BF2609DC3300074A24 /* protocols */ = {
			isa = PBXGroup;
			children = (
				58DF38AC260E6459002C1236 /* iStorage.h */,
				58D208BA2610E6B10082ADC3 /* iDirect.h */,
				58D208BE2610E7F20082ADC3 /* iDirectManager.h */,
			);
			path = protocols;
			sourceTree = "<group>";
		};
		A4A695D02609DC4400074A24 /* iOS_Demo */ = {
			isa = PBXGroup;
			children = (
				A4A696442609F80000074A24 /* OneViewController.h */,
				A4A696452609F80000074A24 /* OneViewController.m */,
				A4A6962F2609F47900074A24 /* TwoViewController.h */,
				A4A696302609F47900074A24 /* TwoViewController.m */,
				A4A6964A2609F81500074A24 /* ThreeViewController.h */,
				A4A6964B2609F81500074A24 /* ThreeViewController.m */,
				A4A696562609F8A700074A24 /* JumpViewController.h */,
				A4A696572609F8A700074A24 /* JumpViewController.m */,
				A4A696222609EA4D00074A24 /* Main */,
			);
			path = iOS_Demo;
			sourceTree = "<group>";
		};
		A4A696222609EA4D00074A24 /* Main */ = {
			isa = PBXGroup;
			children = (
				A4A696262609EA4D00074A24 /* MainTabbarController.h */,
				A4A696242609EA4D00074A24 /* MainTabbarController.m */,
				A4A696232609EA4D00074A24 /* MainNavigationController.h */,
				A4A696252609EA4D00074A24 /* MainNavigationController.m */,
				A4A696622609F96B00074A24 /* MainViewController.h */,
				A4A696632609F96B00074A24 /* MainViewController.m */,
			);
			path = Main;
			sourceTree = "<group>";
		};
		B1C6B1D81743291D8E148429 /* Frameworks */ = {
			isa = PBXGroup;
			children = (
				580EB23B260A214900EE0694 /* CoreData.framework */,
				0058BFBB24D2B3B30061B72A /* libc++.tbd */,
				B371A8283691795B1B748D89 /* libPods-ModuleApp.a */,
				52784685DCF411FA837CF77C /* libPods-ModuleAppTests.a */,
				343AD3EDD295F2D72B04E5D3 /* libPods-ModuleAppUITests.a */,
			);
			name = Frameworks;
			sourceTree = "<group>";
		};
		DD0A7B4625381FEC00107280 /* Class */ = {
			isa = PBXGroup;
			children = (
				58DF378A260DD339002C1236 /* com.gm.microapp.mine.0 */,
				58DF3785260DCF36002C1236 /* com.gm.microapp.home.0 */,
				A4A695D02609DC4400074A24 /* iOS_Demo */,
				A4A695AB2609DC3300074A24 /* iOS_Modules */,
			);
			path = Class;
			sourceTree = SOURCE_ROOT;
		};
/* End PBXGroup section */

/* Begin PBXNativeTarget section */
		00DFC6A924C83F94006A53EE /* ModuleApp */ = {
			isa = PBXNativeTarget;
			buildConfigurationList = 00DFC6D924C83F95006A53EE /* Build configuration list for PBXNativeTarget "ModuleApp" */;
			buildPhases = (
				0D35607985D032CA76333046 /* [CP] Check Pods Manifest.lock */,
				00DFC6A624C83F94006A53EE /* Sources */,
				00DFC6A724C83F94006A53EE /* Frameworks */,
				00DFC6A824C83F94006A53EE /* Resources */,
			);
			buildRules = (
			);
			dependencies = (
			);
			name = ModuleApp;
			productName = iOS;
			productReference = 00DFC6AA24C83F94006A53EE /* ModuleApp.app */;
			productType = "com.apple.product-type.application";
		};
		00DFC6C424C83F95006A53EE /* ModuleAppTests */ = {
			isa = PBXNativeTarget;
			buildConfigurationList = 00DFC6DC24C83F95006A53EE /* Build configuration list for PBXNativeTarget "ModuleAppTests" */;
			buildPhases = (
				4D484A99C3C9596A900DC9C4 /* [CP] Check Pods Manifest.lock */,
				00DFC6C124C83F95006A53EE /* Sources */,
				00DFC6C224C83F95006A53EE /* Frameworks */,
				00DFC6C324C83F95006A53EE /* Resources */,
			);
			buildRules = (
			);
			dependencies = (
				00DFC6C724C83F95006A53EE /* PBXTargetDependency */,
			);
			name = ModuleAppTests;
			productName = iOSTests;
			productReference = 00DFC6C524C83F95006A53EE /* ModuleAppTests.xctest */;
			productType = "com.apple.product-type.bundle.unit-test";
		};
		00DFC6CF24C83F95006A53EE /* ModuleAppUITests */ = {
			isa = PBXNativeTarget;
			buildConfigurationList = 00DFC6DF24C83F95006A53EE /* Build configuration list for PBXNativeTarget "ModuleAppUITests" */;
			buildPhases = (
				50B5EEA1395DD2A9E90ADE51 /* [CP] Check Pods Manifest.lock */,
				00DFC6CC24C83F95006A53EE /* Sources */,
				00DFC6CD24C83F95006A53EE /* Frameworks */,
				00DFC6CE24C83F95006A53EE /* Resources */,
			);
			buildRules = (
			);
			dependencies = (
				00DFC6D224C83F95006A53EE /* PBXTargetDependency */,
			);
			name = ModuleAppUITests;
			productName = iOSUITests;
			productReference = 00DFC6D024C83F95006A53EE /* ModuleAppUITests.xctest */;
			productType = "com.apple.product-type.bundle.ui-testing";
		};
/* End PBXNativeTarget section */

/* Begin PBXProject section */
		00DFC6A224C83F94006A53EE /* Project object */ = {
			isa = PBXProject;
			attributes = {
				LastUpgradeCheck = 1230;
				ORGANIZATIONNAME = "zkty-team";
				TargetAttributes = {
					00DFC6A924C83F94006A53EE = {
						CreatedOnToolsVersion = 11.5;
					};
					00DFC6C424C83F95006A53EE = {
						CreatedOnToolsVersion = 11.5;
						TestTargetID = 00DFC6A924C83F94006A53EE;
					};
					00DFC6CF24C83F95006A53EE = {
						CreatedOnToolsVersion = 11.5;
						TestTargetID = 00DFC6A924C83F94006A53EE;
					};
				};
			};
			buildConfigurationList = 00DFC6A524C83F94006A53EE /* Build configuration list for PBXProject "ModuleApp" */;
			compatibilityVersion = "Xcode 9.3";
			developmentRegion = en;
			hasScannedForEncodings = 0;
			knownRegions = (
				en,
				Base,
			);
			mainGroup = 00DFC6A124C83F94006A53EE;
			productRefGroup = 00DFC6AB24C83F94006A53EE /* Products */;
			projectDirPath = "";
			projectRoot = "";
			targets = (
				00DFC6A924C83F94006A53EE /* ModuleApp */,
				00DFC6C424C83F95006A53EE /* ModuleAppTests */,
				00DFC6CF24C83F95006A53EE /* ModuleAppUITests */,
			);
		};
/* End PBXProject section */

/* Begin PBXResourcesBuildPhase section */
		00DFC6A824C83F94006A53EE /* Resources */ = {
			isa = PBXResourcesBuildPhase;
			buildActionMask = 2147483647;
			files = (
				00DFC6F024C84000006A53EE /* Assets.xcassets in Resources */,
				58DF378B260DD339002C1236 /* com.gm.microapp.mine.0 in Resources */,
				58DF3786260DCF36002C1236 /* com.gm.microapp.home.0 in Resources */,
				00DFC6F324C84000006A53EE /* LaunchScreen.storyboard in Resources */,
			);
			runOnlyForDeploymentPostprocessing = 0;
		};
		00DFC6C324C83F95006A53EE /* Resources */ = {
			isa = PBXResourcesBuildPhase;
			buildActionMask = 2147483647;
			files = (
			);
			runOnlyForDeploymentPostprocessing = 0;
		};
		00DFC6CE24C83F95006A53EE /* Resources */ = {
			isa = PBXResourcesBuildPhase;
			buildActionMask = 2147483647;
			files = (
			);
			runOnlyForDeploymentPostprocessing = 0;
		};
/* End PBXResourcesBuildPhase section */

/* Begin PBXShellScriptBuildPhase section */
		0D35607985D032CA76333046 /* [CP] Check Pods Manifest.lock */ = {
			isa = PBXShellScriptBuildPhase;
			buildActionMask = 2147483647;
			files = (
			);
			inputFileListPaths = (
			);
			inputPaths = (
				"${PODS_PODFILE_DIR_PATH}/Podfile.lock",
				"${PODS_ROOT}/Manifest.lock",
			);
			name = "[CP] Check Pods Manifest.lock";
			outputFileListPaths = (
			);
			outputPaths = (
				"$(DERIVED_FILE_DIR)/Pods-ModuleApp-checkManifestLockResult.txt",
			);
			runOnlyForDeploymentPostprocessing = 0;
			shellPath = /bin/sh;
			shellScript = "diff \"${PODS_PODFILE_DIR_PATH}/Podfile.lock\" \"${PODS_ROOT}/Manifest.lock\" > /dev/null\nif [ $? != 0 ] ; then\n    # print error to STDERR\n    echo \"error: The sandbox is not in sync with the Podfile.lock. Run 'pod install' or update your CocoaPods installation.\" >&2\n    exit 1\nfi\n# This output is used by Xcode 'outputs' to avoid re-running this script phase.\necho \"SUCCESS\" > \"${SCRIPT_OUTPUT_FILE_0}\"\n";
			showEnvVarsInLog = 0;
		};
		4D484A99C3C9596A900DC9C4 /* [CP] Check Pods Manifest.lock */ = {
			isa = PBXShellScriptBuildPhase;
			buildActionMask = 2147483647;
			files = (
			);
			inputFileListPaths = (
			);
			inputPaths = (
				"${PODS_PODFILE_DIR_PATH}/Podfile.lock",
				"${PODS_ROOT}/Manifest.lock",
			);
			name = "[CP] Check Pods Manifest.lock";
			outputFileListPaths = (
			);
			outputPaths = (
				"$(DERIVED_FILE_DIR)/Pods-ModuleAppTests-checkManifestLockResult.txt",
			);
			runOnlyForDeploymentPostprocessing = 0;
			shellPath = /bin/sh;
			shellScript = "diff \"${PODS_PODFILE_DIR_PATH}/Podfile.lock\" \"${PODS_ROOT}/Manifest.lock\" > /dev/null\nif [ $? != 0 ] ; then\n    # print error to STDERR\n    echo \"error: The sandbox is not in sync with the Podfile.lock. Run 'pod install' or update your CocoaPods installation.\" >&2\n    exit 1\nfi\n# This output is used by Xcode 'outputs' to avoid re-running this script phase.\necho \"SUCCESS\" > \"${SCRIPT_OUTPUT_FILE_0}\"\n";
			showEnvVarsInLog = 0;
		};
		50B5EEA1395DD2A9E90ADE51 /* [CP] Check Pods Manifest.lock */ = {
			isa = PBXShellScriptBuildPhase;
			buildActionMask = 2147483647;
			files = (
			);
			inputFileListPaths = (
			);
			inputPaths = (
				"${PODS_PODFILE_DIR_PATH}/Podfile.lock",
				"${PODS_ROOT}/Manifest.lock",
			);
			name = "[CP] Check Pods Manifest.lock";
			outputFileListPaths = (
			);
			outputPaths = (
				"$(DERIVED_FILE_DIR)/Pods-ModuleAppUITests-checkManifestLockResult.txt",
			);
			runOnlyForDeploymentPostprocessing = 0;
			shellPath = /bin/sh;
			shellScript = "diff \"${PODS_PODFILE_DIR_PATH}/Podfile.lock\" \"${PODS_ROOT}/Manifest.lock\" > /dev/null\nif [ $? != 0 ] ; then\n    # print error to STDERR\n    echo \"error: The sandbox is not in sync with the Podfile.lock. Run 'pod install' or update your CocoaPods installation.\" >&2\n    exit 1\nfi\n# This output is used by Xcode 'outputs' to avoid re-running this script phase.\necho \"SUCCESS\" > \"${SCRIPT_OUTPUT_FILE_0}\"\n";
			showEnvVarsInLog = 0;
		};
/* End PBXShellScriptBuildPhase section */

/* Begin PBXSourcesBuildPhase section */
		00DFC6A624C83F94006A53EE /* Sources */ = {
			isa = PBXSourcesBuildPhase;
			buildActionMask = 2147483647;
			files = (
				58D208D02610F07B0082ADC3 /* H5DirectModule.m in Sources */,
				A4A695C82609DC3300074A24 /* JSIModule.m in Sources */,
				58DF38DC260F1C0A002C1236 /* HistoryModel.m in Sources */,
				5805B2E9260F9B8F0029F138 /* JSIDirectModule.m in Sources */,
				A4A696582609F8A700074A24 /* JumpViewController.m in Sources */,
				580EB28B260A247700EE0694 /* JSIContext.m in Sources */,
				A4A695C62609DC3300074A24 /* NativeContext.m in Sources */,
				58DF37FD260DF843002C1236 /* JSIOldNavModule.m in Sources */,
				5805B2F0260F9C030029F138 /* xengine__jsi_direct.m in Sources */,
				A4A695CA2609DC3300074A24 /* MicroappDirectModule.m in Sources */,
				00DFC6F624C84000006A53EE /* AppDelegate.m in Sources */,
				A4A696642609F96B00074A24 /* MainViewController.m in Sources */,
				58DF37BF260DE552002C1236 /* XEngineWebView.m in Sources */,
				5805B328260FAC6D0029F138 /* NSString+Router+URLQuery.m in Sources */,
				58DF3807260DF95B002C1236 /* xengine__module_nav.m in Sources */,
				58D208C22610E83D0082ADC3 /* DirectManagerModule.m in Sources */,
				58DF3831260E3EE9002C1236 /* NavUtil.m in Sources */,
				5805B31D260FA3DD0029F138 /* NSURL+QueryDictionary.m in Sources */,
				A4A696462609F80000074A24 /* OneViewController.m in Sources */,
				A4A6964C2609F81500074A24 /* ThreeViewController.m in Sources */,
				58DF38D6260E7C91002C1236 /* GlobalState.m in Sources */,
				58D208B32610E6820082ADC3 /* OmpDirectModule.m in Sources */,
				A4A696312609F47900074A24 /* TwoViewController.m in Sources */,
				58DF37C2260DE552002C1236 /* Unity.m in Sources */,
				58DF3781260DC942002C1236 /* XEOneWebViewPoolModel.m in Sources */,
				A4A695C72609DC3300074A24 /* NativeModule.m in Sources */,
				58DF37BD260DE552002C1236 /* XEngineJSBUtil.m in Sources */,
				58DF37BE260DE552002C1236 /* CustomURLSchemeHandler.m in Sources */,
				58DF377F260DC942002C1236 /* RecyleWebViewController.m in Sources */,
				A4A695CB2609DC3300074A24 /* JSIOldRouterModule.m in Sources */,
				58DF37C1260DE552002C1236 /* XEngineCallInfo.m in Sources */,
				58DF37BC260DE552002C1236 /* WKWebView+Custome.m in Sources */,
				A4A696272609EA4D00074A24 /* MainTabbarController.m in Sources */,
				00DFC6F524C84000006A53EE /* main.m in Sources */,
				58DF37C0260DE552002C1236 /* XEngineInternalApis.m in Sources */,
				58DF37C3260DE552002C1236 /* MicroAppLoader.m in Sources */,
				58DF377E260DC942002C1236 /* XEOneWebViewPool.m in Sources */,
				A4A696282609EA4D00074A24 /* MainNavigationController.m in Sources */,
			);
			runOnlyForDeploymentPostprocessing = 0;
		};
		00DFC6C124C83F95006A53EE /* Sources */ = {
			isa = PBXSourcesBuildPhase;
			buildActionMask = 2147483647;
			files = (
				5805B322260FAADB0029F138 /* NSString+QueryDictionaryTests.m in Sources */,
				580EB2D3260B385200EE0694 /* JSIContextTests.m in Sources */,
				00DFC6CA24C83F95006A53EE /* XEngineContextTests.m in Sources */,
				5805B30D260FA30F0029F138 /* NSURL+QueryDictionaryTests.m in Sources */,
			);
			runOnlyForDeploymentPostprocessing = 0;
		};
		00DFC6CC24C83F95006A53EE /* Sources */ = {
			isa = PBXSourcesBuildPhase;
			buildActionMask = 2147483647;
			files = (
				00DFC6D524C83F95006A53EE /* iOSUITests.m in Sources */,
			);
			runOnlyForDeploymentPostprocessing = 0;
		};
/* End PBXSourcesBuildPhase section */

/* Begin PBXTargetDependency section */
		00DFC6C724C83F95006A53EE /* PBXTargetDependency */ = {
			isa = PBXTargetDependency;
			target = 00DFC6A924C83F94006A53EE /* ModuleApp */;
			targetProxy = 00DFC6C624C83F95006A53EE /* PBXContainerItemProxy */;
		};
		00DFC6D224C83F95006A53EE /* PBXTargetDependency */ = {
			isa = PBXTargetDependency;
			target = 00DFC6A924C83F94006A53EE /* ModuleApp */;
			targetProxy = 00DFC6D124C83F95006A53EE /* PBXContainerItemProxy */;
		};
/* End PBXTargetDependency section */

/* Begin PBXVariantGroup section */
		00DFC6E724C84000006A53EE /* LaunchScreen.storyboard */ = {
			isa = PBXVariantGroup;
			children = (
				00DFC6E824C84000006A53EE /* Base */,
			);
			name = LaunchScreen.storyboard;
			sourceTree = "<group>";
		};
/* End PBXVariantGroup section */

/* Begin XCBuildConfiguration section */
		00DFC6D724C83F95006A53EE /* Debug */ = {
			isa = XCBuildConfiguration;
			buildSettings = {
				ALWAYS_SEARCH_USER_PATHS = NO;
				CLANG_ANALYZER_NONNULL = YES;
				CLANG_ANALYZER_NUMBER_OBJECT_CONVERSION = YES_AGGRESSIVE;
				CLANG_CXX_LANGUAGE_STANDARD = "gnu++14";
				CLANG_CXX_LIBRARY = "libc++";
				CLANG_ENABLE_MODULES = YES;
				CLANG_ENABLE_OBJC_ARC = YES;
				CLANG_ENABLE_OBJC_WEAK = YES;
				CLANG_WARN_BLOCK_CAPTURE_AUTORELEASING = YES;
				CLANG_WARN_BOOL_CONVERSION = YES;
				CLANG_WARN_COMMA = YES;
				CLANG_WARN_CONSTANT_CONVERSION = YES;
				CLANG_WARN_DEPRECATED_OBJC_IMPLEMENTATIONS = YES;
				CLANG_WARN_DIRECT_OBJC_ISA_USAGE = YES_ERROR;
				CLANG_WARN_DOCUMENTATION_COMMENTS = YES;
				CLANG_WARN_EMPTY_BODY = YES;
				CLANG_WARN_ENUM_CONVERSION = YES;
				CLANG_WARN_INFINITE_RECURSION = YES;
				CLANG_WARN_INT_CONVERSION = YES;
				CLANG_WARN_NON_LITERAL_NULL_CONVERSION = YES;
				CLANG_WARN_OBJC_IMPLICIT_RETAIN_SELF = YES;
				CLANG_WARN_OBJC_LITERAL_CONVERSION = YES;
				CLANG_WARN_OBJC_ROOT_CLASS = YES_ERROR;
				CLANG_WARN_QUOTED_INCLUDE_IN_FRAMEWORK_HEADER = YES;
				CLANG_WARN_RANGE_LOOP_ANALYSIS = YES;
				CLANG_WARN_STRICT_PROTOTYPES = YES;
				CLANG_WARN_SUSPICIOUS_MOVE = YES;
				CLANG_WARN_UNGUARDED_AVAILABILITY = YES_AGGRESSIVE;
				CLANG_WARN_UNREACHABLE_CODE = YES;
				CLANG_WARN__DUPLICATE_METHOD_MATCH = YES;
				COPY_PHASE_STRIP = NO;
				DEBUG_INFORMATION_FORMAT = dwarf;
				ENABLE_STRICT_OBJC_MSGSEND = YES;
				ENABLE_TESTABILITY = YES;
				GCC_C_LANGUAGE_STANDARD = gnu11;
				GCC_DYNAMIC_NO_PIC = NO;
				GCC_NO_COMMON_BLOCKS = YES;
				GCC_OPTIMIZATION_LEVEL = 0;
				GCC_PREPROCESSOR_DEFINITIONS = (
					"DEBUG=1",
					"$(inherited)",
				);
				GCC_WARN_64_TO_32_BIT_CONVERSION = YES;
				GCC_WARN_ABOUT_RETURN_TYPE = YES_ERROR;
				GCC_WARN_UNDECLARED_SELECTOR = YES;
				GCC_WARN_UNINITIALIZED_AUTOS = YES_AGGRESSIVE;
				GCC_WARN_UNUSED_FUNCTION = YES;
				GCC_WARN_UNUSED_VARIABLE = YES;
				IPHONEOS_DEPLOYMENT_TARGET = 13.5;
				MTL_ENABLE_DEBUG_INFO = INCLUDE_SOURCE;
				MTL_FAST_MATH = YES;
				ONLY_ACTIVE_ARCH = YES;
				SDKROOT = iphoneos;
			};
			name = Debug;
		};
		00DFC6D824C83F95006A53EE /* Release */ = {
			isa = XCBuildConfiguration;
			buildSettings = {
				ALWAYS_SEARCH_USER_PATHS = NO;
				CLANG_ANALYZER_NONNULL = YES;
				CLANG_ANALYZER_NUMBER_OBJECT_CONVERSION = YES_AGGRESSIVE;
				CLANG_CXX_LANGUAGE_STANDARD = "gnu++14";
				CLANG_CXX_LIBRARY = "libc++";
				CLANG_ENABLE_MODULES = YES;
				CLANG_ENABLE_OBJC_ARC = YES;
				CLANG_ENABLE_OBJC_WEAK = YES;
				CLANG_WARN_BLOCK_CAPTURE_AUTORELEASING = YES;
				CLANG_WARN_BOOL_CONVERSION = YES;
				CLANG_WARN_COMMA = YES;
				CLANG_WARN_CONSTANT_CONVERSION = YES;
				CLANG_WARN_DEPRECATED_OBJC_IMPLEMENTATIONS = YES;
				CLANG_WARN_DIRECT_OBJC_ISA_USAGE = YES_ERROR;
				CLANG_WARN_DOCUMENTATION_COMMENTS = YES;
				CLANG_WARN_EMPTY_BODY = YES;
				CLANG_WARN_ENUM_CONVERSION = YES;
				CLANG_WARN_INFINITE_RECURSION = YES;
				CLANG_WARN_INT_CONVERSION = YES;
				CLANG_WARN_NON_LITERAL_NULL_CONVERSION = YES;
				CLANG_WARN_OBJC_IMPLICIT_RETAIN_SELF = YES;
				CLANG_WARN_OBJC_LITERAL_CONVERSION = YES;
				CLANG_WARN_OBJC_ROOT_CLASS = YES_ERROR;
				CLANG_WARN_QUOTED_INCLUDE_IN_FRAMEWORK_HEADER = YES;
				CLANG_WARN_RANGE_LOOP_ANALYSIS = YES;
				CLANG_WARN_STRICT_PROTOTYPES = YES;
				CLANG_WARN_SUSPICIOUS_MOVE = YES;
				CLANG_WARN_UNGUARDED_AVAILABILITY = YES_AGGRESSIVE;
				CLANG_WARN_UNREACHABLE_CODE = YES;
				CLANG_WARN__DUPLICATE_METHOD_MATCH = YES;
				COPY_PHASE_STRIP = NO;
				DEBUG_INFORMATION_FORMAT = "dwarf-with-dsym";
				ENABLE_NS_ASSERTIONS = NO;
				ENABLE_STRICT_OBJC_MSGSEND = YES;
				GCC_C_LANGUAGE_STANDARD = gnu11;
				GCC_NO_COMMON_BLOCKS = YES;
				GCC_WARN_64_TO_32_BIT_CONVERSION = YES;
				GCC_WARN_ABOUT_RETURN_TYPE = YES_ERROR;
				GCC_WARN_UNDECLARED_SELECTOR = YES;
				GCC_WARN_UNINITIALIZED_AUTOS = YES_AGGRESSIVE;
				GCC_WARN_UNUSED_FUNCTION = YES;
				GCC_WARN_UNUSED_VARIABLE = YES;
				IPHONEOS_DEPLOYMENT_TARGET = 13.5;
				MTL_ENABLE_DEBUG_INFO = NO;
				MTL_FAST_MATH = YES;
				SDKROOT = iphoneos;
				VALIDATE_PRODUCT = YES;
			};
			name = Release;
		};
		00DFC6DA24C83F95006A53EE /* Debug */ = {
			isa = XCBuildConfiguration;
			baseConfigurationReference = C41BD34806B6619ACBB99D5D /* Pods-ModuleApp.debug.xcconfig */;
			buildSettings = {
				ASSETCATALOG_COMPILER_APPICON_NAME = AppIcon;
				CODE_SIGN_STYLE = Automatic;
				CURRENT_PROJECT_VERSION = 1;
				DEVELOPMENT_TEAM = B3ML6NNJSH;
				INFOPLIST_FILE = "$(SRCROOT)/ModuleApp/Info.plist";
				IPHONEOS_DEPLOYMENT_TARGET = 12.0;
				LD_RUNPATH_SEARCH_PATHS = (
					"$(inherited)",
					"@executable_path/Frameworks",
				);
				MARKETING_VERSION = 1.0;
				PRODUCT_BUNDLE_IDENTIFIER = edz.iOS;
				PRODUCT_NAME = ModuleApp;
				TARGETED_DEVICE_FAMILY = 1;
			};
			name = Debug;
		};
		00DFC6DB24C83F95006A53EE /* Release */ = {
			isa = XCBuildConfiguration;
			baseConfigurationReference = 5BADAF100E4D8E7C05B5C5BB /* Pods-ModuleApp.release.xcconfig */;
			buildSettings = {
				ASSETCATALOG_COMPILER_APPICON_NAME = AppIcon;
				CODE_SIGN_STYLE = Automatic;
				CURRENT_PROJECT_VERSION = 1;
				DEVELOPMENT_TEAM = B3ML6NNJSH;
				INFOPLIST_FILE = "$(SRCROOT)/ModuleApp/Info.plist";
				IPHONEOS_DEPLOYMENT_TARGET = 12.0;
				LD_RUNPATH_SEARCH_PATHS = (
					"$(inherited)",
					"@executable_path/Frameworks",
				);
				MARKETING_VERSION = 1.0;
				PRODUCT_BUNDLE_IDENTIFIER = edz.iOS;
				PRODUCT_NAME = ModuleApp;
				TARGETED_DEVICE_FAMILY = 1;
			};
			name = Release;
		};
		00DFC6DD24C83F95006A53EE /* Debug */ = {
			isa = XCBuildConfiguration;
			baseConfigurationReference = F9A3BC2B46BBF2CB2EAD73CC /* Pods-ModuleAppTests.debug.xcconfig */;
			buildSettings = {
				BUNDLE_LOADER = "$(TEST_HOST)";
				CODE_SIGN_STYLE = Automatic;
				DEVELOPMENT_TEAM = B3ML6NNJSH;
				INFOPLIST_FILE = iOSTests/Info.plist;
				IPHONEOS_DEPLOYMENT_TARGET = 13.5;
				LD_RUNPATH_SEARCH_PATHS = (
					"$(inherited)",
					"@executable_path/Frameworks",
					"@loader_path/Frameworks",
				);
				PRODUCT_BUNDLE_IDENTIFIER = edz.iOSTests;
				PRODUCT_NAME = "$(TARGET_NAME)";
				TARGETED_DEVICE_FAMILY = "1,2";
				TEST_HOST = "$(BUILT_PRODUCTS_DIR)/ModuleApp.app/ModuleApp";
			};
			name = Debug;
		};
		00DFC6DE24C83F95006A53EE /* Release */ = {
			isa = XCBuildConfiguration;
			baseConfigurationReference = EFE07C6D6391AAE68F4E89D3 /* Pods-ModuleAppTests.release.xcconfig */;
			buildSettings = {
				BUNDLE_LOADER = "$(TEST_HOST)";
				CODE_SIGN_STYLE = Automatic;
				DEVELOPMENT_TEAM = B3ML6NNJSH;
				INFOPLIST_FILE = iOSTests/Info.plist;
				IPHONEOS_DEPLOYMENT_TARGET = 13.5;
				LD_RUNPATH_SEARCH_PATHS = (
					"$(inherited)",
					"@executable_path/Frameworks",
					"@loader_path/Frameworks",
				);
				PRODUCT_BUNDLE_IDENTIFIER = edz.iOSTests;
				PRODUCT_NAME = "$(TARGET_NAME)";
				TARGETED_DEVICE_FAMILY = "1,2";
				TEST_HOST = "$(BUILT_PRODUCTS_DIR)/ModuleApp.app/ModuleApp";
			};
			name = Release;
		};
		00DFC6E024C83F95006A53EE /* Debug */ = {
			isa = XCBuildConfiguration;
			baseConfigurationReference = 708635941CC6319BBE1E5F27 /* Pods-ModuleAppUITests.debug.xcconfig */;
			buildSettings = {
				CODE_SIGN_STYLE = Automatic;
				DEVELOPMENT_TEAM = B3ML6NNJSH;
				INFOPLIST_FILE = iOSUITests/Info.plist;
				LD_RUNPATH_SEARCH_PATHS = (
					"$(inherited)",
					"@executable_path/Frameworks",
					"@loader_path/Frameworks",
				);
				PRODUCT_BUNDLE_IDENTIFIER = edz.iOSUITests;
				PRODUCT_NAME = "$(TARGET_NAME)";
				TARGETED_DEVICE_FAMILY = "1,2";
				TEST_TARGET_NAME = iOS;
			};
			name = Debug;
		};
		00DFC6E124C83F95006A53EE /* Release */ = {
			isa = XCBuildConfiguration;
			baseConfigurationReference = 217D06FE0D84220C418B75E6 /* Pods-ModuleAppUITests.release.xcconfig */;
			buildSettings = {
				CODE_SIGN_STYLE = Automatic;
				DEVELOPMENT_TEAM = B3ML6NNJSH;
				INFOPLIST_FILE = iOSUITests/Info.plist;
				LD_RUNPATH_SEARCH_PATHS = (
					"$(inherited)",
					"@executable_path/Frameworks",
					"@loader_path/Frameworks",
				);
				PRODUCT_BUNDLE_IDENTIFIER = edz.iOSUITests;
				PRODUCT_NAME = "$(TARGET_NAME)";
				TARGETED_DEVICE_FAMILY = "1,2";
				TEST_TARGET_NAME = iOS;
			};
			name = Release;
		};
/* End XCBuildConfiguration section */

/* Begin XCConfigurationList section */
		00DFC6A524C83F94006A53EE /* Build configuration list for PBXProject "ModuleApp" */ = {
			isa = XCConfigurationList;
			buildConfigurations = (
				00DFC6D724C83F95006A53EE /* Debug */,
				00DFC6D824C83F95006A53EE /* Release */,
			);
			defaultConfigurationIsVisible = 0;
			defaultConfigurationName = Release;
		};
		00DFC6D924C83F95006A53EE /* Build configuration list for PBXNativeTarget "ModuleApp" */ = {
			isa = XCConfigurationList;
			buildConfigurations = (
				00DFC6DA24C83F95006A53EE /* Debug */,
				00DFC6DB24C83F95006A53EE /* Release */,
			);
			defaultConfigurationIsVisible = 0;
			defaultConfigurationName = Release;
		};
		00DFC6DC24C83F95006A53EE /* Build configuration list for PBXNativeTarget "ModuleAppTests" */ = {
			isa = XCConfigurationList;
			buildConfigurations = (
				00DFC6DD24C83F95006A53EE /* Debug */,
				00DFC6DE24C83F95006A53EE /* Release */,
			);
			defaultConfigurationIsVisible = 0;
			defaultConfigurationName = Release;
		};
		00DFC6DF24C83F95006A53EE /* Build configuration list for PBXNativeTarget "ModuleAppUITests" */ = {
			isa = XCConfigurationList;
			buildConfigurations = (
				00DFC6E024C83F95006A53EE /* Debug */,
				00DFC6E124C83F95006A53EE /* Release */,
			);
			defaultConfigurationIsVisible = 0;
			defaultConfigurationName = Release;
		};
/* End XCConfigurationList section */
	};
	rootObject = 00DFC6A224C83F94006A53EE /* Project object */;
}
