PODS:
  - JSONModel (1.8.0)
  - x-engine-jsi-direct (0.1.13):
    - JSONModel
    - x-engine-native-core
    - x-engine-native-protocols
  - x-engine-jsi-legacy (0.1.13):
    - JSONModel
    - x-engine-native-core
    - x-engine-native-protocols
  - x-engine-native-broadcast (1.0.0):
    - JSONModel
    - x-engine-native-core
    - x-engine-native-protocols
  - x-engine-native-core (1.0.0):
    - x-engine-native-protocols
  - x-engine-native-direct (1.0.0):
    - JSONModel
    - x-engine-native-core
    - x-engine-native-protocols
  - x-engine-native-direct_http (1.0.0):
    - JSONModel
    - x-engine-native-core
    - x-engine-native-protocols
  - x-engine-native-direct_https (1.0.0):
    - JSONModel
    - x-engine-native-core
    - x-engine-native-protocols
  - x-engine-native-direct_microapp (1.0.0):
    - JSONModel
    - x-engine-native-core
    - x-engine-native-jsi
    - x-engine-native-protocols
  - x-engine-native-direct_omp (1.0.0):
    - JSONModel
    - x-engine-native-core
    - x-engine-native-protocols
  - x-engine-native-jsi (1.0.0):
    - x-engine-native-core
    - x-engine-native-protocols
  - x-engine-native-protocols (1.0.0)
  - x-engine-native-securify (1.0.0):
    - x-engine-native-core
    - x-engine-native-protocols
  - x-engine-native-ui (1.0.0):
    - JSONModel
    - x-engine-native-core
    - x-engine-native-protocols

DEPENDENCIES:
  - JSONModel
  - x-engine-jsi-direct (from `../../x-engine-jsi-direct`)
  - x-engine-jsi-legacy (from `../../x-engine-jsi-legacy`)
  - x-engine-native-broadcast (from `../../x-engine-native-broadcast`)
  - x-engine-native-core (from `../../x-engine-native-core`)
  - x-engine-native-direct (from `../../x-engine-native-direct`)
  - x-engine-native-direct_http (from `../../x-engine-native-direct_http`)
  - x-engine-native-direct_https (from `../../x-engine-native-direct_https`)
  - x-engine-native-direct_microapp (from `../../x-engine-native-direct_microapp`)
  - x-engine-native-direct_omp (from `../../x-engine-native-direct_omp`)
  - x-engine-native-jsi (from `../../x-engine-native-jsi`)
  - x-engine-native-protocols (from `../../x-engine-native-protocols`)
  - x-engine-native-securify (from `../../x-engine-native-securify`)
  - x-engine-native-ui (from `../../x-engine-native-ui`)

SPEC REPOS:
  trunk:
    - JSONModel

EXTERNAL SOURCES:
  x-engine-jsi-direct:
    :path: "../../x-engine-jsi-direct"
  x-engine-jsi-legacy:
    :path: "../../x-engine-jsi-legacy"
  x-engine-native-broadcast:
    :path: "../../x-engine-native-broadcast"
  x-engine-native-core:
    :path: "../../x-engine-native-core"
  x-engine-native-direct:
    :path: "../../x-engine-native-direct"
  x-engine-native-direct_http:
    :path: "../../x-engine-native-direct_http"
  x-engine-native-direct_https:
    :path: "../../x-engine-native-direct_https"
  x-engine-native-direct_microapp:
    :path: "../../x-engine-native-direct_microapp"
  x-engine-native-direct_omp:
    :path: "../../x-engine-native-direct_omp"
  x-engine-native-jsi:
    :path: "../../x-engine-native-jsi"
  x-engine-native-protocols:
    :path: "../../x-engine-native-protocols"
  x-engine-native-securify:
    :path: "../../x-engine-native-securify"
  x-engine-native-ui:
    :path: "../../x-engine-native-ui"

SPEC CHECKSUMS:
  JSONModel: 02ab723958366a3fd27da57ea2af2113658762e9
  x-engine-jsi-direct: 576d2f25bc1d0c87e02a4ddf1469d955a9bed82e
  x-engine-jsi-legacy: c6add91d5426ffc532e78015e1f5a30dd3ce46b1
  x-engine-native-broadcast: 57857dfba89a219b998728cf0c95045b1ad946e5
  x-engine-native-core: 7fa925c39f2e8664dabf44a0aba8b2f5552dc4ed
  x-engine-native-direct: 731998d936fbeacbc36a07a68741e5ada1258946
  x-engine-native-direct_http: 0a8c48c42b87664030ec554515c2edf6e879aab0
  x-engine-native-direct_https: 2bcc4661bb2d6247baebfd950f169c00a0573665
  x-engine-native-direct_microapp: 31ffc322d8e871861194c2391bee26765da8cb7a
  x-engine-native-direct_omp: d0e9f039a46ec21e20d56abcd58e681621e367b2
  x-engine-native-jsi: 0408dfee0c7822614990e6fc1c512569eff1abb5
  x-engine-native-protocols: a419ec2df21e33bf6e33cdf403a650987b725e15
  x-engine-native-securify: 006bfcb3132be2ef2c7923a631c77e871dd935f2
  x-engine-native-ui: c57bb70d138391a6d62fcc2ce2b14c327726cc5a

PODFILE CHECKSUM: 4dc2c01f10d6a84aae6d64e2c4b463976e077945

COCOAPODS: 1.10.1
