// !$*UTF8*$!
{
	archiveVersion = 1;
	classes = {
	};
	objectVersion = 50;
	objects = {

/* Begin PBXBuildFile section */
		003F95DA24DA4A6100633E1F /* libc++.tbd in Frameworks */ = {isa = PBXBuildFile; fileRef = 003F95D924DA4A6100633E1F /* libc++.tbd */; };
		00DFC6CA24C83F95006A53EE /* iNetTests.m in Sources */ = {isa = PBXBuildFile; fileRef = 00DFC6C924C83F95006A53EE /* iNetTests.m */; };
		00DFC6D524C83F95006A53EE /* iOSUITests.m in Sources */ = {isa = PBXBuildFile; fileRef = 00DFC6D424C83F95006A53EE /* iOSUITests.m */; };
		00DFC6F024C84000006A53EE /* Assets.xcassets in Resources */ = {isa = PBXBuildFile; fileRef = 00DFC6E424C84000006A53EE /* Assets.xcassets */; };
		00DFC6F524C84000006A53EE /* main.m in Sources */ = {isa = PBXBuildFile; fileRef = 00DFC6EB24C84000006A53EE /* main.m */; };
		00DFC6F624C84000006A53EE /* AppDelegate.m in Sources */ = {isa = PBXBuildFile; fileRef = 00DFC6EC24C84000006A53EE /* AppDelegate.m */; };
		00DFC6FC24C841FD006A53EE /* EntryViewController.xib in Resources */ = {isa = PBXBuildFile; fileRef = 00DFC6FA24C841FD006A53EE /* EntryViewController.xib */; };
		32903E3B00A2B4C1FECF371B /* libPods-netUITests.a in Frameworks */ = {isa = PBXBuildFile; fileRef = 34F693434A50457CA7AC4D2A /* libPods-netUITests.a */; };
		38E983942615F6E8007F6BDF /* Native_net.m in Sources */ = {isa = PBXBuildFile; fileRef = 38E983922615F6E8007F6BDF /* Native_net.m */; };
		565DD27B989F5FB8F69BF75F /* libPods-sit.a in Frameworks */ = {isa = PBXBuildFile; fileRef = 05DB072EC16780DC21C5AF4B /* libPods-sit.a */; };
		580B91632694CCEA006AD356 /* AppDelegate.m in Sources */ = {isa = PBXBuildFile; fileRef = 00DFC6EC24C84000006A53EE /* AppDelegate.m */; };
		580B91652694CCEA006AD356 /* Native_net.m in Sources */ = {isa = PBXBuildFile; fileRef = 38E983922615F6E8007F6BDF /* Native_net.m */; };
		580B91662694CCEA006AD356 /* main.m in Sources */ = {isa = PBXBuildFile; fileRef = 00DFC6EB24C84000006A53EE /* main.m */; };
		580B91682694CCEA006AD356 /* libc++.tbd in Frameworks */ = {isa = PBXBuildFile; fileRef = 003F95D924DA4A6100633E1F /* libc++.tbd */; };
		580B916B2694CCEA006AD356 /* EntryViewController.xib in Resources */ = {isa = PBXBuildFile; fileRef = 00DFC6FA24C841FD006A53EE /* EntryViewController.xib */; };
		580B916C2694CCEA006AD356 /* Assets.xcassets in Resources */ = {isa = PBXBuildFile; fileRef = 00DFC6E424C84000006A53EE /* Assets.xcassets */; };
		580B918E2694CDB7006AD356 /* Info.sit.plist in Resources */ = {isa = PBXBuildFile; fileRef = 580B918D2694CDB7006AD356 /* Info.sit.plist */; };
		580B91B22694D0DA006AD356 /* AppDelegate.m in Sources */ = {isa = PBXBuildFile; fileRef = 00DFC6EC24C84000006A53EE /* AppDelegate.m */; };
		580B91B42694D0DA006AD356 /* Native_net.m in Sources */ = {isa = PBXBuildFile; fileRef = 38E983922615F6E8007F6BDF /* Native_net.m */; };
		580B91B52694D0DA006AD356 /* main.m in Sources */ = {isa = PBXBuildFile; fileRef = 00DFC6EB24C84000006A53EE /* main.m */; };
		580B91B72694D0DA006AD356 /* libc++.tbd in Frameworks */ = {isa = PBXBuildFile; fileRef = 003F95D924DA4A6100633E1F /* libc++.tbd */; };
		580B91BA2694D0DA006AD356 /* EntryViewController.xib in Resources */ = {isa = PBXBuildFile; fileRef = 00DFC6FA24C841FD006A53EE /* EntryViewController.xib */; };
		580B91BB2694D0DA006AD356 /* Assets.xcassets in Resources */ = {isa = PBXBuildFile; fileRef = 00DFC6E424C84000006A53EE /* Assets.xcassets */; };
		580B91CD2694D10D006AD356 /* Info.uat.plist in Resources */ = {isa = PBXBuildFile; fileRef = 580B91CC2694D10D006AD356 /* Info.uat.plist */; };
		58732F5D27042D930098F18C /* GlobalNoResponseFilter.m in Sources */ = {isa = PBXBuildFile; fileRef = 58732F5327042D920098F18C /* GlobalNoResponseFilter.m */; };
		58732F5E27042D930098F18C /* GlobalMergeRequestFilter.m in Sources */ = {isa = PBXBuildFile; fileRef = 58732F5427042D920098F18C /* GlobalMergeRequestFilter.m */; };
		58732F5F27042D930098F18C /* GlobalConfigFilter.m in Sources */ = {isa = PBXBuildFile; fileRef = 58732F5527042D920098F18C /* GlobalConfigFilter.m */; };
		58732F6127042D930098F18C /* GlobalJsonFilter.m in Sources */ = {isa = PBXBuildFile; fileRef = 58732F5B27042D930098F18C /* GlobalJsonFilter.m */; };
		58F37F7A2704496800EADBBB /* TodoApi.m in Sources */ = {isa = PBXBuildFile; fileRef = 58F37F792704496800EADBBB /* TodoApi.m */; };
		58F37F7B2704496800EADBBB /* TodoApi.m in Sources */ = {isa = PBXBuildFile; fileRef = 58F37F792704496800EADBBB /* TodoApi.m */; };
		58F37F7C2704496800EADBBB /* TodoApi.m in Sources */ = {isa = PBXBuildFile; fileRef = 58F37F792704496800EADBBB /* TodoApi.m */; };
		58F37F8C270464B500EADBBB /* KOHttp.m in Sources */ = {isa = PBXBuildFile; fileRef = 58F37F84270464B500EADBBB /* KOHttp.m */; };
		58F37F8D270464B500EADBBB /* KOHttp.m in Sources */ = {isa = PBXBuildFile; fileRef = 58F37F84270464B500EADBBB /* KOHttp.m */; };
		58F37F8E270464B500EADBBB /* KOHttp.m in Sources */ = {isa = PBXBuildFile; fileRef = 58F37F84270464B500EADBBB /* KOHttp.m */; };
		58F37F8F270464B500EADBBB /* NSMutableURLRequest+Filter.m in Sources */ = {isa = PBXBuildFile; fileRef = 58F37F88270464B500EADBBB /* NSMutableURLRequest+Filter.m */; };
		58F37F90270464B500EADBBB /* NSMutableURLRequest+Filter.m in Sources */ = {isa = PBXBuildFile; fileRef = 58F37F88270464B500EADBBB /* NSMutableURLRequest+Filter.m */; };
		58F37F91270464B500EADBBB /* NSMutableURLRequest+Filter.m in Sources */ = {isa = PBXBuildFile; fileRef = 58F37F88270464B500EADBBB /* NSMutableURLRequest+Filter.m */; };
		58F37F9427046B9B00EADBBB /* PostApi.m in Sources */ = {isa = PBXBuildFile; fileRef = 58F37F9227046B9A00EADBBB /* PostApi.m */; };
		58F37F9527046B9B00EADBBB /* PostApi.m in Sources */ = {isa = PBXBuildFile; fileRef = 58F37F9227046B9A00EADBBB /* PostApi.m */; };
		58F37F9627046B9B00EADBBB /* PostApi.m in Sources */ = {isa = PBXBuildFile; fileRef = 58F37F9227046B9A00EADBBB /* PostApi.m */; };
		58F37F99270481D100EADBBB /* gen_ZKBaseApi.m in Sources */ = {isa = PBXBuildFile; fileRef = 58F37F98270481D100EADBBB /* gen_ZKBaseApi.m */; };
		58F37F9B2704DB3C00EADBBB /* GlobalStatusCodeNot2xxFilter.m in Sources */ = {isa = PBXBuildFile; fileRef = 58F37F9A2704DB3C00EADBBB /* GlobalStatusCodeNot2xxFilter.m */; };
		58F37FA727062EDD00EADBBB /* LoggingFilter.m in Sources */ = {isa = PBXBuildFile; fileRef = 58F37FA527062EDD00EADBBB /* LoggingFilter.m */; };
		58F37FBC270E177A00EADBBB /* KOBaseApi.m in Sources */ = {isa = PBXBuildFile; fileRef = 58F37FBB270E177A00EADBBB /* KOBaseApi.m */; };
		58F37FCE2710076600EADBBB /* EntryViewController.m in Sources */ = {isa = PBXBuildFile; fileRef = 58F37FCD2710076500EADBBB /* EntryViewController.m */; };
		58F37FE427100D2D00EADBBB /* Simple.ts in Resources */ = {isa = PBXBuildFile; fileRef = 58F37FD027100D2D00EADBBB /* Simple.ts */; };
		58F37FE527100D2D00EADBBB /* gm_general_appVersion_checkUpdate.ts in Resources */ = {isa = PBXBuildFile; fileRef = 58F37FD127100D2D00EADBBB /* gm_general_appVersion_checkUpdate.ts */; };
		58F37FE627100D2D00EADBBB /* x_api_gm_general_appVersion_checkUpdate.m in Sources */ = {isa = PBXBuildFile; fileRef = 58F37FD527100D2D00EADBBB /* x_api_gm_general_appVersion_checkUpdate.m */; };
		58F37FE727100D2D00EADBBB /* .java in Resources */ = {isa = PBXBuildFile; fileRef = 58F37FE027100D2D00EADBBB /* .java */; };
		58F37FE827100D2D00EADBBB /* Post.ts in Resources */ = {isa = PBXBuildFile; fileRef = 58F37FE127100D2D00EADBBB /* Post.ts */; };
		58F37FE927100D2D00EADBBB /* swagger.ts in Resources */ = {isa = PBXBuildFile; fileRef = 58F37FE227100D2D00EADBBB /* swagger.ts */; };
		58F37FEA27100D2D00EADBBB /* update.ts in Resources */ = {isa = PBXBuildFile; fileRef = 58F37FE327100D2D00EADBBB /* update.ts */; };
		A34D74F2ECABB58EC6384A41 /* (null) in Frameworks */ = {isa = PBXBuildFile; };
		B716B8680FFBE4A942FBAD7C /* libPods-netTests.a in Frameworks */ = {isa = PBXBuildFile; fileRef = 99E2791A9045AAC4D5BE8FBB /* libPods-netTests.a */; };
		D6471BA55410F7E7C1EA2B21 /* libPods-net.a in Frameworks */ = {isa = PBXBuildFile; fileRef = B38BE0094CCAF71EEF19C922 /* libPods-net.a */; };
		E8FCBD124B8B0CAA64512CFB /* libPods-uat.a in Frameworks */ = {isa = PBXBuildFile; fileRef = 1324DE619428EB3AFBB1044B /* libPods-uat.a */; };
/* End PBXBuildFile section */

/* Begin PBXContainerItemProxy section */
		00DFC6C624C83F95006A53EE /* PBXContainerItemProxy */ = {
			isa = PBXContainerItemProxy;
			containerPortal = 00DFC6A224C83F94006A53EE /* Project object */;
			proxyType = 1;
			remoteGlobalIDString = 00DFC6A924C83F94006A53EE;
			remoteInfo = iOS;
		};
		00DFC6D124C83F95006A53EE /* PBXContainerItemProxy */ = {
			isa = PBXContainerItemProxy;
			containerPortal = 00DFC6A224C83F94006A53EE /* Project object */;
			proxyType = 1;
			remoteGlobalIDString = 00DFC6A924C83F94006A53EE;
			remoteInfo = iOS;
		};
/* End PBXContainerItemProxy section */

/* Begin PBXFileReference section */
		003F95D924DA4A6100633E1F /* libc++.tbd */ = {isa = PBXFileReference; lastKnownFileType = "sourcecode.text-based-dylib-definition"; name = "libc++.tbd"; path = "usr/lib/libc++.tbd"; sourceTree = SDKROOT; };
		00DFC6AA24C83F94006A53EE /* net.app */ = {isa = PBXFileReference; explicitFileType = wrapper.application; includeInIndex = 0; path = net.app; sourceTree = BUILT_PRODUCTS_DIR; };
		00DFC6C524C83F95006A53EE /* netTests.xctest */ = {isa = PBXFileReference; explicitFileType = wrapper.cfbundle; includeInIndex = 0; path = netTests.xctest; sourceTree = BUILT_PRODUCTS_DIR; };
		00DFC6C924C83F95006A53EE /* iNetTests.m */ = {isa = PBXFileReference; lastKnownFileType = sourcecode.c.objc; path = iNetTests.m; sourceTree = "<group>"; };
		00DFC6CB24C83F95006A53EE /* Info.plist */ = {isa = PBXFileReference; lastKnownFileType = text.plist.xml; path = Info.plist; sourceTree = "<group>"; };
		00DFC6D024C83F95006A53EE /* netUITests.xctest */ = {isa = PBXFileReference; explicitFileType = wrapper.cfbundle; includeInIndex = 0; path = netUITests.xctest; sourceTree = BUILT_PRODUCTS_DIR; };
		00DFC6D424C83F95006A53EE /* iOSUITests.m */ = {isa = PBXFileReference; lastKnownFileType = sourcecode.c.objc; path = iOSUITests.m; sourceTree = "<group>"; };
		00DFC6D624C83F95006A53EE /* Info.plist */ = {isa = PBXFileReference; lastKnownFileType = text.plist.xml; path = Info.plist; sourceTree = "<group>"; };
		00DFC6E324C84000006A53EE /* AppDelegate.h */ = {isa = PBXFileReference; fileEncoding = 4; lastKnownFileType = sourcecode.c.h; path = AppDelegate.h; sourceTree = "<group>"; };
		00DFC6E424C84000006A53EE /* Assets.xcassets */ = {isa = PBXFileReference; lastKnownFileType = folder.assetcatalog; path = Assets.xcassets; sourceTree = "<group>"; };
		00DFC6EB24C84000006A53EE /* main.m */ = {isa = PBXFileReference; fileEncoding = 4; lastKnownFileType = sourcecode.c.objc; path = main.m; sourceTree = "<group>"; };
		00DFC6EC24C84000006A53EE /* AppDelegate.m */ = {isa = PBXFileReference; fileEncoding = 4; lastKnownFileType = sourcecode.c.objc; path = AppDelegate.m; sourceTree = "<group>"; };
		00DFC6ED24C84000006A53EE /* Info.plist */ = {isa = PBXFileReference; fileEncoding = 4; lastKnownFileType = text.plist.xml; path = Info.plist; sourceTree = "<group>"; };
		00DFC6F824C841FD006A53EE /* EntryViewController.h */ = {isa = PBXFileReference; lastKnownFileType = sourcecode.c.h; path = EntryViewController.h; sourceTree = "<group>"; };
		00DFC6FA24C841FD006A53EE /* EntryViewController.xib */ = {isa = PBXFileReference; lastKnownFileType = file.xib; path = EntryViewController.xib; sourceTree = "<group>"; };
		01D84C6C13F7C70F566C7345 /* Pods-SharedLibs-netUITests.debug.xcconfig */ = {isa = PBXFileReference; includeInIndex = 1; lastKnownFileType = text.xcconfig; name = "Pods-SharedLibs-netUITests.debug.xcconfig"; path = "Target Support Files/Pods-SharedLibs-netUITests/Pods-SharedLibs-netUITests.debug.xcconfig"; sourceTree = "<group>"; };
		033EC6F0470EC20A2B48D442 /* Pods-SharedLibs-netTests.debug.xcconfig */ = {isa = PBXFileReference; includeInIndex = 1; lastKnownFileType = text.xcconfig; name = "Pods-SharedLibs-netTests.debug.xcconfig"; path = "Target Support Files/Pods-SharedLibs-netTests/Pods-SharedLibs-netTests.debug.xcconfig"; sourceTree = "<group>"; };
		05DB072EC16780DC21C5AF4B /* libPods-sit.a */ = {isa = PBXFileReference; explicitFileType = archive.ar; includeInIndex = 0; path = "libPods-sit.a"; sourceTree = BUILT_PRODUCTS_DIR; };
		1192C7DE17F5AB93E35B08A2 /* Pods-ModuleApp-ModuleAppUITests.debug.xcconfig */ = {isa = PBXFileReference; includeInIndex = 1; lastKnownFileType = text.xcconfig; name = "Pods-ModuleApp-ModuleAppUITests.debug.xcconfig"; path = "Target Support Files/Pods-ModuleApp-ModuleAppUITests/Pods-ModuleApp-ModuleAppUITests.debug.xcconfig"; sourceTree = "<group>"; };
		1324DE619428EB3AFBB1044B /* libPods-uat.a */ = {isa = PBXFileReference; explicitFileType = archive.ar; includeInIndex = 0; path = "libPods-uat.a"; sourceTree = BUILT_PRODUCTS_DIR; };
		29A8E4C45DA829D493BB387D /* Pods-netUITests.release.xcconfig */ = {isa = PBXFileReference; includeInIndex = 1; lastKnownFileType = text.xcconfig; name = "Pods-netUITests.release.xcconfig"; path = "Target Support Files/Pods-netUITests/Pods-netUITests.release.xcconfig"; sourceTree = "<group>"; };
		2DCA87AAE86E310D57FEEBFE /* Pods-abstract-netTests.release.xcconfig */ = {isa = PBXFileReference; includeInIndex = 1; lastKnownFileType = text.xcconfig; name = "Pods-abstract-netTests.release.xcconfig"; path = "Target Support Files/Pods-abstract-netTests/Pods-abstract-netTests.release.xcconfig"; sourceTree = "<group>"; };
		34F693434A50457CA7AC4D2A /* libPods-netUITests.a */ = {isa = PBXFileReference; explicitFileType = archive.ar; includeInIndex = 0; path = "libPods-netUITests.a"; sourceTree = BUILT_PRODUCTS_DIR; };
		38E983922615F6E8007F6BDF /* Native_net.m */ = {isa = PBXFileReference; fileEncoding = 4; lastKnownFileType = sourcecode.c.objc; path = Native_net.m; sourceTree = "<group>"; };
		38E983932615F6E8007F6BDF /* Native_net.h */ = {isa = PBXFileReference; fileEncoding = 4; lastKnownFileType = sourcecode.c.h; path = Native_net.h; sourceTree = "<group>"; };
		3B0B693E1A63099F30F8DF08 /* Pods-SharedLibs-sit.debug.xcconfig */ = {isa = PBXFileReference; includeInIndex = 1; lastKnownFileType = text.xcconfig; name = "Pods-SharedLibs-sit.debug.xcconfig"; path = "Target Support Files/Pods-SharedLibs-sit/Pods-SharedLibs-sit.debug.xcconfig"; sourceTree = "<group>"; };
		3E3352B88692C85D851BD2C9 /* Pods-SharedLibs-sit.release.xcconfig */ = {isa = PBXFileReference; includeInIndex = 1; lastKnownFileType = text.xcconfig; name = "Pods-SharedLibs-sit.release.xcconfig"; path = "Target Support Files/Pods-SharedLibs-sit/Pods-SharedLibs-sit.release.xcconfig"; sourceTree = "<group>"; };
		444811F5D0CB141C1947B0EE /* Pods-sit.release.xcconfig */ = {isa = PBXFileReference; includeInIndex = 1; lastKnownFileType = text.xcconfig; name = "Pods-sit.release.xcconfig"; path = "Target Support Files/Pods-sit/Pods-sit.release.xcconfig"; sourceTree = "<group>"; };
		484AA2DB9663D6A0841C0481 /* Pods-ModuleApp-ModuleAppUITests.release.xcconfig */ = {isa = PBXFileReference; includeInIndex = 1; lastKnownFileType = text.xcconfig; name = "Pods-ModuleApp-ModuleAppUITests.release.xcconfig"; path = "Target Support Files/Pods-ModuleApp-ModuleAppUITests/Pods-ModuleApp-ModuleAppUITests.release.xcconfig"; sourceTree = "<group>"; };
		580B91712694CCEA006AD356 /* sit.app */ = {isa = PBXFileReference; explicitFileType = wrapper.application; includeInIndex = 0; path = sit.app; sourceTree = BUILT_PRODUCTS_DIR; };
		580B918D2694CDB7006AD356 /* Info.sit.plist */ = {isa = PBXFileReference; fileEncoding = 4; lastKnownFileType = text.plist.xml; path = Info.sit.plist; sourceTree = "<group>"; };
		580B91C02694D0DA006AD356 /* uat.app */ = {isa = PBXFileReference; explicitFileType = wrapper.application; includeInIndex = 0; path = uat.app; sourceTree = BUILT_PRODUCTS_DIR; };
		580B91CC2694D10D006AD356 /* Info.uat.plist */ = {isa = PBXFileReference; fileEncoding = 4; lastKnownFileType = text.plist.xml; path = Info.uat.plist; sourceTree = "<group>"; };
		58732F5327042D920098F18C /* GlobalNoResponseFilter.m */ = {isa = PBXFileReference; fileEncoding = 4; lastKnownFileType = sourcecode.c.objc; path = GlobalNoResponseFilter.m; sourceTree = "<group>"; };
		58732F5427042D920098F18C /* GlobalMergeRequestFilter.m */ = {isa = PBXFileReference; fileEncoding = 4; lastKnownFileType = sourcecode.c.objc; path = GlobalMergeRequestFilter.m; sourceTree = "<group>"; };
		58732F5527042D920098F18C /* GlobalConfigFilter.m */ = {isa = PBXFileReference; fileEncoding = 4; lastKnownFileType = sourcecode.c.objc; path = GlobalConfigFilter.m; sourceTree = "<group>"; };
		58732F5727042D920098F18C /* GlobalJsonFilter.h */ = {isa = PBXFileReference; fileEncoding = 4; lastKnownFileType = sourcecode.c.h; path = GlobalJsonFilter.h; sourceTree = "<group>"; };
		58732F5827042D920098F18C /* GlobalConfigFilter.h */ = {isa = PBXFileReference; fileEncoding = 4; lastKnownFileType = sourcecode.c.h; path = GlobalConfigFilter.h; sourceTree = "<group>"; };
		58732F5927042D930098F18C /* GlobalMergeRequestFilter.h */ = {isa = PBXFileReference; fileEncoding = 4; lastKnownFileType = sourcecode.c.h; path = GlobalMergeRequestFilter.h; sourceTree = "<group>"; };
		58732F5A27042D930098F18C /* GlobalNoResponseFilter.h */ = {isa = PBXFileReference; fileEncoding = 4; lastKnownFileType = sourcecode.c.h; path = GlobalNoResponseFilter.h; sourceTree = "<group>"; };
		58732F5B27042D930098F18C /* GlobalJsonFilter.m */ = {isa = PBXFileReference; fileEncoding = 4; lastKnownFileType = sourcecode.c.objc; path = GlobalJsonFilter.m; sourceTree = "<group>"; };
		58732F5C27042D930098F18C /* GlobalStatusCodeNot2xxFilter.h */ = {isa = PBXFileReference; fileEncoding = 4; lastKnownFileType = sourcecode.c.h; path = GlobalStatusCodeNot2xxFilter.h; sourceTree = "<group>"; };
		58F37F782704496800EADBBB /* TodoApi.h */ = {isa = PBXFileReference; lastKnownFileType = sourcecode.c.h; path = TodoApi.h; sourceTree = "<group>"; };
		58F37F792704496800EADBBB /* TodoApi.m */ = {isa = PBXFileReference; lastKnownFileType = sourcecode.c.objc; path = TodoApi.m; sourceTree = "<group>"; };
		58F37F84270464B500EADBBB /* KOHttp.m */ = {isa = PBXFileReference; fileEncoding = 4; lastKnownFileType = sourcecode.c.objc; path = KOHttp.m; sourceTree = "<group>"; };
		58F37F85270464B500EADBBB /* NSMutableURLRequest+Filter.h */ = {isa = PBXFileReference; fileEncoding = 4; lastKnownFileType = sourcecode.c.h; path = "NSMutableURLRequest+Filter.h"; sourceTree = "<group>"; };
		58F37F87270464B500EADBBB /* KOHttp.h */ = {isa = PBXFileReference; fileEncoding = 4; lastKnownFileType = sourcecode.c.h; path = KOHttp.h; sourceTree = "<group>"; };
		58F37F88270464B500EADBBB /* NSMutableURLRequest+Filter.m */ = {isa = PBXFileReference; fileEncoding = 4; lastKnownFileType = sourcecode.c.objc; path = "NSMutableURLRequest+Filter.m"; sourceTree = "<group>"; };
		58F37F9227046B9A00EADBBB /* PostApi.m */ = {isa = PBXFileReference; fileEncoding = 4; lastKnownFileType = sourcecode.c.objc; path = PostApi.m; sourceTree = "<group>"; };
		58F37F9327046B9A00EADBBB /* PostApi.h */ = {isa = PBXFileReference; fileEncoding = 4; lastKnownFileType = sourcecode.c.h; path = PostApi.h; sourceTree = "<group>"; };
		58F37F97270481D100EADBBB /* gen_ZKBaseApi.h */ = {isa = PBXFileReference; lastKnownFileType = sourcecode.c.h; path = gen_ZKBaseApi.h; sourceTree = "<group>"; };
		58F37F98270481D100EADBBB /* gen_ZKBaseApi.m */ = {isa = PBXFileReference; lastKnownFileType = sourcecode.c.objc; path = gen_ZKBaseApi.m; sourceTree = "<group>"; };
		58F37F9A2704DB3C00EADBBB /* GlobalStatusCodeNot2xxFilter.m */ = {isa = PBXFileReference; fileEncoding = 4; lastKnownFileType = sourcecode.c.objc; path = GlobalStatusCodeNot2xxFilter.m; sourceTree = "<group>"; };
		58F37FA527062EDD00EADBBB /* LoggingFilter.m */ = {isa = PBXFileReference; fileEncoding = 4; lastKnownFileType = sourcecode.c.objc; path = LoggingFilter.m; sourceTree = "<group>"; };
		58F37FA627062EDD00EADBBB /* LoggingFilter.h */ = {isa = PBXFileReference; fileEncoding = 4; lastKnownFileType = sourcecode.c.h; path = LoggingFilter.h; sourceTree = "<group>"; };
		58F37FBA270E177A00EADBBB /* KOBaseApi.h */ = {isa = PBXFileReference; fileEncoding = 4; lastKnownFileType = sourcecode.c.h; path = KOBaseApi.h; sourceTree = "<group>"; };
		58F37FBB270E177A00EADBBB /* KOBaseApi.m */ = {isa = PBXFileReference; fileEncoding = 4; lastKnownFileType = sourcecode.c.objc; path = KOBaseApi.m; sourceTree = "<group>"; };
		58F37FCD2710076500EADBBB /* EntryViewController.m */ = {isa = PBXFileReference; fileEncoding = 4; lastKnownFileType = sourcecode.c.objc; path = EntryViewController.m; sourceTree = "<group>"; };
		58F37FD027100D2D00EADBBB /* Simple.ts */ = {isa = PBXFileReference; fileEncoding = 4; lastKnownFileType = text; path = Simple.ts; sourceTree = "<group>"; };
		58F37FD127100D2D00EADBBB /* gm_general_appVersion_checkUpdate.ts */ = {isa = PBXFileReference; fileEncoding = 4; lastKnownFileType = text; path = gm_general_appVersion_checkUpdate.ts; sourceTree = "<group>"; };
		58F37FD527100D2D00EADBBB /* x_api_gm_general_appVersion_checkUpdate.m */ = {isa = PBXFileReference; fileEncoding = 4; lastKnownFileType = sourcecode.c.objc; path = x_api_gm_general_appVersion_checkUpdate.m; sourceTree = "<group>"; };
		58F37FD627100D2D00EADBBB /* x_api_undefined.h */ = {isa = PBXFileReference; fileEncoding = 4; lastKnownFileType = sourcecode.c.h; path = x_api_undefined.h; sourceTree = "<group>"; };
		58F37FD727100D2D00EADBBB /* x_api_gm_general_appVersion_checkUpdate.h */ = {isa = PBXFileReference; fileEncoding = 4; lastKnownFileType = sourcecode.c.h; path = x_api_gm_general_appVersion_checkUpdate.h; sourceTree = "<group>"; };
		58F37FE027100D2D00EADBBB /* .java */ = {isa = PBXFileReference; fileEncoding = 4; lastKnownFileType = text; path = .java; sourceTree = "<group>"; };
		58F37FE127100D2D00EADBBB /* Post.ts */ = {isa = PBXFileReference; fileEncoding = 4; lastKnownFileType = text; path = Post.ts; sourceTree = "<group>"; };
		58F37FE227100D2D00EADBBB /* swagger.ts */ = {isa = PBXFileReference; fileEncoding = 4; lastKnownFileType = text; path = swagger.ts; sourceTree = "<group>"; };
		58F37FE327100D2D00EADBBB /* update.ts */ = {isa = PBXFileReference; fileEncoding = 4; lastKnownFileType = text; path = update.ts; sourceTree = "<group>"; };
		5BADAF100E4D8E7C05B5C5BB /* Pods-ModuleApp.release.xcconfig */ = {isa = PBXFileReference; includeInIndex = 1; lastKnownFileType = text.xcconfig; name = "Pods-ModuleApp.release.xcconfig"; path = "Target Support Files/Pods-ModuleApp/Pods-ModuleApp.release.xcconfig"; sourceTree = "<group>"; };
		63DE3BD3E28F9EAAA98AA143 /* Pods-netTests.release.xcconfig */ = {isa = PBXFileReference; includeInIndex = 1; lastKnownFileType = text.xcconfig; name = "Pods-netTests.release.xcconfig"; path = "Target Support Files/Pods-netTests/Pods-netTests.release.xcconfig"; sourceTree = "<group>"; };
		6BC4EC306FCA064B296EDD37 /* Pods-abstract-net.release.xcconfig */ = {isa = PBXFileReference; includeInIndex = 1; lastKnownFileType = text.xcconfig; name = "Pods-abstract-net.release.xcconfig"; path = "Target Support Files/Pods-abstract-net/Pods-abstract-net.release.xcconfig"; sourceTree = "<group>"; };
		72641C340A39E3023A427808 /* Pods-abstract-netUITests.release.xcconfig */ = {isa = PBXFileReference; includeInIndex = 1; lastKnownFileType = text.xcconfig; name = "Pods-abstract-netUITests.release.xcconfig"; path = "Target Support Files/Pods-abstract-netUITests/Pods-abstract-netUITests.release.xcconfig"; sourceTree = "<group>"; };
		7B83CD0102A64A432A92EE16 /* Pods-abstract-net.debug.xcconfig */ = {isa = PBXFileReference; includeInIndex = 1; lastKnownFileType = text.xcconfig; name = "Pods-abstract-net.debug.xcconfig"; path = "Target Support Files/Pods-abstract-net/Pods-abstract-net.debug.xcconfig"; sourceTree = "<group>"; };
		884143ABEFD722050DDC70A3 /* Pods-net-netUITests.release.xcconfig */ = {isa = PBXFileReference; includeInIndex = 1; lastKnownFileType = text.xcconfig; name = "Pods-net-netUITests.release.xcconfig"; path = "Target Support Files/Pods-net-netUITests/Pods-net-netUITests.release.xcconfig"; sourceTree = "<group>"; };
		8A4FCA27E7FE59204E44E83A /* Pods-abstract-netTests.debug.xcconfig */ = {isa = PBXFileReference; includeInIndex = 1; lastKnownFileType = text.xcconfig; name = "Pods-abstract-netTests.debug.xcconfig"; path = "Target Support Files/Pods-abstract-netTests/Pods-abstract-netTests.debug.xcconfig"; sourceTree = "<group>"; };
		9272408DD3356C0889C56BE8 /* Pods-net.release.xcconfig */ = {isa = PBXFileReference; includeInIndex = 1; lastKnownFileType = text.xcconfig; name = "Pods-net.release.xcconfig"; path = "Target Support Files/Pods-net/Pods-net.release.xcconfig"; sourceTree = "<group>"; };
		931ED23C7F80F1DBDE07E3DB /* Pods-SharedLibs-net.release.xcconfig */ = {isa = PBXFileReference; includeInIndex = 1; lastKnownFileType = text.xcconfig; name = "Pods-SharedLibs-net.release.xcconfig"; path = "Target Support Files/Pods-SharedLibs-net/Pods-SharedLibs-net.release.xcconfig"; sourceTree = "<group>"; };
		99E2791A9045AAC4D5BE8FBB /* libPods-netTests.a */ = {isa = PBXFileReference; explicitFileType = archive.ar; includeInIndex = 0; path = "libPods-netTests.a"; sourceTree = BUILT_PRODUCTS_DIR; };
		A5D13A8E4F88C6229E85D0A4 /* Pods-netTests.debug.xcconfig */ = {isa = PBXFileReference; includeInIndex = 1; lastKnownFileType = text.xcconfig; name = "Pods-netTests.debug.xcconfig"; path = "Target Support Files/Pods-netTests/Pods-netTests.debug.xcconfig"; sourceTree = "<group>"; };
		AA61277E946A43DAD1657AED /* Pods-abstract-netUITests.debug.xcconfig */ = {isa = PBXFileReference; includeInIndex = 1; lastKnownFileType = text.xcconfig; name = "Pods-abstract-netUITests.debug.xcconfig"; path = "Target Support Files/Pods-abstract-netUITests/Pods-abstract-netUITests.debug.xcconfig"; sourceTree = "<group>"; };
		AB9CE613D08F083771B7F561 /* Pods-uat.debug.xcconfig */ = {isa = PBXFileReference; includeInIndex = 1; lastKnownFileType = text.xcconfig; name = "Pods-uat.debug.xcconfig"; path = "Target Support Files/Pods-uat/Pods-uat.debug.xcconfig"; sourceTree = "<group>"; };
		B38BE0094CCAF71EEF19C922 /* libPods-net.a */ = {isa = PBXFileReference; explicitFileType = archive.ar; includeInIndex = 0; path = "libPods-net.a"; sourceTree = BUILT_PRODUCTS_DIR; };
		BC9328813DA9AD9B20D713E0 /* Pods-netUITests.debug.xcconfig */ = {isa = PBXFileReference; includeInIndex = 1; lastKnownFileType = text.xcconfig; name = "Pods-netUITests.debug.xcconfig"; path = "Target Support Files/Pods-netUITests/Pods-netUITests.debug.xcconfig"; sourceTree = "<group>"; };
		C41BD34806B6619ACBB99D5D /* Pods-ModuleApp.debug.xcconfig */ = {isa = PBXFileReference; includeInIndex = 1; lastKnownFileType = text.xcconfig; name = "Pods-ModuleApp.debug.xcconfig"; path = "Target Support Files/Pods-ModuleApp/Pods-ModuleApp.debug.xcconfig"; sourceTree = "<group>"; };
		DB79DB37676E191DC7FD69B6 /* Pods-SharedLibs-net.debug.xcconfig */ = {isa = PBXFileReference; includeInIndex = 1; lastKnownFileType = text.xcconfig; name = "Pods-SharedLibs-net.debug.xcconfig"; path = "Target Support Files/Pods-SharedLibs-net/Pods-SharedLibs-net.debug.xcconfig"; sourceTree = "<group>"; };
		DC24F7764E32FC4DBD8E03D7 /* Pods-net.debug.xcconfig */ = {isa = PBXFileReference; includeInIndex = 1; lastKnownFileType = text.xcconfig; name = "Pods-net.debug.xcconfig"; path = "Target Support Files/Pods-net/Pods-net.debug.xcconfig"; sourceTree = "<group>"; };
		E0D4758100838F0CB236BDD3 /* Pods-sit.debug.xcconfig */ = {isa = PBXFileReference; includeInIndex = 1; lastKnownFileType = text.xcconfig; name = "Pods-sit.debug.xcconfig"; path = "Target Support Files/Pods-sit/Pods-sit.debug.xcconfig"; sourceTree = "<group>"; };
		EDEA31ED24E996615FFB7226 /* Pods-SharedLibs-netUITests.release.xcconfig */ = {isa = PBXFileReference; includeInIndex = 1; lastKnownFileType = text.xcconfig; name = "Pods-SharedLibs-netUITests.release.xcconfig"; path = "Target Support Files/Pods-SharedLibs-netUITests/Pods-SharedLibs-netUITests.release.xcconfig"; sourceTree = "<group>"; };
		F216F53D7C10A7C19DFB64AF /* Pods-SharedLibs-netTests.release.xcconfig */ = {isa = PBXFileReference; includeInIndex = 1; lastKnownFileType = text.xcconfig; name = "Pods-SharedLibs-netTests.release.xcconfig"; path = "Target Support Files/Pods-SharedLibs-netTests/Pods-SharedLibs-netTests.release.xcconfig"; sourceTree = "<group>"; };
		F5EDE8A1FAE72B874E09CD26 /* Pods-uat.release.xcconfig */ = {isa = PBXFileReference; includeInIndex = 1; lastKnownFileType = text.xcconfig; name = "Pods-uat.release.xcconfig"; path = "Target Support Files/Pods-uat/Pods-uat.release.xcconfig"; sourceTree = "<group>"; };
		F625F7C354D7561221903338 /* Pods-net-netUITests.debug.xcconfig */ = {isa = PBXFileReference; includeInIndex = 1; lastKnownFileType = text.xcconfig; name = "Pods-net-netUITests.debug.xcconfig"; path = "Target Support Files/Pods-net-netUITests/Pods-net-netUITests.debug.xcconfig"; sourceTree = "<group>"; };
/* End PBXFileReference section */

/* Begin PBXFrameworksBuildPhase section */
		00DFC6A724C83F94006A53EE /* Frameworks */ = {
			isa = PBXFrameworksBuildPhase;
			buildActionMask = 2147483647;
			files = (
				003F95DA24DA4A6100633E1F /* libc++.tbd in Frameworks */,
				D6471BA55410F7E7C1EA2B21 /* libPods-net.a in Frameworks */,
			);
			runOnlyForDeploymentPostprocessing = 0;
		};
		00DFC6C224C83F95006A53EE /* Frameworks */ = {
			isa = PBXFrameworksBuildPhase;
			buildActionMask = 2147483647;
			files = (
				B716B8680FFBE4A942FBAD7C /* libPods-netTests.a in Frameworks */,
			);
			runOnlyForDeploymentPostprocessing = 0;
		};
		00DFC6CD24C83F95006A53EE /* Frameworks */ = {
			isa = PBXFrameworksBuildPhase;
			buildActionMask = 2147483647;
			files = (
				32903E3B00A2B4C1FECF371B /* libPods-netUITests.a in Frameworks */,
			);
			runOnlyForDeploymentPostprocessing = 0;
		};
		580B91672694CCEA006AD356 /* Frameworks */ = {
			isa = PBXFrameworksBuildPhase;
			buildActionMask = 2147483647;
			files = (
				580B91682694CCEA006AD356 /* libc++.tbd in Frameworks */,
				A34D74F2ECABB58EC6384A41 /* (null) in Frameworks */,
				565DD27B989F5FB8F69BF75F /* libPods-sit.a in Frameworks */,
			);
			runOnlyForDeploymentPostprocessing = 0;
		};
		580B91B62694D0DA006AD356 /* Frameworks */ = {
			isa = PBXFrameworksBuildPhase;
			buildActionMask = 2147483647;
			files = (
				580B91B72694D0DA006AD356 /* libc++.tbd in Frameworks */,
				E8FCBD124B8B0CAA64512CFB /* libPods-uat.a in Frameworks */,
			);
			runOnlyForDeploymentPostprocessing = 0;
		};
/* End PBXFrameworksBuildPhase section */

/* Begin PBXGroup section */
		00DFC6A124C83F94006A53EE = {
			isa = PBXGroup;
			children = (
				58E8333F24E1300E008DDFBE /* Class */,
				00DFC6E224C84000006A53EE /* net */,
				00DFC6C824C83F95006A53EE /* iOSTests */,
				00DFC6D324C83F95006A53EE /* iOSUITests */,
				00DFC6AB24C83F94006A53EE /* Products */,
				5566DC63F412C2C1E9076389 /* Pods */,
				B1C6B1D81743291D8E148429 /* Frameworks */,
			);
			sourceTree = "<group>";
		};
		00DFC6AB24C83F94006A53EE /* Products */ = {
			isa = PBXGroup;
			children = (
				00DFC6AA24C83F94006A53EE /* net.app */,
				00DFC6C524C83F95006A53EE /* netTests.xctest */,
				00DFC6D024C83F95006A53EE /* netUITests.xctest */,
				580B91712694CCEA006AD356 /* sit.app */,
				580B91C02694D0DA006AD356 /* uat.app */,
			);
			name = Products;
			sourceTree = "<group>";
		};
		00DFC6C824C83F95006A53EE /* iOSTests */ = {
			isa = PBXGroup;
			children = (
				00DFC6C924C83F95006A53EE /* iNetTests.m */,
				00DFC6CB24C83F95006A53EE /* Info.plist */,
			);
			path = iOSTests;
			sourceTree = "<group>";
		};
		00DFC6D324C83F95006A53EE /* iOSUITests */ = {
			isa = PBXGroup;
			children = (
				00DFC6D424C83F95006A53EE /* iOSUITests.m */,
				00DFC6D624C83F95006A53EE /* Info.plist */,
			);
			path = iOSUITests;
			sourceTree = "<group>";
		};
		00DFC6E224C84000006A53EE /* net */ = {
			isa = PBXGroup;
			children = (
				58F37FCF27100D2D00EADBBB /* model */,
				58F37F772704495C00EADBBB /* api */,
				00DFC6E324C84000006A53EE /* AppDelegate.h */,
				00DFC6EC24C84000006A53EE /* AppDelegate.m */,
				00DFC6E424C84000006A53EE /* Assets.xcassets */,
				00DFC6ED24C84000006A53EE /* Info.plist */,
				580B91CC2694D10D006AD356 /* Info.uat.plist */,
				580B918D2694CDB7006AD356 /* Info.sit.plist */,
				00DFC6EB24C84000006A53EE /* main.m */,
				00DFC6F824C841FD006A53EE /* EntryViewController.h */,
				58F37FCD2710076500EADBBB /* EntryViewController.m */,
				00DFC6FA24C841FD006A53EE /* EntryViewController.xib */,
			);
			path = net;
			sourceTree = "<group>";
		};
		5566DC63F412C2C1E9076389 /* Pods */ = {
			isa = PBXGroup;
			children = (
				C41BD34806B6619ACBB99D5D /* Pods-ModuleApp.debug.xcconfig */,
				5BADAF100E4D8E7C05B5C5BB /* Pods-ModuleApp.release.xcconfig */,
				1192C7DE17F5AB93E35B08A2 /* Pods-ModuleApp-ModuleAppUITests.debug.xcconfig */,
				484AA2DB9663D6A0841C0481 /* Pods-ModuleApp-ModuleAppUITests.release.xcconfig */,
				DC24F7764E32FC4DBD8E03D7 /* Pods-net.debug.xcconfig */,
				9272408DD3356C0889C56BE8 /* Pods-net.release.xcconfig */,
				F625F7C354D7561221903338 /* Pods-net-netUITests.debug.xcconfig */,
				884143ABEFD722050DDC70A3 /* Pods-net-netUITests.release.xcconfig */,
				7B83CD0102A64A432A92EE16 /* Pods-abstract-net.debug.xcconfig */,
				6BC4EC306FCA064B296EDD37 /* Pods-abstract-net.release.xcconfig */,
				8A4FCA27E7FE59204E44E83A /* Pods-abstract-netTests.debug.xcconfig */,
				2DCA87AAE86E310D57FEEBFE /* Pods-abstract-netTests.release.xcconfig */,
				AA61277E946A43DAD1657AED /* Pods-abstract-netUITests.debug.xcconfig */,
				72641C340A39E3023A427808 /* Pods-abstract-netUITests.release.xcconfig */,
				A5D13A8E4F88C6229E85D0A4 /* Pods-netTests.debug.xcconfig */,
				63DE3BD3E28F9EAAA98AA143 /* Pods-netTests.release.xcconfig */,
				BC9328813DA9AD9B20D713E0 /* Pods-netUITests.debug.xcconfig */,
				29A8E4C45DA829D493BB387D /* Pods-netUITests.release.xcconfig */,
				DB79DB37676E191DC7FD69B6 /* Pods-SharedLibs-net.debug.xcconfig */,
				931ED23C7F80F1DBDE07E3DB /* Pods-SharedLibs-net.release.xcconfig */,
				033EC6F0470EC20A2B48D442 /* Pods-SharedLibs-netTests.debug.xcconfig */,
				F216F53D7C10A7C19DFB64AF /* Pods-SharedLibs-netTests.release.xcconfig */,
				01D84C6C13F7C70F566C7345 /* Pods-SharedLibs-netUITests.debug.xcconfig */,
				EDEA31ED24E996615FFB7226 /* Pods-SharedLibs-netUITests.release.xcconfig */,
				3B0B693E1A63099F30F8DF08 /* Pods-SharedLibs-sit.debug.xcconfig */,
				3E3352B88692C85D851BD2C9 /* Pods-SharedLibs-sit.release.xcconfig */,
				E0D4758100838F0CB236BDD3 /* Pods-sit.debug.xcconfig */,
				444811F5D0CB141C1947B0EE /* Pods-sit.release.xcconfig */,
				AB9CE613D08F083771B7F561 /* Pods-uat.debug.xcconfig */,
				F5EDE8A1FAE72B874E09CD26 /* Pods-uat.release.xcconfig */,
			);
			path = Pods;
			sourceTree = "<group>";
		};
		58732F5227042D920098F18C /* filters */ = {
			isa = PBXGroup;
			children = (
				58732F5327042D920098F18C /* GlobalNoResponseFilter.m */,
				58732F5427042D920098F18C /* GlobalMergeRequestFilter.m */,
				58732F5527042D920098F18C /* GlobalConfigFilter.m */,
				58732F5827042D920098F18C /* GlobalConfigFilter.h */,
				58732F5927042D930098F18C /* GlobalMergeRequestFilter.h */,
				58732F5A27042D930098F18C /* GlobalNoResponseFilter.h */,
				58732F5727042D920098F18C /* GlobalJsonFilter.h */,
				58732F5B27042D930098F18C /* GlobalJsonFilter.m */,
				58732F5C27042D930098F18C /* GlobalStatusCodeNot2xxFilter.h */,
				58F37F9A2704DB3C00EADBBB /* GlobalStatusCodeNot2xxFilter.m */,
			);
			path = filters;
			sourceTree = "<group>";
		};
		58E8333F24E1300E008DDFBE /* Class */ = {
			isa = PBXGroup;
			children = (
				58F37F82270464B500EADBBB /* core */,
				58732F5227042D920098F18C /* filters */,
				38E983932615F6E8007F6BDF /* Native_net.h */,
				38E983922615F6E8007F6BDF /* Native_net.m */,
			);
			path = Class;
			sourceTree = "<group>";
		};
		58F37F772704495C00EADBBB /* api */ = {
			isa = PBXGroup;
			children = (
				58F37FA627062EDD00EADBBB /* LoggingFilter.h */,
				58F37FA527062EDD00EADBBB /* LoggingFilter.m */,
				58F37F9327046B9A00EADBBB /* PostApi.h */,
				58F37F9227046B9A00EADBBB /* PostApi.m */,
				58F37F97270481D100EADBBB /* gen_ZKBaseApi.h */,
				58F37F98270481D100EADBBB /* gen_ZKBaseApi.m */,
				58F37F782704496800EADBBB /* TodoApi.h */,
				58F37F792704496800EADBBB /* TodoApi.m */,
			);
			path = api;
			sourceTree = "<group>";
		};
		58F37F82270464B500EADBBB /* core */ = {
			isa = PBXGroup;
			children = (
				58F37F87270464B500EADBBB /* KOHttp.h */,
				58F37F84270464B500EADBBB /* KOHttp.m */,
				58F37FBA270E177A00EADBBB /* KOBaseApi.h */,
				58F37FBB270E177A00EADBBB /* KOBaseApi.m */,
				58F37F85270464B500EADBBB /* NSMutableURLRequest+Filter.h */,
				58F37F88270464B500EADBBB /* NSMutableURLRequest+Filter.m */,
			);
			path = core;
			sourceTree = "<group>";
		};
		58F37FCF27100D2D00EADBBB /* model */ = {
			isa = PBXGroup;
			children = (
				58F37FD027100D2D00EADBBB /* Simple.ts */,
				58F37FD127100D2D00EADBBB /* gm_general_appVersion_checkUpdate.ts */,
				58F37FD227100D2D00EADBBB /* iOS */,
				58F37FD827100D2D00EADBBB /* android */,
				58F37FE127100D2D00EADBBB /* Post.ts */,
				58F37FE227100D2D00EADBBB /* swagger.ts */,
				58F37FE327100D2D00EADBBB /* update.ts */,
			);
			path = model;
			sourceTree = SOURCE_ROOT;
		};
		58F37FD227100D2D00EADBBB /* iOS */ = {
			isa = PBXGroup;
			children = (
				58F37FD327100D2D00EADBBB /* Class */,
			);
			path = iOS;
			sourceTree = "<group>";
		};
		58F37FD327100D2D00EADBBB /* Class */ = {
			isa = PBXGroup;
			children = (
				58F37FD427100D2D00EADBBB /* gen */,
			);
			path = Class;
			sourceTree = "<group>";
		};
		58F37FD427100D2D00EADBBB /* gen */ = {
			isa = PBXGroup;
			children = (
				58F37FD527100D2D00EADBBB /* x_api_gm_general_appVersion_checkUpdate.m */,
				58F37FD627100D2D00EADBBB /* x_api_undefined.h */,
				58F37FD727100D2D00EADBBB /* x_api_gm_general_appVersion_checkUpdate.h */,
			);
			path = gen;
			sourceTree = "<group>";
		};
		58F37FD827100D2D00EADBBB /* android */ = {
			isa = PBXGroup;
			children = (
				58F37FD927100D2D00EADBBB /* jsi-undefined */,
			);
			path = android;
			sourceTree = "<group>";
		};
		58F37FD927100D2D00EADBBB /* jsi-undefined */ = {
			isa = PBXGroup;
			children = (
				58F37FDA27100D2D00EADBBB /* src */,
			);
			path = "jsi-undefined";
			sourceTree = "<group>";
		};
		58F37FDA27100D2D00EADBBB /* src */ = {
			isa = PBXGroup;
			children = (
				58F37FDB27100D2D00EADBBB /* main */,
			);
			path = src;
			sourceTree = "<group>";
		};
		58F37FDB27100D2D00EADBBB /* main */ = {
			isa = PBXGroup;
			children = (
				58F37FDC27100D2D00EADBBB /* java */,
			);
			path = main;
			sourceTree = "<group>";
		};
		58F37FDC27100D2D00EADBBB /* java */ = {
			isa = PBXGroup;
			children = (
				58F37FDD27100D2D00EADBBB /* com */,
			);
			path = java;
			sourceTree = "<group>";
		};
		58F37FDD27100D2D00EADBBB /* com */ = {
			isa = PBXGroup;
			children = (
				58F37FDE27100D2D00EADBBB /* zkty */,
			);
			path = com;
			sourceTree = "<group>";
		};
		58F37FDE27100D2D00EADBBB /* zkty */ = {
			isa = PBXGroup;
			children = (
				58F37FDF27100D2D00EADBBB /* jsi */,
			);
			path = zkty;
			sourceTree = "<group>";
		};
		58F37FDF27100D2D00EADBBB /* jsi */ = {
			isa = PBXGroup;
			children = (
				58F37FE027100D2D00EADBBB /* .java */,
			);
			path = jsi;
			sourceTree = "<group>";
		};
		B1C6B1D81743291D8E148429 /* Frameworks */ = {
			isa = PBXGroup;
			children = (
				003F95D924DA4A6100633E1F /* libc++.tbd */,
				B38BE0094CCAF71EEF19C922 /* libPods-net.a */,
				99E2791A9045AAC4D5BE8FBB /* libPods-netTests.a */,
				34F693434A50457CA7AC4D2A /* libPods-netUITests.a */,
				1324DE619428EB3AFBB1044B /* libPods-uat.a */,
				05DB072EC16780DC21C5AF4B /* libPods-sit.a */,
			);
			name = Frameworks;
			sourceTree = "<group>";
		};
/* End PBXGroup section */

/* Begin PBXNativeTarget section */
		00DFC6A924C83F94006A53EE /* net */ = {
			isa = PBXNativeTarget;
			buildConfigurationList = 00DFC6D924C83F95006A53EE /* Build configuration list for PBXNativeTarget "net" */;
			buildPhases = (
				0D35607985D032CA76333046 /* [CP] Check Pods Manifest.lock */,
				00DFC6A624C83F94006A53EE /* Sources */,
				00DFC6A724C83F94006A53EE /* Frameworks */,
				00DFC6A824C83F94006A53EE /* Resources */,
				5826725D24FFE94A001D6CF3 /* ShellScript */,
			);
			buildRules = (
			);
			dependencies = (
			);
			name = net;
			productName = iOS;
			productReference = 00DFC6AA24C83F94006A53EE /* net.app */;
			productType = "com.apple.product-type.application";
		};
		00DFC6C424C83F95006A53EE /* netTests */ = {
			isa = PBXNativeTarget;
			buildConfigurationList = 00DFC6DC24C83F95006A53EE /* Build configuration list for PBXNativeTarget "netTests" */;
			buildPhases = (
				CC6219C06A1F8CEF4D860D79 /* [CP] Check Pods Manifest.lock */,
				00DFC6C124C83F95006A53EE /* Sources */,
				00DFC6C224C83F95006A53EE /* Frameworks */,
				00DFC6C324C83F95006A53EE /* Resources */,
			);
			buildRules = (
			);
			dependencies = (
				00DFC6C724C83F95006A53EE /* PBXTargetDependency */,
			);
			name = netTests;
			productName = iOSTests;
			productReference = 00DFC6C524C83F95006A53EE /* netTests.xctest */;
			productType = "com.apple.product-type.bundle.unit-test";
		};
		00DFC6CF24C83F95006A53EE /* netUITests */ = {
			isa = PBXNativeTarget;
			buildConfigurationList = 00DFC6DF24C83F95006A53EE /* Build configuration list for PBXNativeTarget "netUITests" */;
			buildPhases = (
				50B5EEA1395DD2A9E90ADE51 /* [CP] Check Pods Manifest.lock */,
				00DFC6CC24C83F95006A53EE /* Sources */,
				00DFC6CD24C83F95006A53EE /* Frameworks */,
				00DFC6CE24C83F95006A53EE /* Resources */,
				5826725C24FFE896001D6CF3 /* ShellScript */,
			);
			buildRules = (
			);
			dependencies = (
				00DFC6D224C83F95006A53EE /* PBXTargetDependency */,
			);
			name = netUITests;
			productName = iOSUITests;
			productReference = 00DFC6D024C83F95006A53EE /* netUITests.xctest */;
			productType = "com.apple.product-type.bundle.ui-testing";
		};
		580B91602694CCEA006AD356 /* sit */ = {
			isa = PBXNativeTarget;
			buildConfigurationList = 580B916E2694CCEA006AD356 /* Build configuration list for PBXNativeTarget "sit" */;
			buildPhases = (
				580B91612694CCEA006AD356 /* [CP] Check Pods Manifest.lock */,
				580B91622694CCEA006AD356 /* Sources */,
				580B91672694CCEA006AD356 /* Frameworks */,
				580B916A2694CCEA006AD356 /* Resources */,
				580B916D2694CCEA006AD356 /* ShellScript */,
			);
			buildRules = (
			);
			dependencies = (
			);
			name = sit;
			productName = iOS;
			productReference = 580B91712694CCEA006AD356 /* sit.app */;
			productType = "com.apple.product-type.application";
		};
		580B91AF2694D0DA006AD356 /* uat */ = {
			isa = PBXNativeTarget;
			buildConfigurationList = 580B91BD2694D0DA006AD356 /* Build configuration list for PBXNativeTarget "uat" */;
			buildPhases = (
				580B91B02694D0DA006AD356 /* [CP] Check Pods Manifest.lock */,
				580B91B12694D0DA006AD356 /* Sources */,
				580B91B62694D0DA006AD356 /* Frameworks */,
				580B91B92694D0DA006AD356 /* Resources */,
				580B91BC2694D0DA006AD356 /* ShellScript */,
			);
			buildRules = (
			);
			dependencies = (
			);
			name = uat;
			productName = iOS;
			productReference = 580B91C02694D0DA006AD356 /* uat.app */;
			productType = "com.apple.product-type.application";
		};
/* End PBXNativeTarget section */

/* Begin PBXProject section */
		00DFC6A224C83F94006A53EE /* Project object */ = {
			isa = PBXProject;
			attributes = {
				LastUpgradeCheck = 1150;
				ORGANIZATIONNAME = zk;
				TargetAttributes = {
					00DFC6A924C83F94006A53EE = {
						CreatedOnToolsVersion = 11.5;
					};
					00DFC6C424C83F95006A53EE = {
						CreatedOnToolsVersion = 11.5;
						TestTargetID = 00DFC6A924C83F94006A53EE;
					};
					00DFC6CF24C83F95006A53EE = {
						CreatedOnToolsVersion = 11.5;
						TestTargetID = 00DFC6A924C83F94006A53EE;
					};
				};
			};
			buildConfigurationList = 00DFC6A524C83F94006A53EE /* Build configuration list for PBXProject "net" */;
			compatibilityVersion = "Xcode 9.3";
			developmentRegion = en;
			hasScannedForEncodings = 0;
			knownRegions = (
				en,
				Base,
			);
			mainGroup = 00DFC6A124C83F94006A53EE;
			productRefGroup = 00DFC6AB24C83F94006A53EE /* Products */;
			projectDirPath = "";
			projectRoot = "";
			targets = (
				00DFC6A924C83F94006A53EE /* net */,
				00DFC6C424C83F95006A53EE /* netTests */,
				00DFC6CF24C83F95006A53EE /* netUITests */,
				580B91602694CCEA006AD356 /* sit */,
				580B91AF2694D0DA006AD356 /* uat */,
			);
		};
/* End PBXProject section */

/* Begin PBXResourcesBuildPhase section */
		00DFC6A824C83F94006A53EE /* Resources */ = {
			isa = PBXResourcesBuildPhase;
			buildActionMask = 2147483647;
			files = (
				58F37FE427100D2D00EADBBB /* Simple.ts in Resources */,
				58F37FE527100D2D00EADBBB /* gm_general_appVersion_checkUpdate.ts in Resources */,
				00DFC6FC24C841FD006A53EE /* EntryViewController.xib in Resources */,
				58F37FE727100D2D00EADBBB /* .java in Resources */,
				58F37FE827100D2D00EADBBB /* Post.ts in Resources */,
				00DFC6F024C84000006A53EE /* Assets.xcassets in Resources */,
				58F37FEA27100D2D00EADBBB /* update.ts in Resources */,
				580B918E2694CDB7006AD356 /* Info.sit.plist in Resources */,
				58F37FE927100D2D00EADBBB /* swagger.ts in Resources */,
			);
			runOnlyForDeploymentPostprocessing = 0;
		};
		00DFC6C324C83F95006A53EE /* Resources */ = {
			isa = PBXResourcesBuildPhase;
			buildActionMask = 2147483647;
			files = (
			);
			runOnlyForDeploymentPostprocessing = 0;
		};
		00DFC6CE24C83F95006A53EE /* Resources */ = {
			isa = PBXResourcesBuildPhase;
			buildActionMask = 2147483647;
			files = (
			);
			runOnlyForDeploymentPostprocessing = 0;
		};
		580B916A2694CCEA006AD356 /* Resources */ = {
			isa = PBXResourcesBuildPhase;
			buildActionMask = 2147483647;
			files = (
				580B916B2694CCEA006AD356 /* EntryViewController.xib in Resources */,
				580B916C2694CCEA006AD356 /* Assets.xcassets in Resources */,
			);
			runOnlyForDeploymentPostprocessing = 0;
		};
		580B91B92694D0DA006AD356 /* Resources */ = {
			isa = PBXResourcesBuildPhase;
			buildActionMask = 2147483647;
			files = (
				580B91CD2694D10D006AD356 /* Info.uat.plist in Resources */,
				580B91BA2694D0DA006AD356 /* EntryViewController.xib in Resources */,
				580B91BB2694D0DA006AD356 /* Assets.xcassets in Resources */,
			);
			runOnlyForDeploymentPostprocessing = 0;
		};
/* End PBXResourcesBuildPhase section */

/* Begin PBXShellScriptBuildPhase section */
		0D35607985D032CA76333046 /* [CP] Check Pods Manifest.lock */ = {
			isa = PBXShellScriptBuildPhase;
			buildActionMask = 2147483647;
			files = (
			);
			inputFileListPaths = (
			);
			inputPaths = (
				"${PODS_PODFILE_DIR_PATH}/Podfile.lock",
				"${PODS_ROOT}/Manifest.lock",
			);
			name = "[CP] Check Pods Manifest.lock";
			outputFileListPaths = (
			);
			outputPaths = (
				"$(DERIVED_FILE_DIR)/Pods-net-checkManifestLockResult.txt",
			);
			runOnlyForDeploymentPostprocessing = 0;
			shellPath = /bin/sh;
			shellScript = "diff \"${PODS_PODFILE_DIR_PATH}/Podfile.lock\" \"${PODS_ROOT}/Manifest.lock\" > /dev/null\nif [ $? != 0 ] ; then\n    # print error to STDERR\n    echo \"error: The sandbox is not in sync with the Podfile.lock. Run 'pod install' or update your CocoaPods installation.\" >&2\n    exit 1\nfi\n# This output is used by Xcode 'outputs' to avoid re-running this script phase.\necho \"SUCCESS\" > \"${SCRIPT_OUTPUT_FILE_0}\"\n";
			showEnvVarsInLog = 0;
		};
		50B5EEA1395DD2A9E90ADE51 /* [CP] Check Pods Manifest.lock */ = {
			isa = PBXShellScriptBuildPhase;
			buildActionMask = 2147483647;
			files = (
			);
			inputFileListPaths = (
			);
			inputPaths = (
				"${PODS_PODFILE_DIR_PATH}/Podfile.lock",
				"${PODS_ROOT}/Manifest.lock",
			);
			name = "[CP] Check Pods Manifest.lock";
			outputFileListPaths = (
			);
			outputPaths = (
				"$(DERIVED_FILE_DIR)/Pods-netUITests-checkManifestLockResult.txt",
			);
			runOnlyForDeploymentPostprocessing = 0;
			shellPath = /bin/sh;
			shellScript = "diff \"${PODS_PODFILE_DIR_PATH}/Podfile.lock\" \"${PODS_ROOT}/Manifest.lock\" > /dev/null\nif [ $? != 0 ] ; then\n    # print error to STDERR\n    echo \"error: The sandbox is not in sync with the Podfile.lock. Run 'pod install' or update your CocoaPods installation.\" >&2\n    exit 1\nfi\n# This output is used by Xcode 'outputs' to avoid re-running this script phase.\necho \"SUCCESS\" > \"${SCRIPT_OUTPUT_FILE_0}\"\n";
			showEnvVarsInLog = 0;
		};
		580B91612694CCEA006AD356 /* [CP] Check Pods Manifest.lock */ = {
			isa = PBXShellScriptBuildPhase;
			buildActionMask = 2147483647;
			files = (
			);
			inputFileListPaths = (
			);
			inputPaths = (
				"${PODS_PODFILE_DIR_PATH}/Podfile.lock",
				"${PODS_ROOT}/Manifest.lock",
			);
			name = "[CP] Check Pods Manifest.lock";
			outputFileListPaths = (
			);
			outputPaths = (
				"$(DERIVED_FILE_DIR)/Pods-sit-checkManifestLockResult.txt",
			);
			runOnlyForDeploymentPostprocessing = 0;
			shellPath = /bin/sh;
			shellScript = "diff \"${PODS_PODFILE_DIR_PATH}/Podfile.lock\" \"${PODS_ROOT}/Manifest.lock\" > /dev/null\nif [ $? != 0 ] ; then\n    # print error to STDERR\n    echo \"error: The sandbox is not in sync with the Podfile.lock. Run 'pod install' or update your CocoaPods installation.\" >&2\n    exit 1\nfi\n# This output is used by Xcode 'outputs' to avoid re-running this script phase.\necho \"SUCCESS\" > \"${SCRIPT_OUTPUT_FILE_0}\"\n";
			showEnvVarsInLog = 0;
		};
		580B916D2694CCEA006AD356 /* ShellScript */ = {
			isa = PBXShellScriptBuildPhase;
			buildActionMask = 2147483647;
			files = (
			);
			inputFileListPaths = (
			);
			inputPaths = (
			);
			outputFileListPaths = (
			);
			outputPaths = (
			);
			runOnlyForDeploymentPostprocessing = 0;
			shellPath = /bin/sh;
			shellScript = "# Type a script or drag a script file from your workspace to insert its path.\nexport SERVER_IP=`ipconfig getifaddr en0`\n";
		};
		580B91B02694D0DA006AD356 /* [CP] Check Pods Manifest.lock */ = {
			isa = PBXShellScriptBuildPhase;
			buildActionMask = 2147483647;
			files = (
			);
			inputFileListPaths = (
			);
			inputPaths = (
				"${PODS_PODFILE_DIR_PATH}/Podfile.lock",
				"${PODS_ROOT}/Manifest.lock",
			);
			name = "[CP] Check Pods Manifest.lock";
			outputFileListPaths = (
			);
			outputPaths = (
				"$(DERIVED_FILE_DIR)/Pods-uat-checkManifestLockResult.txt",
			);
			runOnlyForDeploymentPostprocessing = 0;
			shellPath = /bin/sh;
			shellScript = "diff \"${PODS_PODFILE_DIR_PATH}/Podfile.lock\" \"${PODS_ROOT}/Manifest.lock\" > /dev/null\nif [ $? != 0 ] ; then\n    # print error to STDERR\n    echo \"error: The sandbox is not in sync with the Podfile.lock. Run 'pod install' or update your CocoaPods installation.\" >&2\n    exit 1\nfi\n# This output is used by Xcode 'outputs' to avoid re-running this script phase.\necho \"SUCCESS\" > \"${SCRIPT_OUTPUT_FILE_0}\"\n";
			showEnvVarsInLog = 0;
		};
		580B91BC2694D0DA006AD356 /* ShellScript */ = {
			isa = PBXShellScriptBuildPhase;
			buildActionMask = 2147483647;
			files = (
			);
			inputFileListPaths = (
			);
			inputPaths = (
			);
			outputFileListPaths = (
			);
			outputPaths = (
			);
			runOnlyForDeploymentPostprocessing = 0;
			shellPath = /bin/sh;
			shellScript = "# Type a script or drag a script file from your workspace to insert its path.\nexport SERVER_IP=`ipconfig getifaddr en0`\n";
		};
		5826725C24FFE896001D6CF3 /* ShellScript */ = {
			isa = PBXShellScriptBuildPhase;
			buildActionMask = 2147483647;
			files = (
			);
			inputFileListPaths = (
			);
			inputPaths = (
			);
			outputFileListPaths = (
			);
			outputPaths = (
			);
			runOnlyForDeploymentPostprocessing = 0;
			shellPath = /bin/sh;
			shellScript = "# Type a script or drag a script file from your workspace to insert its path.\n";
		};
		5826725D24FFE94A001D6CF3 /* ShellScript */ = {
			isa = PBXShellScriptBuildPhase;
			buildActionMask = 2147483647;
			files = (
			);
			inputFileListPaths = (
			);
			inputPaths = (
			);
			outputFileListPaths = (
			);
			outputPaths = (
			);
			runOnlyForDeploymentPostprocessing = 0;
			shellPath = /bin/sh;
			shellScript = "# Type a script or drag a script file from your workspace to insert its path.\nexport SERVER_IP=`ipconfig getifaddr en0`\n";
		};
		CC6219C06A1F8CEF4D860D79 /* [CP] Check Pods Manifest.lock */ = {
			isa = PBXShellScriptBuildPhase;
			buildActionMask = 2147483647;
			files = (
			);
			inputFileListPaths = (
			);
			inputPaths = (
				"${PODS_PODFILE_DIR_PATH}/Podfile.lock",
				"${PODS_ROOT}/Manifest.lock",
			);
			name = "[CP] Check Pods Manifest.lock";
			outputFileListPaths = (
			);
			outputPaths = (
				"$(DERIVED_FILE_DIR)/Pods-netTests-checkManifestLockResult.txt",
			);
			runOnlyForDeploymentPostprocessing = 0;
			shellPath = /bin/sh;
			shellScript = "diff \"${PODS_PODFILE_DIR_PATH}/Podfile.lock\" \"${PODS_ROOT}/Manifest.lock\" > /dev/null\nif [ $? != 0 ] ; then\n    # print error to STDERR\n    echo \"error: The sandbox is not in sync with the Podfile.lock. Run 'pod install' or update your CocoaPods installation.\" >&2\n    exit 1\nfi\n# This output is used by Xcode 'outputs' to avoid re-running this script phase.\necho \"SUCCESS\" > \"${SCRIPT_OUTPUT_FILE_0}\"\n";
			showEnvVarsInLog = 0;
		};
/* End PBXShellScriptBuildPhase section */

/* Begin PBXSourcesBuildPhase section */
		00DFC6A624C83F94006A53EE /* Sources */ = {
			isa = PBXSourcesBuildPhase;
			buildActionMask = 2147483647;
			files = (
				58F37FBC270E177A00EADBBB /* KOBaseApi.m in Sources */,
				58F37F7A2704496800EADBBB /* TodoApi.m in Sources */,
				58F37F8C270464B500EADBBB /* KOHttp.m in Sources */,
				00DFC6F624C84000006A53EE /* AppDelegate.m in Sources */,
				58F37F9427046B9B00EADBBB /* PostApi.m in Sources */,
				58F37F8F270464B500EADBBB /* NSMutableURLRequest+Filter.m in Sources */,
				58F37F9B2704DB3C00EADBBB /* GlobalStatusCodeNot2xxFilter.m in Sources */,
				58732F5E27042D930098F18C /* GlobalMergeRequestFilter.m in Sources */,
				58732F5F27042D930098F18C /* GlobalConfigFilter.m in Sources */,
				58732F6127042D930098F18C /* GlobalJsonFilter.m in Sources */,
				58F37FCE2710076600EADBBB /* EntryViewController.m in Sources */,
				38E983942615F6E8007F6BDF /* Native_net.m in Sources */,
				58F37FA727062EDD00EADBBB /* LoggingFilter.m in Sources */,
				58F37F99270481D100EADBBB /* gen_ZKBaseApi.m in Sources */,
				58F37FE627100D2D00EADBBB /* x_api_gm_general_appVersion_checkUpdate.m in Sources */,
				00DFC6F524C84000006A53EE /* main.m in Sources */,
				58732F5D27042D930098F18C /* GlobalNoResponseFilter.m in Sources */,
			);
			runOnlyForDeploymentPostprocessing = 0;
		};
		00DFC6C124C83F95006A53EE /* Sources */ = {
			isa = PBXSourcesBuildPhase;
			buildActionMask = 2147483647;
			files = (
				00DFC6CA24C83F95006A53EE /* iNetTests.m in Sources */,
			);
			runOnlyForDeploymentPostprocessing = 0;
		};
		00DFC6CC24C83F95006A53EE /* Sources */ = {
			isa = PBXSourcesBuildPhase;
			buildActionMask = 2147483647;
			files = (
				00DFC6D524C83F95006A53EE /* iOSUITests.m in Sources */,
			);
			runOnlyForDeploymentPostprocessing = 0;
		};
		580B91622694CCEA006AD356 /* Sources */ = {
			isa = PBXSourcesBuildPhase;
			buildActionMask = 2147483647;
			files = (
				580B91632694CCEA006AD356 /* AppDelegate.m in Sources */,
				58F37F9527046B9B00EADBBB /* PostApi.m in Sources */,
				580B91652694CCEA006AD356 /* Native_net.m in Sources */,
				580B91662694CCEA006AD356 /* main.m in Sources */,
				58F37F8D270464B500EADBBB /* KOHttp.m in Sources */,
				58F37F7B2704496800EADBBB /* TodoApi.m in Sources */,
				58F37F90270464B500EADBBB /* NSMutableURLRequest+Filter.m in Sources */,
			);
			runOnlyForDeploymentPostprocessing = 0;
		};
		580B91B12694D0DA006AD356 /* Sources */ = {
			isa = PBXSourcesBuildPhase;
			buildActionMask = 2147483647;
			files = (
				580B91B22694D0DA006AD356 /* AppDelegate.m in Sources */,
				58F37F9627046B9B00EADBBB /* PostApi.m in Sources */,
				580B91B42694D0DA006AD356 /* Native_net.m in Sources */,
				580B91B52694D0DA006AD356 /* main.m in Sources */,
				58F37F8E270464B500EADBBB /* KOHttp.m in Sources */,
				58F37F7C2704496800EADBBB /* TodoApi.m in Sources */,
				58F37F91270464B500EADBBB /* NSMutableURLRequest+Filter.m in Sources */,
			);
			runOnlyForDeploymentPostprocessing = 0;
		};
/* End PBXSourcesBuildPhase section */

/* Begin PBXTargetDependency section */
		00DFC6C724C83F95006A53EE /* PBXTargetDependency */ = {
			isa = PBXTargetDependency;
			target = 00DFC6A924C83F94006A53EE /* net */;
			targetProxy = 00DFC6C624C83F95006A53EE /* PBXContainerItemProxy */;
		};
		00DFC6D224C83F95006A53EE /* PBXTargetDependency */ = {
			isa = PBXTargetDependency;
			target = 00DFC6A924C83F94006A53EE /* net */;
			targetProxy = 00DFC6D124C83F95006A53EE /* PBXContainerItemProxy */;
		};
/* End PBXTargetDependency section */

/* Begin XCBuildConfiguration section */
		00DFC6D724C83F95006A53EE /* Debug */ = {
			isa = XCBuildConfiguration;
			buildSettings = {
				ALWAYS_SEARCH_USER_PATHS = NO;
				CLANG_ANALYZER_NONNULL = YES;
				CLANG_ANALYZER_NUMBER_OBJECT_CONVERSION = YES_AGGRESSIVE;
				CLANG_CXX_LANGUAGE_STANDARD = "gnu++14";
				CLANG_CXX_LIBRARY = "libc++";
				CLANG_ENABLE_MODULES = YES;
				CLANG_ENABLE_OBJC_ARC = YES;
				CLANG_ENABLE_OBJC_WEAK = YES;
				CLANG_WARN_BLOCK_CAPTURE_AUTORELEASING = YES;
				CLANG_WARN_BOOL_CONVERSION = YES;
				CLANG_WARN_COMMA = YES;
				CLANG_WARN_CONSTANT_CONVERSION = YES;
				CLANG_WARN_DEPRECATED_OBJC_IMPLEMENTATIONS = YES;
				CLANG_WARN_DIRECT_OBJC_ISA_USAGE = YES_ERROR;
				CLANG_WARN_DOCUMENTATION_COMMENTS = YES;
				CLANG_WARN_EMPTY_BODY = YES;
				CLANG_WARN_ENUM_CONVERSION = YES;
				CLANG_WARN_INFINITE_RECURSION = YES;
				CLANG_WARN_INT_CONVERSION = YES;
				CLANG_WARN_NON_LITERAL_NULL_CONVERSION = YES;
				CLANG_WARN_OBJC_IMPLICIT_RETAIN_SELF = YES;
				CLANG_WARN_OBJC_LITERAL_CONVERSION = YES;
				CLANG_WARN_OBJC_ROOT_CLASS = YES_ERROR;
				CLANG_WARN_RANGE_LOOP_ANALYSIS = YES;
				CLANG_WARN_STRICT_PROTOTYPES = YES;
				CLANG_WARN_SUSPICIOUS_MOVE = YES;
				CLANG_WARN_UNGUARDED_AVAILABILITY = YES_AGGRESSIVE;
				CLANG_WARN_UNREACHABLE_CODE = YES;
				CLANG_WARN__DUPLICATE_METHOD_MATCH = YES;
				COPY_PHASE_STRIP = NO;
				DEBUG_INFORMATION_FORMAT = dwarf;
				ENABLE_STRICT_OBJC_MSGSEND = YES;
				ENABLE_TESTABILITY = YES;
				GCC_C_LANGUAGE_STANDARD = gnu11;
				GCC_DYNAMIC_NO_PIC = NO;
				GCC_NO_COMMON_BLOCKS = YES;
				GCC_OPTIMIZATION_LEVEL = 0;
				GCC_PREPROCESSOR_DEFINITIONS = (
					"DEBUG=1",
					"$(inherited)",
				);
				GCC_WARN_64_TO_32_BIT_CONVERSION = YES;
				GCC_WARN_ABOUT_RETURN_TYPE = YES_ERROR;
				GCC_WARN_UNDECLARED_SELECTOR = YES;
				GCC_WARN_UNINITIALIZED_AUTOS = YES_AGGRESSIVE;
				GCC_WARN_UNUSED_FUNCTION = YES;
				GCC_WARN_UNUSED_VARIABLE = YES;
				IPHONEOS_DEPLOYMENT_TARGET = 13.5;
				MTL_ENABLE_DEBUG_INFO = INCLUDE_SOURCE;
				MTL_FAST_MATH = YES;
				ONLY_ACTIVE_ARCH = YES;
				SDKROOT = iphoneos;
			};
			name = Debug;
		};
		00DFC6D824C83F95006A53EE /* Release */ = {
			isa = XCBuildConfiguration;
			buildSettings = {
				ALWAYS_SEARCH_USER_PATHS = NO;
				CLANG_ANALYZER_NONNULL = YES;
				CLANG_ANALYZER_NUMBER_OBJECT_CONVERSION = YES_AGGRESSIVE;
				CLANG_CXX_LANGUAGE_STANDARD = "gnu++14";
				CLANG_CXX_LIBRARY = "libc++";
				CLANG_ENABLE_MODULES = YES;
				CLANG_ENABLE_OBJC_ARC = YES;
				CLANG_ENABLE_OBJC_WEAK = YES;
				CLANG_WARN_BLOCK_CAPTURE_AUTORELEASING = YES;
				CLANG_WARN_BOOL_CONVERSION = YES;
				CLANG_WARN_COMMA = YES;
				CLANG_WARN_CONSTANT_CONVERSION = YES;
				CLANG_WARN_DEPRECATED_OBJC_IMPLEMENTATIONS = YES;
				CLANG_WARN_DIRECT_OBJC_ISA_USAGE = YES_ERROR;
				CLANG_WARN_DOCUMENTATION_COMMENTS = YES;
				CLANG_WARN_EMPTY_BODY = YES;
				CLANG_WARN_ENUM_CONVERSION = YES;
				CLANG_WARN_INFINITE_RECURSION = YES;
				CLANG_WARN_INT_CONVERSION = YES;
				CLANG_WARN_NON_LITERAL_NULL_CONVERSION = YES;
				CLANG_WARN_OBJC_IMPLICIT_RETAIN_SELF = YES;
				CLANG_WARN_OBJC_LITERAL_CONVERSION = YES;
				CLANG_WARN_OBJC_ROOT_CLASS = YES_ERROR;
				CLANG_WARN_RANGE_LOOP_ANALYSIS = YES;
				CLANG_WARN_STRICT_PROTOTYPES = YES;
				CLANG_WARN_SUSPICIOUS_MOVE = YES;
				CLANG_WARN_UNGUARDED_AVAILABILITY = YES_AGGRESSIVE;
				CLANG_WARN_UNREACHABLE_CODE = YES;
				CLANG_WARN__DUPLICATE_METHOD_MATCH = YES;
				COPY_PHASE_STRIP = NO;
				DEBUG_INFORMATION_FORMAT = "dwarf-with-dsym";
				ENABLE_NS_ASSERTIONS = NO;
				ENABLE_STRICT_OBJC_MSGSEND = YES;
				GCC_C_LANGUAGE_STANDARD = gnu11;
				GCC_NO_COMMON_BLOCKS = YES;
				GCC_WARN_64_TO_32_BIT_CONVERSION = YES;
				GCC_WARN_ABOUT_RETURN_TYPE = YES_ERROR;
				GCC_WARN_UNDECLARED_SELECTOR = YES;
				GCC_WARN_UNINITIALIZED_AUTOS = YES_AGGRESSIVE;
				GCC_WARN_UNUSED_FUNCTION = YES;
				GCC_WARN_UNUSED_VARIABLE = YES;
				IPHONEOS_DEPLOYMENT_TARGET = 13.5;
				MTL_ENABLE_DEBUG_INFO = NO;
				MTL_FAST_MATH = YES;
				SDKROOT = iphoneos;
				VALIDATE_PRODUCT = YES;
			};
			name = Release;
		};
		00DFC6DA24C83F95006A53EE /* Debug */ = {
			isa = XCBuildConfiguration;
			baseConfigurationReference = DC24F7764E32FC4DBD8E03D7 /* Pods-net.debug.xcconfig */;
			buildSettings = {
				ASSETCATALOG_COMPILER_APPICON_NAME = AppIcon;
				CODE_SIGN_IDENTITY = "Apple Development";
				CODE_SIGN_STYLE = Automatic;
				CURRENT_PROJECT_VERSION = 1;
				DEVELOPMENT_TEAM = 2GBSCJ7C97;
				INFOPLIST_FILE = "$(SRCROOT)/net/Info.plist";
				IPHONEOS_DEPLOYMENT_TARGET = 11.0;
				LD_RUNPATH_SEARCH_PATHS = (
					"$(inherited)",
					"@executable_path/Frameworks",
				);
				MARKETING_VERSION = 1.0;
				OTHER_CFLAGS = "-DSERVER_IP=`${SERVER_IP}`";
				PRODUCT_BUNDLE_IDENTIFIER = com.lohashow.appc.9988;
				PRODUCT_NAME = net;
				PROVISIONING_PROFILE_SPECIFIER = "";
				TARGETED_DEVICE_FAMILY = 1;
			};
			name = Debug;
		};
		00DFC6DB24C83F95006A53EE /* Release */ = {
			isa = XCBuildConfiguration;
			baseConfigurationReference = 9272408DD3356C0889C56BE8 /* Pods-net.release.xcconfig */;
			buildSettings = {
				ASSETCATALOG_COMPILER_APPICON_NAME = AppIcon;
				CODE_SIGN_IDENTITY = "Apple Development";
				CODE_SIGN_STYLE = Automatic;
				CURRENT_PROJECT_VERSION = 1;
				DEVELOPMENT_TEAM = 2GBSCJ7C97;
				INFOPLIST_FILE = "$(SRCROOT)/net/Info.plist";
				IPHONEOS_DEPLOYMENT_TARGET = 11.0;
				LD_RUNPATH_SEARCH_PATHS = (
					"$(inherited)",
					"@executable_path/Frameworks",
				);
				MARKETING_VERSION = 1.0;
				OTHER_CFLAGS = "-DSERVER_IP=`${SERVER_IP}`";
				PRODUCT_BUNDLE_IDENTIFIER = com.lohashow.appc.9988;
				PRODUCT_NAME = net;
				PROVISIONING_PROFILE_SPECIFIER = "";
				TARGETED_DEVICE_FAMILY = 1;
			};
			name = Release;
		};
		00DFC6DD24C83F95006A53EE /* Debug */ = {
			isa = XCBuildConfiguration;
			baseConfigurationReference = A5D13A8E4F88C6229E85D0A4 /* Pods-netTests.debug.xcconfig */;
			buildSettings = {
				BUNDLE_LOADER = "$(TEST_HOST)";
				CODE_SIGN_STYLE = Automatic;
				DEVELOPMENT_TEAM = SR5A3T479H;
				INFOPLIST_FILE = iOSTests/Info.plist;
				IPHONEOS_DEPLOYMENT_TARGET = 13.5;
				LD_RUNPATH_SEARCH_PATHS = (
					"$(inherited)",
					"@executable_path/Frameworks",
					"@loader_path/Frameworks",
				);
				PRODUCT_BUNDLE_IDENTIFIER = edz.iOSTests;
				PRODUCT_NAME = "$(TARGET_NAME)";
				TARGETED_DEVICE_FAMILY = "1,2";
				TEST_HOST = "$(BUILT_PRODUCTS_DIR)/net.app/net";
			};
			name = Debug;
		};
		00DFC6DE24C83F95006A53EE /* Release */ = {
			isa = XCBuildConfiguration;
			baseConfigurationReference = 63DE3BD3E28F9EAAA98AA143 /* Pods-netTests.release.xcconfig */;
			buildSettings = {
				BUNDLE_LOADER = "$(TEST_HOST)";
				CODE_SIGN_STYLE = Automatic;
				DEVELOPMENT_TEAM = SR5A3T479H;
				INFOPLIST_FILE = iOSTests/Info.plist;
				IPHONEOS_DEPLOYMENT_TARGET = 13.5;
				LD_RUNPATH_SEARCH_PATHS = (
					"$(inherited)",
					"@executable_path/Frameworks",
					"@loader_path/Frameworks",
				);
				PRODUCT_BUNDLE_IDENTIFIER = edz.iOSTests;
				PRODUCT_NAME = "$(TARGET_NAME)";
				TARGETED_DEVICE_FAMILY = "1,2";
				TEST_HOST = "$(BUILT_PRODUCTS_DIR)/net.app/net";
			};
			name = Release;
		};
		00DFC6E024C83F95006A53EE /* Debug */ = {
			isa = XCBuildConfiguration;
			baseConfigurationReference = BC9328813DA9AD9B20D713E0 /* Pods-netUITests.debug.xcconfig */;
			buildSettings = {
				CODE_SIGN_STYLE = Automatic;
				DEVELOPMENT_TEAM = SR5A3T479H;
				INFOPLIST_FILE = iOSUITests/Info.plist;
				LD_RUNPATH_SEARCH_PATHS = (
					"$(inherited)",
					"@executable_path/Frameworks",
					"@loader_path/Frameworks",
				);
				PRODUCT_BUNDLE_IDENTIFIER = edz.iOSUITests;
				PRODUCT_NAME = "$(TARGET_NAME)";
				TARGETED_DEVICE_FAMILY = "1,2";
				TEST_TARGET_NAME = iOS;
			};
			name = Debug;
		};
		00DFC6E124C83F95006A53EE /* Release */ = {
			isa = XCBuildConfiguration;
			baseConfigurationReference = 29A8E4C45DA829D493BB387D /* Pods-netUITests.release.xcconfig */;
			buildSettings = {
				CODE_SIGN_STYLE = Automatic;
				DEVELOPMENT_TEAM = SR5A3T479H;
				INFOPLIST_FILE = iOSUITests/Info.plist;
				LD_RUNPATH_SEARCH_PATHS = (
					"$(inherited)",
					"@executable_path/Frameworks",
					"@loader_path/Frameworks",
				);
				PRODUCT_BUNDLE_IDENTIFIER = edz.iOSUITests;
				PRODUCT_NAME = "$(TARGET_NAME)";
				TARGETED_DEVICE_FAMILY = "1,2";
				TEST_TARGET_NAME = iOS;
			};
			name = Release;
		};
		580B916F2694CCEA006AD356 /* Debug */ = {
			isa = XCBuildConfiguration;
			baseConfigurationReference = E0D4758100838F0CB236BDD3 /* Pods-sit.debug.xcconfig */;
			buildSettings = {
				ASSETCATALOG_COMPILER_APPICON_NAME = AppIcon;
				CODE_SIGN_STYLE = Automatic;
				CURRENT_PROJECT_VERSION = 1;
				DEVELOPMENT_TEAM = SR5A3T479H;
				INFOPLIST_FILE = "$(SRCROOT)/net/Info.sit.plist";
				IPHONEOS_DEPLOYMENT_TARGET = 11.0;
				LD_RUNPATH_SEARCH_PATHS = (
					"$(inherited)",
					"@executable_path/Frameworks",
				);
				MARKETING_VERSION = 1.0;
				OTHER_CFLAGS = "-DSERVER_IP=`${SERVER_IP}`";
				PRODUCT_BUNDLE_IDENTIFIER = sit.iOS;
				PRODUCT_NAME = "$(TARGET_NAME)";
				TARGETED_DEVICE_FAMILY = 1;
			};
			name = Debug;
		};
		580B91702694CCEA006AD356 /* Release */ = {
			isa = XCBuildConfiguration;
			baseConfigurationReference = 444811F5D0CB141C1947B0EE /* Pods-sit.release.xcconfig */;
			buildSettings = {
				ASSETCATALOG_COMPILER_APPICON_NAME = AppIcon;
				CODE_SIGN_STYLE = Automatic;
				CURRENT_PROJECT_VERSION = 1;
				DEVELOPMENT_TEAM = SR5A3T479H;
				INFOPLIST_FILE = "$(SRCROOT)/net/Info.sit.plist";
				IPHONEOS_DEPLOYMENT_TARGET = 11.0;
				LD_RUNPATH_SEARCH_PATHS = (
					"$(inherited)",
					"@executable_path/Frameworks",
				);
				MARKETING_VERSION = 1.0;
				OTHER_CFLAGS = "-DSERVER_IP=`${SERVER_IP}`";
				PRODUCT_BUNDLE_IDENTIFIER = sit.iOS;
				PRODUCT_NAME = "$(TARGET_NAME)";
				TARGETED_DEVICE_FAMILY = 1;
			};
			name = Release;
		};
		580B91BE2694D0DA006AD356 /* Debug */ = {
			isa = XCBuildConfiguration;
			baseConfigurationReference = AB9CE613D08F083771B7F561 /* Pods-uat.debug.xcconfig */;
			buildSettings = {
				ASSETCATALOG_COMPILER_APPICON_NAME = AppIcon;
				CODE_SIGN_STYLE = Automatic;
				CURRENT_PROJECT_VERSION = 1;
				DEVELOPMENT_TEAM = SR5A3T479H;
				INFOPLIST_FILE = "$(SRCROOT)/net/Info.uat.plist";
				IPHONEOS_DEPLOYMENT_TARGET = 11.0;
				LD_RUNPATH_SEARCH_PATHS = (
					"$(inherited)",
					"@executable_path/Frameworks",
				);
				MARKETING_VERSION = 1.0;
				OTHER_CFLAGS = "-DSERVER_IP=`${SERVER_IP}`";
				PRODUCT_BUNDLE_IDENTIFIER = sit.iOS;
				PRODUCT_NAME = "$(TARGET_NAME)";
				TARGETED_DEVICE_FAMILY = 1;
			};
			name = Debug;
		};
		580B91BF2694D0DA006AD356 /* Release */ = {
			isa = XCBuildConfiguration;
			baseConfigurationReference = F5EDE8A1FAE72B874E09CD26 /* Pods-uat.release.xcconfig */;
			buildSettings = {
				ASSETCATALOG_COMPILER_APPICON_NAME = AppIcon;
				CODE_SIGN_STYLE = Automatic;
				CURRENT_PROJECT_VERSION = 1;
				DEVELOPMENT_TEAM = SR5A3T479H;
				INFOPLIST_FILE = "$(SRCROOT)/net/Info.uat.plist";
				IPHONEOS_DEPLOYMENT_TARGET = 11.0;
				LD_RUNPATH_SEARCH_PATHS = (
					"$(inherited)",
					"@executable_path/Frameworks",
				);
				MARKETING_VERSION = 1.0;
				OTHER_CFLAGS = "-DSERVER_IP=`${SERVER_IP}`";
				PRODUCT_BUNDLE_IDENTIFIER = sit.iOS;
				PRODUCT_NAME = "$(TARGET_NAME)";
				TARGETED_DEVICE_FAMILY = 1;
			};
			name = Release;
		};
/* End XCBuildConfiguration section */

/* Begin XCConfigurationList section */
		00DFC6A524C83F94006A53EE /* Build configuration list for PBXProject "net" */ = {
			isa = XCConfigurationList;
			buildConfigurations = (
				00DFC6D724C83F95006A53EE /* Debug */,
				00DFC6D824C83F95006A53EE /* Release */,
			);
			defaultConfigurationIsVisible = 0;
			defaultConfigurationName = Release;
		};
		00DFC6D924C83F95006A53EE /* Build configuration list for PBXNativeTarget "net" */ = {
			isa = XCConfigurationList;
			buildConfigurations = (
				00DFC6DA24C83F95006A53EE /* Debug */,
				00DFC6DB24C83F95006A53EE /* Release */,
			);
			defaultConfigurationIsVisible = 0;
			defaultConfigurationName = Release;
		};
		00DFC6DC24C83F95006A53EE /* Build configuration list for PBXNativeTarget "netTests" */ = {
			isa = XCConfigurationList;
			buildConfigurations = (
				00DFC6DD24C83F95006A53EE /* Debug */,
				00DFC6DE24C83F95006A53EE /* Release */,
			);
			defaultConfigurationIsVisible = 0;
			defaultConfigurationName = Release;
		};
		00DFC6DF24C83F95006A53EE /* Build configuration list for PBXNativeTarget "netUITests" */ = {
			isa = XCConfigurationList;
			buildConfigurations = (
				00DFC6E024C83F95006A53EE /* Debug */,
				00DFC6E124C83F95006A53EE /* Release */,
			);
			defaultConfigurationIsVisible = 0;
			defaultConfigurationName = Release;
		};
		580B916E2694CCEA006AD356 /* Build configuration list for PBXNativeTarget "sit" */ = {
			isa = XCConfigurationList;
			buildConfigurations = (
				580B916F2694CCEA006AD356 /* Debug */,
				580B91702694CCEA006AD356 /* Release */,
			);
			defaultConfigurationIsVisible = 0;
			defaultConfigurationName = Release;
		};
		580B91BD2694D0DA006AD356 /* Build configuration list for PBXNativeTarget "uat" */ = {
			isa = XCConfigurationList;
			buildConfigurations = (
				580B91BE2694D0DA006AD356 /* Debug */,
				580B91BF2694D0DA006AD356 /* Release */,
			);
			defaultConfigurationIsVisible = 0;
			defaultConfigurationName = Release;
		};
/* End XCConfigurationList section */
	};
	rootObject = 00DFC6A224C83F94006A53EE /* Project object */;
}
