PODS:
  - AFNetworking (4.0.1):
    - AFNetworking/NSURLSession (= 4.0.1)
    - AFNetworking/Reachability (= 4.0.1)
    - AFNetworking/Security (= 4.0.1)
    - AFNetworking/Serialization (= 4.0.1)
    - AFNetworking/UIKit (= 4.0.1)
  - AFNetworking/NSURLSession (4.0.1):
    - AFNetworking/Reachability
    - AFNetworking/Security
    - AFNetworking/Serialization
  - AFNetworking/Reachability (4.0.1)
  - AFNetworking/Security (4.0.1)
  - AFNetworking/Serialization (4.0.1)
  - AFNetworking/UIKit (4.0.1):
    - AFNetworking/NSURLSession
  - JSONModel (1.8.0)
  - x-engine-native-core (1.0.0):
    - x-engine-native-protocols
  - x-engine-native-protocols (1.0.0):
    - JSONModel

DEPENDENCIES:
  - AFNetworking (~> 4.0.0)
  - x-engine-native-core (from `../../x-engine-native-core`)
  - x-engine-native-protocols (from `../../x-engine-native-protocols`)

SPEC REPOS:
  https://github.com/CocoaPods/Specs.git:
    - AFNetworking
    - JSONModel

EXTERNAL SOURCES:
  x-engine-native-core:
    :path: "../../x-engine-native-core"
  x-engine-native-protocols:
    :path: "../../x-engine-native-protocols"

SPEC CHECKSUMS:
  AFNetworking: 7864c38297c79aaca1500c33288e429c3451fdce
  JSONModel: 02ab723958366a3fd27da57ea2af2113658762e9
  x-engine-native-core: 7fa925c39f2e8664dabf44a0aba8b2f5552dc4ed
  x-engine-native-protocols: 3fce367890ca46435a6c64b0bcd7d03a427ab27b

PODFILE CHECKSUM: 8c44d63795b36dddcd1e9a7a381ef6889aecc6a5

COCOAPODS: 1.10.0
