// !$*UTF8*$!
{
	archiveVersion = 1;
	classes = {
	};
	objectVersion = 51;
	objects = {

/* Begin PBXBuildFile section */
		0036519424CEF32B0057D976 /* com.zkty.microapp.moduledemo.0 in Resources */ = {isa = PBXBuildFile; fileRef = 0036519324CEF32B0057D976 /* com.zkty.microapp.moduledemo.0 */; };
		003F95DA24DA4A6100633E1F /* libc++.tbd in Frameworks */ = {isa = PBXBuildFile; fileRef = 003F95D924DA4A6100633E1F /* libc++.tbd */; };
		00DFC6CA24C83F95006A53EE /* iOSTests.m in Sources */ = {isa = PBXBuildFile; fileRef = 00DFC6C924C83F95006A53EE /* iOSTests.m */; };
		00DFC6D524C83F95006A53EE /* iOSUITests.m in Sources */ = {isa = PBXBuildFile; fileRef = 00DFC6D424C83F95006A53EE /* iOSUITests.m */; };
		00DFC6F024C84000006A53EE /* Assets.xcassets in Resources */ = {isa = PBXBuildFile; fileRef = 00DFC6E424C84000006A53EE /* Assets.xcassets */; };
		00DFC6F324C84000006A53EE /* LaunchScreen.storyboard in Resources */ = {isa = PBXBuildFile; fileRef = 00DFC6E724C84000006A53EE /* LaunchScreen.storyboard */; };
		00DFC6F424C84000006A53EE /* Main.storyboard in Resources */ = {isa = PBXBuildFile; fileRef = 00DFC6E924C84000006A53EE /* Main.storyboard */; };
		00DFC6F524C84000006A53EE /* main.m in Sources */ = {isa = PBXBuildFile; fileRef = 00DFC6EB24C84000006A53EE /* main.m */; };
		00DFC6F624C84000006A53EE /* AppDelegate.m in Sources */ = {isa = PBXBuildFile; fileRef = 00DFC6EC24C84000006A53EE /* AppDelegate.m */; };
		00DFC6FB24C841FD006A53EE /* EntryViewController.m in Sources */ = {isa = PBXBuildFile; fileRef = 00DFC6F924C841FD006A53EE /* EntryViewController.m */; };
		00DFC6FC24C841FD006A53EE /* EntryViewController.xib in Resources */ = {isa = PBXBuildFile; fileRef = 00DFC6FA24C841FD006A53EE /* EntryViewController.xib */; };
		00DFC70024C843A3006A53EE /* xengine_config.json in Resources */ = {isa = PBXBuildFile; fileRef = 00DFC6FF24C843A3006A53EE /* xengine_config.json */; };
		36644A9B6347D8F3F465E2F2 /* libPods-demo.a in Frameworks */ = {isa = PBXBuildFile; fileRef = 64777595404EB1F495371D9F /* libPods-demo.a */; };
		538009B44D3E4E8C337189A9 /* libPods-demo-demoUITests.a in Frameworks */ = {isa = PBXBuildFile; fileRef = 60F8D19D09EC03B26C734EC3 /* libPods-demo-demoUITests.a */; };
		587F741B250669A300F515BD /* __xengine__module_demo.m in Sources */ = {isa = PBXBuildFile; fileRef = 587F741A250669A300F515BD /* __xengine__module_demo.m */; };
		587F74262506737800F515BD /* xengine__module_demo.m in Sources */ = {isa = PBXBuildFile; fileRef = 587F74242506737700F515BD /* xengine__module_demo.m */; };
/* End PBXBuildFile section */

/* Begin PBXContainerItemProxy section */
		00DFC6C624C83F95006A53EE /* PBXContainerItemProxy */ = {
			isa = PBXContainerItemProxy;
			containerPortal = 00DFC6A224C83F94006A53EE /* Project object */;
			proxyType = 1;
			remoteGlobalIDString = 00DFC6A924C83F94006A53EE;
			remoteInfo = iOS;
		};
		00DFC6D124C83F95006A53EE /* PBXContainerItemProxy */ = {
			isa = PBXContainerItemProxy;
			containerPortal = 00DFC6A224C83F94006A53EE /* Project object */;
			proxyType = 1;
			remoteGlobalIDString = 00DFC6A924C83F94006A53EE;
			remoteInfo = iOS;
		};
/* End PBXContainerItemProxy section */

/* Begin PBXFileReference section */
		0036519324CEF32B0057D976 /* com.zkty.microapp.moduledemo.0 */ = {isa = PBXFileReference; lastKnownFileType = folder; path = com.zkty.microapp.moduledemo.0; sourceTree = "<group>"; };
		003F95D924DA4A6100633E1F /* libc++.tbd */ = {isa = PBXFileReference; lastKnownFileType = "sourcecode.text-based-dylib-definition"; name = "libc++.tbd"; path = "usr/lib/libc++.tbd"; sourceTree = SDKROOT; };
		00DFC6AA24C83F94006A53EE /* demo.app */ = {isa = PBXFileReference; explicitFileType = wrapper.application; includeInIndex = 0; path = demo.app; sourceTree = BUILT_PRODUCTS_DIR; };
		00DFC6C524C83F95006A53EE /* demoTests.xctest */ = {isa = PBXFileReference; explicitFileType = wrapper.cfbundle; includeInIndex = 0; path = demoTests.xctest; sourceTree = BUILT_PRODUCTS_DIR; };
		00DFC6C924C83F95006A53EE /* iOSTests.m */ = {isa = PBXFileReference; lastKnownFileType = sourcecode.c.objc; path = iOSTests.m; sourceTree = "<group>"; };
		00DFC6CB24C83F95006A53EE /* Info.plist */ = {isa = PBXFileReference; lastKnownFileType = text.plist.xml; path = Info.plist; sourceTree = "<group>"; };
		00DFC6D024C83F95006A53EE /* demoUITests.xctest */ = {isa = PBXFileReference; explicitFileType = wrapper.cfbundle; includeInIndex = 0; path = demoUITests.xctest; sourceTree = BUILT_PRODUCTS_DIR; };
		00DFC6D424C83F95006A53EE /* iOSUITests.m */ = {isa = PBXFileReference; lastKnownFileType = sourcecode.c.objc; path = iOSUITests.m; sourceTree = "<group>"; };
		00DFC6D624C83F95006A53EE /* Info.plist */ = {isa = PBXFileReference; lastKnownFileType = text.plist.xml; path = Info.plist; sourceTree = "<group>"; };
		00DFC6E324C84000006A53EE /* AppDelegate.h */ = {isa = PBXFileReference; fileEncoding = 4; lastKnownFileType = sourcecode.c.h; path = AppDelegate.h; sourceTree = "<group>"; };
		00DFC6E424C84000006A53EE /* Assets.xcassets */ = {isa = PBXFileReference; lastKnownFileType = folder.assetcatalog; path = Assets.xcassets; sourceTree = "<group>"; };
		00DFC6E824C84000006A53EE /* Base */ = {isa = PBXFileReference; lastKnownFileType = file.storyboard; name = Base; path = Base.lproj/LaunchScreen.storyboard; sourceTree = "<group>"; };
		00DFC6EA24C84000006A53EE /* Base */ = {isa = PBXFileReference; lastKnownFileType = file.storyboard; name = Base; path = Base.lproj/Main.storyboard; sourceTree = "<group>"; };
		00DFC6EB24C84000006A53EE /* main.m */ = {isa = PBXFileReference; fileEncoding = 4; lastKnownFileType = sourcecode.c.objc; path = main.m; sourceTree = "<group>"; };
		00DFC6EC24C84000006A53EE /* AppDelegate.m */ = {isa = PBXFileReference; fileEncoding = 4; lastKnownFileType = sourcecode.c.objc; path = AppDelegate.m; sourceTree = "<group>"; };
		00DFC6ED24C84000006A53EE /* Info.plist */ = {isa = PBXFileReference; fileEncoding = 4; lastKnownFileType = text.plist.xml; path = Info.plist; sourceTree = "<group>"; };
		00DFC6F824C841FD006A53EE /* EntryViewController.h */ = {isa = PBXFileReference; lastKnownFileType = sourcecode.c.h; path = EntryViewController.h; sourceTree = "<group>"; };
		00DFC6F924C841FD006A53EE /* EntryViewController.m */ = {isa = PBXFileReference; lastKnownFileType = sourcecode.c.objc; path = EntryViewController.m; sourceTree = "<group>"; };
		00DFC6FA24C841FD006A53EE /* EntryViewController.xib */ = {isa = PBXFileReference; lastKnownFileType = file.xib; path = EntryViewController.xib; sourceTree = "<group>"; };
		00DFC6FF24C843A3006A53EE /* xengine_config.json */ = {isa = PBXFileReference; fileEncoding = 4; lastKnownFileType = text.json; path = xengine_config.json; sourceTree = "<group>"; };
		1192C7DE17F5AB93E35B08A2 /* Pods-ModuleApp-ModuleAppUITests.debug.xcconfig */ = {isa = PBXFileReference; includeInIndex = 1; lastKnownFileType = text.xcconfig; name = "Pods-ModuleApp-ModuleAppUITests.debug.xcconfig"; path = "Target Support Files/Pods-ModuleApp-ModuleAppUITests/Pods-ModuleApp-ModuleAppUITests.debug.xcconfig"; sourceTree = "<group>"; };
		484AA2DB9663D6A0841C0481 /* Pods-ModuleApp-ModuleAppUITests.release.xcconfig */ = {isa = PBXFileReference; includeInIndex = 1; lastKnownFileType = text.xcconfig; name = "Pods-ModuleApp-ModuleAppUITests.release.xcconfig"; path = "Target Support Files/Pods-ModuleApp-ModuleAppUITests/Pods-ModuleApp-ModuleAppUITests.release.xcconfig"; sourceTree = "<group>"; };
		587F7419250669A300F515BD /* __xengine__module_demo.h */ = {isa = PBXFileReference; lastKnownFileType = sourcecode.c.h; path = __xengine__module_demo.h; sourceTree = "<group>"; };
		587F741A250669A300F515BD /* __xengine__module_demo.m */ = {isa = PBXFileReference; lastKnownFileType = sourcecode.c.objc; path = __xengine__module_demo.m; sourceTree = "<group>"; };
		587F74222506737700F515BD /* xengine__module_demo.h */ = {isa = PBXFileReference; fileEncoding = 4; lastKnownFileType = sourcecode.c.h; path = xengine__module_demo.h; sourceTree = "<group>"; };
		587F74242506737700F515BD /* xengine__module_demo.m */ = {isa = PBXFileReference; fileEncoding = 4; lastKnownFileType = sourcecode.c.objc; path = xengine__module_demo.m; sourceTree = "<group>"; };
		5BADAF100E4D8E7C05B5C5BB /* Pods-ModuleApp.release.xcconfig */ = {isa = PBXFileReference; includeInIndex = 1; lastKnownFileType = text.xcconfig; name = "Pods-ModuleApp.release.xcconfig"; path = "Target Support Files/Pods-ModuleApp/Pods-ModuleApp.release.xcconfig"; sourceTree = "<group>"; };
		60F8D19D09EC03B26C734EC3 /* libPods-demo-demoUITests.a */ = {isa = PBXFileReference; explicitFileType = archive.ar; includeInIndex = 0; path = "libPods-demo-demoUITests.a"; sourceTree = BUILT_PRODUCTS_DIR; };
		64777595404EB1F495371D9F /* libPods-demo.a */ = {isa = PBXFileReference; explicitFileType = archive.ar; includeInIndex = 0; path = "libPods-demo.a"; sourceTree = BUILT_PRODUCTS_DIR; };
		884143ABEFD722050DDC70A3 /* Pods-demo-demoUITests.release.xcconfig */ = {isa = PBXFileReference; includeInIndex = 1; lastKnownFileType = text.xcconfig; name = "Pods-demo-demoUITests.release.xcconfig"; path = "Target Support Files/Pods-demo-demoUITests/Pods-demo-demoUITests.release.xcconfig"; sourceTree = "<group>"; };
		9272408DD3356C0889C56BE8 /* Pods-demo.release.xcconfig */ = {isa = PBXFileReference; includeInIndex = 1; lastKnownFileType = text.xcconfig; name = "Pods-demo.release.xcconfig"; path = "Target Support Files/Pods-demo/Pods-demo.release.xcconfig"; sourceTree = "<group>"; };
		C41BD34806B6619ACBB99D5D /* Pods-ModuleApp.debug.xcconfig */ = {isa = PBXFileReference; includeInIndex = 1; lastKnownFileType = text.xcconfig; name = "Pods-ModuleApp.debug.xcconfig"; path = "Target Support Files/Pods-ModuleApp/Pods-ModuleApp.debug.xcconfig"; sourceTree = "<group>"; };
		DC24F7764E32FC4DBD8E03D7 /* Pods-demo.debug.xcconfig */ = {isa = PBXFileReference; includeInIndex = 1; lastKnownFileType = text.xcconfig; name = "Pods-demo.debug.xcconfig"; path = "Target Support Files/Pods-demo/Pods-demo.debug.xcconfig"; sourceTree = "<group>"; };
		F625F7C354D7561221903338 /* Pods-demo-demoUITests.debug.xcconfig */ = {isa = PBXFileReference; includeInIndex = 1; lastKnownFileType = text.xcconfig; name = "Pods-demo-demoUITests.debug.xcconfig"; path = "Target Support Files/Pods-demo-demoUITests/Pods-demo-demoUITests.debug.xcconfig"; sourceTree = "<group>"; };
/* End PBXFileReference section */

/* Begin PBXFrameworksBuildPhase section */
		00DFC6A724C83F94006A53EE /* Frameworks */ = {
			isa = PBXFrameworksBuildPhase;
			buildActionMask = 2147483647;
			files = (
				003F95DA24DA4A6100633E1F /* libc++.tbd in Frameworks */,
				36644A9B6347D8F3F465E2F2 /* libPods-demo.a in Frameworks */,
			);
			runOnlyForDeploymentPostprocessing = 0;
		};
		00DFC6C224C83F95006A53EE /* Frameworks */ = {
			isa = PBXFrameworksBuildPhase;
			buildActionMask = 2147483647;
			files = (
			);
			runOnlyForDeploymentPostprocessing = 0;
		};
		00DFC6CD24C83F95006A53EE /* Frameworks */ = {
			isa = PBXFrameworksBuildPhase;
			buildActionMask = 2147483647;
			files = (
				538009B44D3E4E8C337189A9 /* libPods-demo-demoUITests.a in Frameworks */,
			);
			runOnlyForDeploymentPostprocessing = 0;
		};
/* End PBXFrameworksBuildPhase section */

/* Begin PBXGroup section */
		00DFC6A124C83F94006A53EE = {
			isa = PBXGroup;
			children = (
				58E8333F24E1300E008DDFBE /* Class */,
				00DFC6E224C84000006A53EE /* demo */,
				00DFC6C824C83F95006A53EE /* iOSTests */,
				00DFC6D324C83F95006A53EE /* iOSUITests */,
				00DFC6AB24C83F94006A53EE /* Products */,
				5566DC63F412C2C1E9076389 /* Pods */,
				B1C6B1D81743291D8E148429 /* Frameworks */,
			);
			sourceTree = "<group>";
		};
		00DFC6AB24C83F94006A53EE /* Products */ = {
			isa = PBXGroup;
			children = (
				00DFC6AA24C83F94006A53EE /* demo.app */,
				00DFC6C524C83F95006A53EE /* demoTests.xctest */,
				00DFC6D024C83F95006A53EE /* demoUITests.xctest */,
			);
			name = Products;
			sourceTree = "<group>";
		};
		00DFC6C824C83F95006A53EE /* iOSTests */ = {
			isa = PBXGroup;
			children = (
				00DFC6C924C83F95006A53EE /* iOSTests.m */,
				00DFC6CB24C83F95006A53EE /* Info.plist */,
			);
			path = iOSTests;
			sourceTree = "<group>";
		};
		00DFC6D324C83F95006A53EE /* iOSUITests */ = {
			isa = PBXGroup;
			children = (
				00DFC6D424C83F95006A53EE /* iOSUITests.m */,
				00DFC6D624C83F95006A53EE /* Info.plist */,
			);
			path = iOSUITests;
			sourceTree = "<group>";
		};
		00DFC6E224C84000006A53EE /* demo */ = {
			isa = PBXGroup;
			children = (
				0036519324CEF32B0057D976 /* com.zkty.microapp.moduledemo.0 */,
				00DFC6FF24C843A3006A53EE /* xengine_config.json */,
				00DFC6E324C84000006A53EE /* AppDelegate.h */,
				00DFC6EC24C84000006A53EE /* AppDelegate.m */,
				00DFC6E424C84000006A53EE /* Assets.xcassets */,
				00DFC6ED24C84000006A53EE /* Info.plist */,
				00DFC6E724C84000006A53EE /* LaunchScreen.storyboard */,
				00DFC6EB24C84000006A53EE /* main.m */,
				00DFC6E924C84000006A53EE /* Main.storyboard */,
				00DFC6F824C841FD006A53EE /* EntryViewController.h */,
				00DFC6F924C841FD006A53EE /* EntryViewController.m */,
				00DFC6FA24C841FD006A53EE /* EntryViewController.xib */,
			);
			path = demo;
			sourceTree = "<group>";
		};
		5566DC63F412C2C1E9076389 /* Pods */ = {
			isa = PBXGroup;
			children = (
				C41BD34806B6619ACBB99D5D /* Pods-ModuleApp.debug.xcconfig */,
				5BADAF100E4D8E7C05B5C5BB /* Pods-ModuleApp.release.xcconfig */,
				1192C7DE17F5AB93E35B08A2 /* Pods-ModuleApp-ModuleAppUITests.debug.xcconfig */,
				484AA2DB9663D6A0841C0481 /* Pods-ModuleApp-ModuleAppUITests.release.xcconfig */,
				DC24F7764E32FC4DBD8E03D7 /* Pods-demo.debug.xcconfig */,
				9272408DD3356C0889C56BE8 /* Pods-demo.release.xcconfig */,
				F625F7C354D7561221903338 /* Pods-demo-demoUITests.debug.xcconfig */,
				884143ABEFD722050DDC70A3 /* Pods-demo-demoUITests.release.xcconfig */,
			);
			path = Pods;
			sourceTree = "<group>";
		};
		587F74202506737700F515BD /* gen */ = {
			isa = PBXGroup;
			children = (
				587F74222506737700F515BD /* xengine__module_demo.h */,
				587F74242506737700F515BD /* xengine__module_demo.m */,
			);
			path = gen;
			sourceTree = "<group>";
		};
		58E8333F24E1300E008DDFBE /* Class */ = {
			isa = PBXGroup;
			children = (
				587F74202506737700F515BD /* gen */,
				587F7419250669A300F515BD /* __xengine__module_demo.h */,
				587F741A250669A300F515BD /* __xengine__module_demo.m */,
			);
			path = Class;
			sourceTree = "<group>";
		};
		B1C6B1D81743291D8E148429 /* Frameworks */ = {
			isa = PBXGroup;
			children = (
				003F95D924DA4A6100633E1F /* libc++.tbd */,
				64777595404EB1F495371D9F /* libPods-demo.a */,
				60F8D19D09EC03B26C734EC3 /* libPods-demo-demoUITests.a */,
			);
			name = Frameworks;
			sourceTree = "<group>";
		};
/* End PBXGroup section */

/* Begin PBXNativeTarget section */
		00DFC6A924C83F94006A53EE /* demo */ = {
			isa = PBXNativeTarget;
			buildConfigurationList = 00DFC6D924C83F95006A53EE /* Build configuration list for PBXNativeTarget "demo" */;
			buildPhases = (
				0D35607985D032CA76333046 /* [CP] Check Pods Manifest.lock */,
				00DFC6A624C83F94006A53EE /* Sources */,
				00DFC6A724C83F94006A53EE /* Frameworks */,
				00DFC6A824C83F94006A53EE /* Resources */,
				0C7B32A76B4E99D3BF8E9903 /* [CP] Copy Pods Resources */,
				5826725D24FFE94A001D6CF3 /* ShellScript */,
			);
			buildRules = (
			);
			dependencies = (
			);
			name = demo;
			productName = iOS;
			productReference = 00DFC6AA24C83F94006A53EE /* demo.app */;
			productType = "com.apple.product-type.application";
		};
		00DFC6C424C83F95006A53EE /* demoTests */ = {
			isa = PBXNativeTarget;
			buildConfigurationList = 00DFC6DC24C83F95006A53EE /* Build configuration list for PBXNativeTarget "demoTests" */;
			buildPhases = (
				00DFC6C124C83F95006A53EE /* Sources */,
				00DFC6C224C83F95006A53EE /* Frameworks */,
				00DFC6C324C83F95006A53EE /* Resources */,
			);
			buildRules = (
			);
			dependencies = (
				00DFC6C724C83F95006A53EE /* PBXTargetDependency */,
			);
			name = demoTests;
			productName = iOSTests;
			productReference = 00DFC6C524C83F95006A53EE /* demoTests.xctest */;
			productType = "com.apple.product-type.bundle.unit-test";
		};
		00DFC6CF24C83F95006A53EE /* demoUITests */ = {
			isa = PBXNativeTarget;
			buildConfigurationList = 00DFC6DF24C83F95006A53EE /* Build configuration list for PBXNativeTarget "demoUITests" */;
			buildPhases = (
				50B5EEA1395DD2A9E90ADE51 /* [CP] Check Pods Manifest.lock */,
				00DFC6CC24C83F95006A53EE /* Sources */,
				00DFC6CD24C83F95006A53EE /* Frameworks */,
				00DFC6CE24C83F95006A53EE /* Resources */,
				2B8EBC06553ECFFD01EDB8CD /* [CP] Copy Pods Resources */,
				5826725C24FFE896001D6CF3 /* ShellScript */,
			);
			buildRules = (
			);
			dependencies = (
				00DFC6D224C83F95006A53EE /* PBXTargetDependency */,
			);
			name = demoUITests;
			productName = iOSUITests;
			productReference = 00DFC6D024C83F95006A53EE /* demoUITests.xctest */;
			productType = "com.apple.product-type.bundle.ui-testing";
		};
/* End PBXNativeTarget section */

/* Begin PBXProject section */
		00DFC6A224C83F94006A53EE /* Project object */ = {
			isa = PBXProject;
			attributes = {
				LastUpgradeCheck = 1150;
				ORGANIZATIONNAME = zk;
				TargetAttributes = {
					00DFC6A924C83F94006A53EE = {
						CreatedOnToolsVersion = 11.5;
					};
					00DFC6C424C83F95006A53EE = {
						CreatedOnToolsVersion = 11.5;
						TestTargetID = 00DFC6A924C83F94006A53EE;
					};
					00DFC6CF24C83F95006A53EE = {
						CreatedOnToolsVersion = 11.5;
						TestTargetID = 00DFC6A924C83F94006A53EE;
					};
				};
			};
			buildConfigurationList = 00DFC6A524C83F94006A53EE /* Build configuration list for PBXProject "demo" */;
			compatibilityVersion = "Xcode 9.3";
			developmentRegion = en;
			hasScannedForEncodings = 0;
			knownRegions = (
				en,
				Base,
			);
			mainGroup = 00DFC6A124C83F94006A53EE;
			productRefGroup = 00DFC6AB24C83F94006A53EE /* Products */;
			projectDirPath = "";
			projectRoot = "";
			targets = (
				00DFC6A924C83F94006A53EE /* demo */,
				00DFC6C424C83F95006A53EE /* demoTests */,
				00DFC6CF24C83F95006A53EE /* demoUITests */,
			);
		};
/* End PBXProject section */

/* Begin PBXResourcesBuildPhase section */
		00DFC6A824C83F94006A53EE /* Resources */ = {
			isa = PBXResourcesBuildPhase;
			buildActionMask = 2147483647;
			files = (
				00DFC6F424C84000006A53EE /* Main.storyboard in Resources */,
				0036519424CEF32B0057D976 /* com.zkty.microapp.moduledemo.0 in Resources */,
				00DFC6FC24C841FD006A53EE /* EntryViewController.xib in Resources */,
				00DFC6F024C84000006A53EE /* Assets.xcassets in Resources */,
				00DFC6F324C84000006A53EE /* LaunchScreen.storyboard in Resources */,
				00DFC70024C843A3006A53EE /* xengine_config.json in Resources */,
			);
			runOnlyForDeploymentPostprocessing = 0;
		};
		00DFC6C324C83F95006A53EE /* Resources */ = {
			isa = PBXResourcesBuildPhase;
			buildActionMask = 2147483647;
			files = (
			);
			runOnlyForDeploymentPostprocessing = 0;
		};
		00DFC6CE24C83F95006A53EE /* Resources */ = {
			isa = PBXResourcesBuildPhase;
			buildActionMask = 2147483647;
			files = (
			);
			runOnlyForDeploymentPostprocessing = 0;
		};
/* End PBXResourcesBuildPhase section */

/* Begin PBXShellScriptBuildPhase section */
		0C7B32A76B4E99D3BF8E9903 /* [CP] Copy Pods Resources */ = {
			isa = PBXShellScriptBuildPhase;
			buildActionMask = 2147483647;
			files = (
			);
			inputFileListPaths = (
				"${PODS_ROOT}/Target Support Files/Pods-demo/Pods-demo-resources-${CONFIGURATION}-input-files.xcfilelist",
			);
			name = "[CP] Copy Pods Resources";
			outputFileListPaths = (
				"${PODS_ROOT}/Target Support Files/Pods-demo/Pods-demo-resources-${CONFIGURATION}-output-files.xcfilelist",
			);
			runOnlyForDeploymentPostprocessing = 0;
			shellPath = /bin/sh;
			shellScript = "\"${PODS_ROOT}/Target Support Files/Pods-demo/Pods-demo-resources.sh\"\n";
			showEnvVarsInLog = 0;
		};
		0D35607985D032CA76333046 /* [CP] Check Pods Manifest.lock */ = {
			isa = PBXShellScriptBuildPhase;
			buildActionMask = 2147483647;
			files = (
			);
			inputFileListPaths = (
			);
			inputPaths = (
				"${PODS_PODFILE_DIR_PATH}/Podfile.lock",
				"${PODS_ROOT}/Manifest.lock",
			);
			name = "[CP] Check Pods Manifest.lock";
			outputFileListPaths = (
			);
			outputPaths = (
				"$(DERIVED_FILE_DIR)/Pods-demo-checkManifestLockResult.txt",
			);
			runOnlyForDeploymentPostprocessing = 0;
			shellPath = /bin/sh;
			shellScript = "diff \"${PODS_PODFILE_DIR_PATH}/Podfile.lock\" \"${PODS_ROOT}/Manifest.lock\" > /dev/null\nif [ $? != 0 ] ; then\n    # print error to STDERR\n    echo \"error: The sandbox is not in sync with the Podfile.lock. Run 'pod install' or update your CocoaPods installation.\" >&2\n    exit 1\nfi\n# This output is used by Xcode 'outputs' to avoid re-running this script phase.\necho \"SUCCESS\" > \"${SCRIPT_OUTPUT_FILE_0}\"\n";
			showEnvVarsInLog = 0;
		};
		2B8EBC06553ECFFD01EDB8CD /* [CP] Copy Pods Resources */ = {
			isa = PBXShellScriptBuildPhase;
			buildActionMask = 2147483647;
			files = (
			);
			inputFileListPaths = (
				"${PODS_ROOT}/Target Support Files/Pods-demo-demoUITests/Pods-demo-demoUITests-resources-${CONFIGURATION}-input-files.xcfilelist",
			);
			name = "[CP] Copy Pods Resources";
			outputFileListPaths = (
				"${PODS_ROOT}/Target Support Files/Pods-demo-demoUITests/Pods-demo-demoUITests-resources-${CONFIGURATION}-output-files.xcfilelist",
			);
			runOnlyForDeploymentPostprocessing = 0;
			shellPath = /bin/sh;
			shellScript = "\"${PODS_ROOT}/Target Support Files/Pods-demo-demoUITests/Pods-demo-demoUITests-resources.sh\"\n";
			showEnvVarsInLog = 0;
		};
		50B5EEA1395DD2A9E90ADE51 /* [CP] Check Pods Manifest.lock */ = {
			isa = PBXShellScriptBuildPhase;
			buildActionMask = 2147483647;
			files = (
			);
			inputFileListPaths = (
			);
			inputPaths = (
				"${PODS_PODFILE_DIR_PATH}/Podfile.lock",
				"${PODS_ROOT}/Manifest.lock",
			);
			name = "[CP] Check Pods Manifest.lock";
			outputFileListPaths = (
			);
			outputPaths = (
				"$(DERIVED_FILE_DIR)/Pods-demo-demoUITests-checkManifestLockResult.txt",
			);
			runOnlyForDeploymentPostprocessing = 0;
			shellPath = /bin/sh;
			shellScript = "diff \"${PODS_PODFILE_DIR_PATH}/Podfile.lock\" \"${PODS_ROOT}/Manifest.lock\" > /dev/null\nif [ $? != 0 ] ; then\n    # print error to STDERR\n    echo \"error: The sandbox is not in sync with the Podfile.lock. Run 'pod install' or update your CocoaPods installation.\" >&2\n    exit 1\nfi\n# This output is used by Xcode 'outputs' to avoid re-running this script phase.\necho \"SUCCESS\" > \"${SCRIPT_OUTPUT_FILE_0}\"\n";
			showEnvVarsInLog = 0;
		};
		5826725C24FFE896001D6CF3 /* ShellScript */ = {
			isa = PBXShellScriptBuildPhase;
			buildActionMask = 2147483647;
			files = (
			);
			inputFileListPaths = (
			);
			inputPaths = (
			);
			outputFileListPaths = (
			);
			outputPaths = (
			);
			runOnlyForDeploymentPostprocessing = 0;
			shellPath = /bin/sh;
			shellScript = "# Type a script or drag a script file from your workspace to insert its path.\n";
		};
		5826725D24FFE94A001D6CF3 /* ShellScript */ = {
			isa = PBXShellScriptBuildPhase;
			buildActionMask = 2147483647;
			files = (
			);
			inputFileListPaths = (
			);
			inputPaths = (
			);
			outputFileListPaths = (
			);
			outputPaths = (
			);
			runOnlyForDeploymentPostprocessing = 0;
			shellPath = /bin/sh;
			shellScript = "# Type a script or drag a script file from your workspace to insert its path.\nexport SERVER_IP=`ipconfig getifaddr en0`\n";
		};
/* End PBXShellScriptBuildPhase section */

/* Begin PBXSourcesBuildPhase section */
		00DFC6A624C83F94006A53EE /* Sources */ = {
			isa = PBXSourcesBuildPhase;
			buildActionMask = 2147483647;
			files = (
				00DFC6F624C84000006A53EE /* AppDelegate.m in Sources */,
				587F74262506737800F515BD /* xengine__module_demo.m in Sources */,
				00DFC6FB24C841FD006A53EE /* EntryViewController.m in Sources */,
				587F741B250669A300F515BD /* __xengine__module_demo.m in Sources */,
				00DFC6F524C84000006A53EE /* main.m in Sources */,
			);
			runOnlyForDeploymentPostprocessing = 0;
		};
		00DFC6C124C83F95006A53EE /* Sources */ = {
			isa = PBXSourcesBuildPhase;
			buildActionMask = 2147483647;
			files = (
				00DFC6CA24C83F95006A53EE /* iOSTests.m in Sources */,
			);
			runOnlyForDeploymentPostprocessing = 0;
		};
		00DFC6CC24C83F95006A53EE /* Sources */ = {
			isa = PBXSourcesBuildPhase;
			buildActionMask = 2147483647;
			files = (
				00DFC6D524C83F95006A53EE /* iOSUITests.m in Sources */,
			);
			runOnlyForDeploymentPostprocessing = 0;
		};
/* End PBXSourcesBuildPhase section */

/* Begin PBXTargetDependency section */
		00DFC6C724C83F95006A53EE /* PBXTargetDependency */ = {
			isa = PBXTargetDependency;
			target = 00DFC6A924C83F94006A53EE /* demo */;
			targetProxy = 00DFC6C624C83F95006A53EE /* PBXContainerItemProxy */;
		};
		00DFC6D224C83F95006A53EE /* PBXTargetDependency */ = {
			isa = PBXTargetDependency;
			target = 00DFC6A924C83F94006A53EE /* demo */;
			targetProxy = 00DFC6D124C83F95006A53EE /* PBXContainerItemProxy */;
		};
/* End PBXTargetDependency section */

/* Begin PBXVariantGroup section */
		00DFC6E724C84000006A53EE /* LaunchScreen.storyboard */ = {
			isa = PBXVariantGroup;
			children = (
				00DFC6E824C84000006A53EE /* Base */,
			);
			name = LaunchScreen.storyboard;
			sourceTree = "<group>";
		};
		00DFC6E924C84000006A53EE /* Main.storyboard */ = {
			isa = PBXVariantGroup;
			children = (
				00DFC6EA24C84000006A53EE /* Base */,
			);
			name = Main.storyboard;
			sourceTree = "<group>";
		};
/* End PBXVariantGroup section */

/* Begin XCBuildConfiguration section */
		00DFC6D724C83F95006A53EE /* Debug */ = {
			isa = XCBuildConfiguration;
			buildSettings = {
				ALWAYS_SEARCH_USER_PATHS = NO;
				CLANG_ANALYZER_NONNULL = YES;
				CLANG_ANALYZER_NUMBER_OBJECT_CONVERSION = YES_AGGRESSIVE;
				CLANG_CXX_LANGUAGE_STANDARD = "gnu++14";
				CLANG_CXX_LIBRARY = "libc++";
				CLANG_ENABLE_MODULES = YES;
				CLANG_ENABLE_OBJC_ARC = YES;
				CLANG_ENABLE_OBJC_WEAK = YES;
				CLANG_WARN_BLOCK_CAPTURE_AUTORELEASING = YES;
				CLANG_WARN_BOOL_CONVERSION = YES;
				CLANG_WARN_COMMA = YES;
				CLANG_WARN_CONSTANT_CONVERSION = YES;
				CLANG_WARN_DEPRECATED_OBJC_IMPLEMENTATIONS = YES;
				CLANG_WARN_DIRECT_OBJC_ISA_USAGE = YES_ERROR;
				CLANG_WARN_DOCUMENTATION_COMMENTS = YES;
				CLANG_WARN_EMPTY_BODY = YES;
				CLANG_WARN_ENUM_CONVERSION = YES;
				CLANG_WARN_INFINITE_RECURSION = YES;
				CLANG_WARN_INT_CONVERSION = YES;
				CLANG_WARN_NON_LITERAL_NULL_CONVERSION = YES;
				CLANG_WARN_OBJC_IMPLICIT_RETAIN_SELF = YES;
				CLANG_WARN_OBJC_LITERAL_CONVERSION = YES;
				CLANG_WARN_OBJC_ROOT_CLASS = YES_ERROR;
				CLANG_WARN_RANGE_LOOP_ANALYSIS = YES;
				CLANG_WARN_STRICT_PROTOTYPES = YES;
				CLANG_WARN_SUSPICIOUS_MOVE = YES;
				CLANG_WARN_UNGUARDED_AVAILABILITY = YES_AGGRESSIVE;
				CLANG_WARN_UNREACHABLE_CODE = YES;
				CLANG_WARN__DUPLICATE_METHOD_MATCH = YES;
				COPY_PHASE_STRIP = NO;
				DEBUG_INFORMATION_FORMAT = dwarf;
				ENABLE_STRICT_OBJC_MSGSEND = YES;
				ENABLE_TESTABILITY = YES;
				GCC_C_LANGUAGE_STANDARD = gnu11;
				GCC_DYNAMIC_NO_PIC = NO;
				GCC_NO_COMMON_BLOCKS = YES;
				GCC_OPTIMIZATION_LEVEL = 0;
				GCC_PREPROCESSOR_DEFINITIONS = (
					"DEBUG=1",
					"$(inherited)",
				);
				GCC_WARN_64_TO_32_BIT_CONVERSION = YES;
				GCC_WARN_ABOUT_RETURN_TYPE = YES_ERROR;
				GCC_WARN_UNDECLARED_SELECTOR = YES;
				GCC_WARN_UNINITIALIZED_AUTOS = YES_AGGRESSIVE;
				GCC_WARN_UNUSED_FUNCTION = YES;
				GCC_WARN_UNUSED_VARIABLE = YES;
				IPHONEOS_DEPLOYMENT_TARGET = 13.5;
				MTL_ENABLE_DEBUG_INFO = INCLUDE_SOURCE;
				MTL_FAST_MATH = YES;
				ONLY_ACTIVE_ARCH = YES;
				SDKROOT = iphoneos;
			};
			name = Debug;
		};
		00DFC6D824C83F95006A53EE /* Release */ = {
			isa = XCBuildConfiguration;
			buildSettings = {
				ALWAYS_SEARCH_USER_PATHS = NO;
				CLANG_ANALYZER_NONNULL = YES;
				CLANG_ANALYZER_NUMBER_OBJECT_CONVERSION = YES_AGGRESSIVE;
				CLANG_CXX_LANGUAGE_STANDARD = "gnu++14";
				CLANG_CXX_LIBRARY = "libc++";
				CLANG_ENABLE_MODULES = YES;
				CLANG_ENABLE_OBJC_ARC = YES;
				CLANG_ENABLE_OBJC_WEAK = YES;
				CLANG_WARN_BLOCK_CAPTURE_AUTORELEASING = YES;
				CLANG_WARN_BOOL_CONVERSION = YES;
				CLANG_WARN_COMMA = YES;
				CLANG_WARN_CONSTANT_CONVERSION = YES;
				CLANG_WARN_DEPRECATED_OBJC_IMPLEMENTATIONS = YES;
				CLANG_WARN_DIRECT_OBJC_ISA_USAGE = YES_ERROR;
				CLANG_WARN_DOCUMENTATION_COMMENTS = YES;
				CLANG_WARN_EMPTY_BODY = YES;
				CLANG_WARN_ENUM_CONVERSION = YES;
				CLANG_WARN_INFINITE_RECURSION = YES;
				CLANG_WARN_INT_CONVERSION = YES;
				CLANG_WARN_NON_LITERAL_NULL_CONVERSION = YES;
				CLANG_WARN_OBJC_IMPLICIT_RETAIN_SELF = YES;
				CLANG_WARN_OBJC_LITERAL_CONVERSION = YES;
				CLANG_WARN_OBJC_ROOT_CLASS = YES_ERROR;
				CLANG_WARN_RANGE_LOOP_ANALYSIS = YES;
				CLANG_WARN_STRICT_PROTOTYPES = YES;
				CLANG_WARN_SUSPICIOUS_MOVE = YES;
				CLANG_WARN_UNGUARDED_AVAILABILITY = YES_AGGRESSIVE;
				CLANG_WARN_UNREACHABLE_CODE = YES;
				CLANG_WARN__DUPLICATE_METHOD_MATCH = YES;
				COPY_PHASE_STRIP = NO;
				DEBUG_INFORMATION_FORMAT = "dwarf-with-dsym";
				ENABLE_NS_ASSERTIONS = NO;
				ENABLE_STRICT_OBJC_MSGSEND = YES;
				GCC_C_LANGUAGE_STANDARD = gnu11;
				GCC_NO_COMMON_BLOCKS = YES;
				GCC_WARN_64_TO_32_BIT_CONVERSION = YES;
				GCC_WARN_ABOUT_RETURN_TYPE = YES_ERROR;
				GCC_WARN_UNDECLARED_SELECTOR = YES;
				GCC_WARN_UNINITIALIZED_AUTOS = YES_AGGRESSIVE;
				GCC_WARN_UNUSED_FUNCTION = YES;
				GCC_WARN_UNUSED_VARIABLE = YES;
				IPHONEOS_DEPLOYMENT_TARGET = 13.5;
				MTL_ENABLE_DEBUG_INFO = NO;
				MTL_FAST_MATH = YES;
				SDKROOT = iphoneos;
				VALIDATE_PRODUCT = YES;
			};
			name = Release;
		};
		00DFC6DA24C83F95006A53EE /* Debug */ = {
			isa = XCBuildConfiguration;
			baseConfigurationReference = DC24F7764E32FC4DBD8E03D7 /* Pods-demo.debug.xcconfig */;
			buildSettings = {
				ASSETCATALOG_COMPILER_APPICON_NAME = AppIcon;
				CODE_SIGN_STYLE = Automatic;
				CURRENT_PROJECT_VERSION = 1;
				DEVELOPMENT_TEAM = B3ML6NNJSH;
				INFOPLIST_FILE = "$(SRCROOT)/demo/Info.plist";
				IPHONEOS_DEPLOYMENT_TARGET = 11.0;
				LD_RUNPATH_SEARCH_PATHS = (
					"$(inherited)",
					"@executable_path/Frameworks",
				);
				MARKETING_VERSION = 1.0;
				OTHER_CFLAGS = "-DSERVER_IP=`${SERVER_IP}`";
				PRODUCT_BUNDLE_IDENTIFIER = edz.iOS;
				PRODUCT_NAME = demo;
				TARGETED_DEVICE_FAMILY = 1;
			};
			name = Debug;
		};
		00DFC6DB24C83F95006A53EE /* Release */ = {
			isa = XCBuildConfiguration;
			baseConfigurationReference = 9272408DD3356C0889C56BE8 /* Pods-demo.release.xcconfig */;
			buildSettings = {
				ASSETCATALOG_COMPILER_APPICON_NAME = AppIcon;
				CODE_SIGN_STYLE = Automatic;
				CURRENT_PROJECT_VERSION = 1;
				DEVELOPMENT_TEAM = B3ML6NNJSH;
				INFOPLIST_FILE = "$(SRCROOT)/demo/Info.plist";
				IPHONEOS_DEPLOYMENT_TARGET = 11.0;
				LD_RUNPATH_SEARCH_PATHS = (
					"$(inherited)",
					"@executable_path/Frameworks",
				);
				MARKETING_VERSION = 1.0;
				OTHER_CFLAGS = "-DSERVER_IP=`${SERVER_IP}`";
				PRODUCT_BUNDLE_IDENTIFIER = edz.iOS;
				PRODUCT_NAME = demo;
				TARGETED_DEVICE_FAMILY = 1;
			};
			name = Release;
		};
		00DFC6DD24C83F95006A53EE /* Debug */ = {
			isa = XCBuildConfiguration;
			buildSettings = {
				BUNDLE_LOADER = "$(TEST_HOST)";
				CODE_SIGN_STYLE = Automatic;
				DEVELOPMENT_TEAM = B3ML6NNJSH;
				INFOPLIST_FILE = iOSTests/Info.plist;
				IPHONEOS_DEPLOYMENT_TARGET = 13.5;
				LD_RUNPATH_SEARCH_PATHS = (
					"$(inherited)",
					"@executable_path/Frameworks",
					"@loader_path/Frameworks",
				);
				PRODUCT_BUNDLE_IDENTIFIER = edz.iOSTests;
				PRODUCT_NAME = "$(TARGET_NAME)";
				TARGETED_DEVICE_FAMILY = "1,2";
				TEST_HOST = "$(BUILT_PRODUCTS_DIR)/demo.app/demo";
			};
			name = Debug;
		};
		00DFC6DE24C83F95006A53EE /* Release */ = {
			isa = XCBuildConfiguration;
			buildSettings = {
				BUNDLE_LOADER = "$(TEST_HOST)";
				CODE_SIGN_STYLE = Automatic;
				DEVELOPMENT_TEAM = B3ML6NNJSH;
				INFOPLIST_FILE = iOSTests/Info.plist;
				IPHONEOS_DEPLOYMENT_TARGET = 13.5;
				LD_RUNPATH_SEARCH_PATHS = (
					"$(inherited)",
					"@executable_path/Frameworks",
					"@loader_path/Frameworks",
				);
				PRODUCT_BUNDLE_IDENTIFIER = edz.iOSTests;
				PRODUCT_NAME = "$(TARGET_NAME)";
				TARGETED_DEVICE_FAMILY = "1,2";
				TEST_HOST = "$(BUILT_PRODUCTS_DIR)/demo.app/demo";
			};
			name = Release;
		};
		00DFC6E024C83F95006A53EE /* Debug */ = {
			isa = XCBuildConfiguration;
			baseConfigurationReference = F625F7C354D7561221903338 /* Pods-demo-demoUITests.debug.xcconfig */;
			buildSettings = {
				CODE_SIGN_STYLE = Automatic;
				DEVELOPMENT_TEAM = B3ML6NNJSH;
				INFOPLIST_FILE = iOSUITests/Info.plist;
				LD_RUNPATH_SEARCH_PATHS = (
					"$(inherited)",
					"@executable_path/Frameworks",
					"@loader_path/Frameworks",
				);
				PRODUCT_BUNDLE_IDENTIFIER = edz.iOSUITests;
				PRODUCT_NAME = "$(TARGET_NAME)";
				TARGETED_DEVICE_FAMILY = "1,2";
				TEST_TARGET_NAME = iOS;
			};
			name = Debug;
		};
		00DFC6E124C83F95006A53EE /* Release */ = {
			isa = XCBuildConfiguration;
			baseConfigurationReference = 884143ABEFD722050DDC70A3 /* Pods-demo-demoUITests.release.xcconfig */;
			buildSettings = {
				CODE_SIGN_STYLE = Automatic;
				DEVELOPMENT_TEAM = B3ML6NNJSH;
				INFOPLIST_FILE = iOSUITests/Info.plist;
				LD_RUNPATH_SEARCH_PATHS = (
					"$(inherited)",
					"@executable_path/Frameworks",
					"@loader_path/Frameworks",
				);
				PRODUCT_BUNDLE_IDENTIFIER = edz.iOSUITests;
				PRODUCT_NAME = "$(TARGET_NAME)";
				TARGETED_DEVICE_FAMILY = "1,2";
				TEST_TARGET_NAME = iOS;
			};
			name = Release;
		};
/* End XCBuildConfiguration section */

/* Begin XCConfigurationList section */
		00DFC6A524C83F94006A53EE /* Build configuration list for PBXProject "demo" */ = {
			isa = XCConfigurationList;
			buildConfigurations = (
				00DFC6D724C83F95006A53EE /* Debug */,
				00DFC6D824C83F95006A53EE /* Release */,
			);
			defaultConfigurationIsVisible = 0;
			defaultConfigurationName = Release;
		};
		00DFC6D924C83F95006A53EE /* Build configuration list for PBXNativeTarget "demo" */ = {
			isa = XCConfigurationList;
			buildConfigurations = (
				00DFC6DA24C83F95006A53EE /* Debug */,
				00DFC6DB24C83F95006A53EE /* Release */,
			);
			defaultConfigurationIsVisible = 0;
			defaultConfigurationName = Release;
		};
		00DFC6DC24C83F95006A53EE /* Build configuration list for PBXNativeTarget "demoTests" */ = {
			isa = XCConfigurationList;
			buildConfigurations = (
				00DFC6DD24C83F95006A53EE /* Debug */,
				00DFC6DE24C83F95006A53EE /* Release */,
			);
			defaultConfigurationIsVisible = 0;
			defaultConfigurationName = Release;
		};
		00DFC6DF24C83F95006A53EE /* Build configuration list for PBXNativeTarget "demoUITests" */ = {
			isa = XCConfigurationList;
			buildConfigurations = (
				00DFC6E024C83F95006A53EE /* Debug */,
				00DFC6E124C83F95006A53EE /* Release */,
			);
			defaultConfigurationIsVisible = 0;
			defaultConfigurationName = Release;
		};
/* End XCConfigurationList section */
	};
	rootObject = 00DFC6A224C83F94006A53EE /* Project object */;
}
