PODS:
  - JSONModel (1.8.0)
  - MGJRouter (0.9.3)
  - x-engine-jsi-globalstorage (0.1.13):
    - x-engine-native-core
    - x-engine-native-protocols
  - x-engine-native-core (1.0.0):
    - x-engine-native-protocols
  - x-engine-native-jsi (1.0.0):
    - JSONModel
    - x-engine-native-core
    - x-engine-native-jsi/no-arc (= 1.0.0)
    - x-engine-native-protocols
  - x-engine-native-jsi/no-arc (1.0.0):
    - JSONModel
    - x-engine-native-core
    - x-engine-native-protocols
  - x-engine-native-protocols (1.0.0):
    - JSONModel
  - x-engine-native-scan (1.0.0):
    - x-engine-native-core
    - x-engine-native-protocols
    - ZBarSDK
  - ZBarSDK (1.3.1)

DEPENDENCIES:
  - MGJRouter (~> 0.9.0)
  - x-engine-jsi-globalstorage (from `/Users/jabraknight/Documents/zkty/x-engine/modules//x-engine-jsi-globalstorage`)
  - x-engine-native-core (from `/Users/jabraknight/Documents/zkty/x-engine/modules//x-engine-native-core`)
  - x-engine-native-jsi (from `/Users/jabraknight/Documents/zkty/x-engine/modules//x-engine-native-jsi`)
  - x-engine-native-protocols (from `/Users/jabraknight/Documents/zkty/x-engine/modules//x-engine-native-protocols`)
  - x-engine-native-scan (from `/Users/jabraknight/Documents/zkty/x-engine/modules//x-engine-native-scan`)

SPEC REPOS:
  https://github.com/CocoaPods/Specs.git:
    - JSONModel
    - MGJRouter
    - ZBarSDK

EXTERNAL SOURCES:
  x-engine-jsi-globalstorage:
    :path: "/Users/jabraknight/Documents/zkty/x-engine/modules//x-engine-jsi-globalstorage"
  x-engine-native-core:
    :path: "/Users/jabraknight/Documents/zkty/x-engine/modules//x-engine-native-core"
  x-engine-native-jsi:
    :path: "/Users/jabraknight/Documents/zkty/x-engine/modules//x-engine-native-jsi"
  x-engine-native-protocols:
    :path: "/Users/jabraknight/Documents/zkty/x-engine/modules//x-engine-native-protocols"
  x-engine-native-scan:
    :path: "/Users/jabraknight/Documents/zkty/x-engine/modules//x-engine-native-scan"

SPEC CHECKSUMS:
  JSONModel: 02ab723958366a3fd27da57ea2af2113658762e9
  MGJRouter: f65821e2aeffc8f9e84b254c8f1c0dd80f048aa9
  x-engine-jsi-globalstorage: da3a7f665796c75a4c1b5f6a943ef7f655d60bdf
  x-engine-native-core: 7fa925c39f2e8664dabf44a0aba8b2f5552dc4ed
  x-engine-native-jsi: de8ec07ba9253330b7ca0c1e3abfeb775b7f6eae
  x-engine-native-protocols: 3fce367890ca46435a6c64b0bcd7d03a427ab27b
  x-engine-native-scan: f6dd1c35bde6e2d2fc0fd6cca316bfb5c0613634
  ZBarSDK: 4c1b5daeb7d6cc67dc9355e690af0230a661f6ec

PODFILE CHECKSUM: eec037e577e907e59d065e4aa2b236c1dcc8bb75

COCOAPODS: 1.10.1
