PODS:
  - GCDWebServer (3.5.4):
    - GCDWebServer/Core (= 3.5.4)
  - GCDWebServer/Core (3.5.4)
  - JSONModel (1.8.0)
  - Masonry (1.1.0)
  - MBProgressHUD (1.2.0)
  - MJRefresh (3.4.3)
  - SSZipArchive (2.2.3)
  - WechatOpenSDK (1.8.7.1)
  - x-engine-module-engine (0.0.37):
    - JSONModel
    - Masonry
    - MBProgressHUD
    - MJRefresh
    - SSZipArchive
  - x-engine-module-microapp (1.0.0):
    - x-engine-module-engine
    - x-engine-module-protocols
  - x-engine-module-protocols (1.0.3)
  - x-engine-module-tools (1.0.0):
    - SSZipArchive
    - WechatOpenSDK
    - x-engine-module-engine
    - x-engine-module-protocols

DEPENDENCIES:
  - GCDWebServer (~> 3.0)
  - x-engine-module-engine (from `../../x-engine-module-engine`)
  - x-engine-module-microapp (from `../../x-engine-module-microapp`)
  - x-engine-module-tools (from `../../x-engine-module-tools`)

SPEC REPOS:
  https://github.com/CocoaPods/Specs.git:
    - GCDWebServer
    - JSONModel
    - Masonry
    - MBProgressHUD
    - MJRefresh
    - SSZipArchive
    - WechatOpenSDK
  https://github.com/zkty-team/x-engine-pods.git:
    - x-engine-module-protocols

EXTERNAL SOURCES:
  x-engine-module-engine:
    :path: "../../x-engine-module-engine"
  x-engine-module-microapp:
    :path: "../../x-engine-module-microapp"
  x-engine-module-tools:
    :path: "../../x-engine-module-tools"

SPEC CHECKSUMS:
  GCDWebServer: 2c156a56c8226e2d5c0c3f208a3621ccffbe3ce4
  JSONModel: 02ab723958366a3fd27da57ea2af2113658762e9
  Masonry: 678fab65091a9290e40e2832a55e7ab731aad201
  MBProgressHUD: 3ee5efcc380f6a79a7cc9b363dd669c5e1ae7406
  MJRefresh: 53e3e3219f204425ee6d3e62e8733d3295944cd6
  SSZipArchive: 62d4947b08730e4cda640473b0066d209ff033c9
  WechatOpenSDK: 6a4d1436c15b3b5fe2a0bd383f3046010186da44
  x-engine-module-engine: 143aea1aff5bd38222ace5cdb9ec6f4fc03d36a0
  x-engine-module-microapp: 90d087a2dd4147b8b34c1db59939267ed421069b
  x-engine-module-protocols: 46fd3a3763aca856726b49f2c332be6d922b7d5b
  x-engine-module-tools: 6d31f6c3070beaa41ef864d61fc9f367d13514ce

PODFILE CHECKSUM: 9200854d53928ee6b728e27013b098745f8fef40

COCOAPODS: 1.9.3
